
Microsoft Visual Studio Solution File, Format Version 12.00
# Visual Studio 2012
VisualStudioVersion = 14.0.24720.0
MinimumVisualStudioVersion = 10.0.40219.1
Project("{2150E333-8FDC-42A3-9474-1A3956D46DE8}") = "0-Readme", "0-Readme", "{A0B251CA-98DF-4DDD-AF76-74237272DACB}"
	ProjectSection(SolutionItems) = preProject
		README.md = README.md
	EndProjectSection
EndProject
Project("{2150E333-8FDC-42A3-9474-1A3956D46DE8}") = "2-Sample", "2-Sample", "{534CBEFA-7DA2-4C48-B481-D6266060E73F}"
EndProject
Project("{FAE04EC0-301F-11D3-BF4B-00C04F79EFBC}") = "Anuracode.Forms.Controls.Sample.Droid", "Anuracode.Forms.Controls.Sample\Anuracode.Forms.Controls.Sample.Droid\Anuracode.Forms.Controls.Sample.Droid.csproj", "{B73734D6-C699-432C-9537-C84E0FFBB39D}"
EndProject
Project("{FAE04EC0-301F-11D3-BF4B-00C04F79EFBC}") = "Anuracode.Forms.Controls.Sample.iOS", "Anuracode.Forms.Controls.Sample\Anuracode.Forms.Controls.Sample.iOS\Anuracode.Forms.Controls.Sample.iOS.csproj", "{AC8FFED8-3131-40D5-B020-8F7F41762AE8}"
EndProject
Project("{FAE04EC0-301F-11D3-BF4B-00C04F79EFBC}") = "Anuracode.Forms.Controls.Sample.WinPhone", "Anuracode.Forms.Controls.Sample\Anuracode.Forms.Controls.Sample.WinPhone\Anuracode.Forms.Controls.Sample.WinPhone.csproj", "{421E033A-C7DF-42CF-971F-5CECDF4995E5}"
EndProject
Project("{FAE04EC0-301F-11D3-BF4B-00C04F79EFBC}") = "Anuracode.Forms.Controls.Sample.UWP", "Anuracode.Forms.Controls.Sample\Anuracode.Forms.Controls.Sample.UWP\Anuracode.Forms.Controls.Sample.UWP.csproj", "{28C11D89-8F19-497A-B4FA-9F7931B09CBF}"
EndProject
Project("{FAE04EC0-301F-11D3-BF4B-00C04F79EFBC}") = "Anuracode.Forms.Controls.Sample.Windows", "Anuracode.Forms.Controls.Sample\Anuracode.Forms.Controls.Sample.Windows\Anuracode.Forms.Controls.Sample.Windows.csproj", "{B94E9821-859A-4961-B80E-5DC1178440B5}"
EndProject
Project("{FAE04EC0-301F-11D3-BF4B-00C04F79EFBC}") = "Anuracode.Forms.Controls.Sample", "Anuracode.Forms.Controls.Sample\Anuracode.Forms.Controls.Sample\Anuracode.Forms.Controls.Sample.csproj", "{DF46EFA6-1ECD-47E6-844B-32948C09119C}"
EndProject
Project("{2150E333-8FDC-42A3-9474-1A3956D46DE8}") = "1-Source", "1-Source", "{E57929A3-D497-40FB-81A2-4FA304B9EE1F}"
EndProject
Project("{FAE04EC0-301F-11D3-BF4B-00C04F79EFBC}") = "Anuracode.Forms.Controls", "Anuracode.Forms.Controls\Anuracode.Forms.Controls.csproj", "{30757D16-8A20-4CC2-A4B7-1DEEC7C77C51}"
EndProject
Project("{FAE04EC0-301F-11D3-BF4B-00C04F79EFBC}") = "Anuracode.Forms.Controls.iOS", "Anuracode.Forms.Controls.iOS\Anuracode.Forms.Controls.iOS.csproj", "{56A85B31-56C1-452E-9DE1-C48C163D07FF}"
EndProject
Project("{FAE04EC0-301F-11D3-BF4B-00C04F79EFBC}") = "Anuracode.Forms.Controls.Droid", "Anuracode.Forms.Controls.Droid\Anuracode.Forms.Controls.Droid.csproj", "{59302C85-D429-4494-96E2-E9483F77C15A}"
EndProject
Project("{FAE04EC0-301F-11D3-BF4B-00C04F79EFBC}") = "Anuracode.Forms.Controls.WindowsUWP", "Anuracode.Forms.Controls.WindowsUWP\Anuracode.Forms.Controls.WindowsUWP.csproj", "{0F1E83B1-7A91-4965-A927-3CECAB1DBAA1}"
EndProject
Project("{FAE04EC0-301F-11D3-BF4B-00C04F79EFBC}") = "Anuracode.Forms.Controls.WinPhone8", "Anuracode.Forms.Controls.WinPhone8\Anuracode.Forms.Controls.WinPhone8.csproj", "{A776216F-D7D4-44F1-9371-5DEEDD40A592}"
EndProject
Project("{FAE04EC0-301F-11D3-BF4B-00C04F79EFBC}") = "Anuracode.Forms.Controls.WinStore", "Anuracode.Forms.Controls.WinStore\Anuracode.Forms.Controls.WinStore.csproj", "{CF5330A2-6A81-4AFB-9504-BBAE3EDFEC14}"
EndProject
Project("{FAE04EC0-301F-11D3-BF4B-00C04F79EFBC}") = "Anuracode.Signature.Serialization", "Anuracode.Signature.Serialization\Anuracode.Signature.Serialization.csproj", "{3B4B81A6-24EE-4CB6-8C4D-CA67CB19FFA2}"
EndProject
Project("{2150E333-8FDC-42A3-9474-1A3956D46DE8}") = "3-Nuget", "3-Nuget", "{719F7B3E-EBFE-428F-83F2-D3EB2A332FCB}"
	ProjectSection(SolutionItems) = preProject
		NugetConfig\Anuracode.Forms.Controls.nuspec = NugetConfig\Anuracode.Forms.Controls.nuspec
		NugetConfig\Anuracode.Forms.SignaturePadSerialization.nuspec = NugetConfig\Anuracode.Forms.SignaturePadSerialization.nuspec
	EndProjectSection
EndProject
Project("{FAE04EC0-301F-11D3-BF4B-00C04F79EFBC}") = "Anuracode.Forms.Controls.Sample.TestsUI", "Anuracode.Forms.Controls.Sample.TestsUI\Anuracode.Forms.Controls.Sample.TestsUI.csproj", "{C3DF5ACE-7DA0-4EFA-B9F6-4E035286C7E2}"
EndProject
Global
	GlobalSection(SolutionConfigurationPlatforms) = preSolution
		Ad-Hoc|Any CPU = Ad-Hoc|Any CPU
		Ad-Hoc|ARM = Ad-Hoc|ARM
		Ad-Hoc|iPhone = Ad-Hoc|iPhone
		Ad-Hoc|iPhoneSimulator = Ad-Hoc|iPhoneSimulator
		Ad-Hoc|x64 = Ad-Hoc|x64
		Ad-Hoc|x86 = Ad-Hoc|x86
		AppStore|Any CPU = AppStore|Any CPU
		AppStore|ARM = AppStore|ARM
		AppStore|iPhone = AppStore|iPhone
		AppStore|iPhoneSimulator = AppStore|iPhoneSimulator
		AppStore|x64 = AppStore|x64
		AppStore|x86 = AppStore|x86
		Debug|Any CPU = Debug|Any CPU
		Debug|ARM = Debug|ARM
		Debug|iPhone = Debug|iPhone
		Debug|iPhoneSimulator = Debug|iPhoneSimulator
		Debug|x64 = Debug|x64
		Debug|x86 = Debug|x86
		Release|Any CPU = Release|Any CPU
		Release|ARM = Release|ARM
		Release|iPhone = Release|iPhone
		Release|iPhoneSimulator = Release|iPhoneSimulator
		Release|x64 = Release|x64
		Release|x86 = Release|x86
	EndGlobalSection
	GlobalSection(ProjectConfigurationPlatforms) = postSolution
		{0F1E83B1-7A91-4965-A927-3CECAB1DBAA1}.Ad-Hoc|Any CPU.ActiveCfg = Release|Any CPU
		{0F1E83B1-7A91-4965-A927-3CECAB1DBAA1}.Ad-Hoc|Any CPU.Build.0 = Release|Any CPU
		{0F1E83B1-7A91-4965-A927-3CECAB1DBAA1}.Ad-Hoc|ARM.ActiveCfg = Release|ARM
		{0F1E83B1-7A91-4965-A927-3CECAB1DBAA1}.Ad-Hoc|ARM.Build.0 = Release|ARM
		{0F1E83B1-7A91-4965-A927-3CECAB1DBAA1}.Ad-Hoc|iPhone.ActiveCfg = Release|Any CPU
		{0F1E83B1-7A91-4965-A927-3CECAB1DBAA1}.Ad-Hoc|iPhone.Build.0 = Release|Any CPU
		{0F1E83B1-7A91-4965-A927-3CECAB1DBAA1}.Ad-Hoc|iPhoneSimulator.ActiveCfg = Release|Any CPU
		{0F1E83B1-7A91-4965-A927-3CECAB1DBAA1}.Ad-Hoc|iPhoneSimulator.Build.0 = Release|Any CPU
		{0F1E83B1-7A91-4965-A927-3CECAB1DBAA1}.Ad-Hoc|x64.ActiveCfg = Release|x64
		{0F1E83B1-7A91-4965-A927-3CECAB1DBAA1}.Ad-Hoc|x64.Build.0 = Release|x64
		{0F1E83B1-7A91-4965-A927-3CECAB1DBAA1}.Ad-Hoc|x86.ActiveCfg = Release|x86
		{0F1E83B1-7A91-4965-A927-3CECAB1DBAA1}.Ad-Hoc|x86.Build.0 = Release|x86
		{0F1E83B1-7A91-4965-A927-3CECAB1DBAA1}.AppStore|Any CPU.ActiveCfg = Release|Any CPU
		{0F1E83B1-7A91-4965-A927-3CECAB1DBAA1}.AppStore|Any CPU.Build.0 = Release|Any CPU
		{0F1E83B1-7A91-4965-A927-3CECAB1DBAA1}.AppStore|ARM.ActiveCfg = Release|ARM
		{0F1E83B1-7A91-4965-A927-3CECAB1DBAA1}.AppStore|ARM.Build.0 = Release|ARM
		{0F1E83B1-7A91-4965-A927-3CECAB1DBAA1}.AppStore|iPhone.ActiveCfg = Release|Any CPU
		{0F1E83B1-7A91-4965-A927-3CECAB1DBAA1}.AppStore|iPhone.Build.0 = Release|Any CPU
		{0F1E83B1-7A91-4965-A927-3CECAB1DBAA1}.AppStore|iPhoneSimulator.ActiveCfg = Release|Any CPU
		{0F1E83B1-7A91-4965-A927-3CECAB1DBAA1}.AppStore|iPhoneSimulator.Build.0 = Release|Any CPU
		{0F1E83B1-7A91-4965-A927-3CECAB1DBAA1}.AppStore|x64.ActiveCfg = Release|x64
		{0F1E83B1-7A91-4965-A927-3CECAB1DBAA1}.AppStore|x64.Build.0 = Release|x64
		{0F1E83B1-7A91-4965-A927-3CECAB1DBAA1}.AppStore|x86.ActiveCfg = Release|x86
		{0F1E83B1-7A91-4965-A927-3CECAB1DBAA1}.AppStore|x86.Build.0 = Release|x86
		{0F1E83B1-7A91-4965-A927-3CECAB1DBAA1}.Debug|Any CPU.ActiveCfg = Debug|Any CPU
		{0F1E83B1-7A91-4965-A927-3CECAB1DBAA1}.Debug|Any CPU.Build.0 = Debug|Any CPU
		{0F1E83B1-7A91-4965-A927-3CECAB1DBAA1}.Debug|ARM.ActiveCfg = Debug|ARM
		{0F1E83B1-7A91-4965-A927-3CECAB1DBAA1}.Debug|ARM.Build.0 = Debug|ARM
		{0F1E83B1-7A91-4965-A927-3CECAB1DBAA1}.Debug|iPhone.ActiveCfg = Debug|Any CPU
		{0F1E83B1-7A91-4965-A927-3CECAB1DBAA1}.Debug|iPhone.Build.0 = Debug|Any CPU
		{0F1E83B1-7A91-4965-A927-3CECAB1DBAA1}.Debug|iPhoneSimulator.ActiveCfg = Debug|Any CPU
		{0F1E83B1-7A91-4965-A927-3CECAB1DBAA1}.Debug|iPhoneSimulator.Build.0 = Debug|Any CPU
		{0F1E83B1-7A91-4965-A927-3CECAB1DBAA1}.Debug|x64.ActiveCfg = Debug|x64
		{0F1E83B1-7A91-4965-A927-3CECAB1DBAA1}.Debug|x64.Build.0 = Debug|x64
		{0F1E83B1-7A91-4965-A927-3CECAB1DBAA1}.Debug|x86.ActiveCfg = Debug|x86
		{0F1E83B1-7A91-4965-A927-3CECAB1DBAA1}.Debug|x86.Build.0 = Debug|x86
		{0F1E83B1-7A91-4965-A927-3CECAB1DBAA1}.Release|Any CPU.ActiveCfg = Release|Any CPU
		{0F1E83B1-7A91-4965-A927-3CECAB1DBAA1}.Release|Any CPU.Build.0 = Release|Any CPU
		{0F1E83B1-7A91-4965-A927-3CECAB1DBAA1}.Release|ARM.ActiveCfg = Release|ARM
		{0F1E83B1-7A91-4965-A927-3CECAB1DBAA1}.Release|ARM.Build.0 = Release|ARM
		{0F1E83B1-7A91-4965-A927-3CECAB1DBAA1}.Release|iPhone.ActiveCfg = Release|Any CPU
		{0F1E83B1-7A91-4965-A927-3CECAB1DBAA1}.Release|iPhone.Build.0 = Release|Any CPU
		{0F1E83B1-7A91-4965-A927-3CECAB1DBAA1}.Release|iPhoneSimulator.ActiveCfg = Release|Any CPU
		{0F1E83B1-7A91-4965-A927-3CECAB1DBAA1}.Release|iPhoneSimulator.Build.0 = Release|Any CPU
		{0F1E83B1-7A91-4965-A927-3CECAB1DBAA1}.Release|x64.ActiveCfg = Release|x64
		{0F1E83B1-7A91-4965-A927-3CECAB1DBAA1}.Release|x64.Build.0 = Release|x64
		{0F1E83B1-7A91-4965-A927-3CECAB1DBAA1}.Release|x86.ActiveCfg = Release|x86
		{0F1E83B1-7A91-4965-A927-3CECAB1DBAA1}.Release|x86.Build.0 = Release|x86
		{28C11D89-8F19-497A-B4FA-9F7931B09CBF}.Ad-Hoc|Any CPU.ActiveCfg = Release|x86
		{28C11D89-8F19-497A-B4FA-9F7931B09CBF}.Ad-Hoc|Any CPU.Build.0 = Release|x86
		{28C11D89-8F19-497A-B4FA-9F7931B09CBF}.Ad-Hoc|Any CPU.Deploy.0 = Release|x86
		{28C11D89-8F19-497A-B4FA-9F7931B09CBF}.Ad-Hoc|ARM.ActiveCfg = Release|ARM
		{28C11D89-8F19-497A-B4FA-9F7931B09CBF}.Ad-Hoc|ARM.Build.0 = Release|ARM
		{28C11D89-8F19-497A-B4FA-9F7931B09CBF}.Ad-Hoc|ARM.Deploy.0 = Release|ARM
		{28C11D89-8F19-497A-B4FA-9F7931B09CBF}.Ad-Hoc|iPhone.ActiveCfg = Release|x86
		{28C11D89-8F19-497A-B4FA-9F7931B09CBF}.Ad-Hoc|iPhone.Build.0 = Release|x86
		{28C11D89-8F19-497A-B4FA-9F7931B09CBF}.Ad-Hoc|iPhone.Deploy.0 = Release|x86
		{28C11D89-8F19-497A-B4FA-9F7931B09CBF}.Ad-Hoc|iPhoneSimulator.ActiveCfg = Release|x86
		{28C11D89-8F19-497A-B4FA-9F7931B09CBF}.Ad-Hoc|iPhoneSimulator.Build.0 = Release|x86
		{28C11D89-8F19-497A-B4FA-9F7931B09CBF}.Ad-Hoc|iPhoneSimulator.Deploy.0 = Release|x86
		{28C11D89-8F19-497A-B4FA-9F7931B09CBF}.Ad-Hoc|x64.ActiveCfg = Release|x64
		{28C11D89-8F19-497A-B4FA-9F7931B09CBF}.Ad-Hoc|x64.Build.0 = Release|x64
		{28C11D89-8F19-497A-B4FA-9F7931B09CBF}.Ad-Hoc|x64.Deploy.0 = Release|x64
		{28C11D89-8F19-497A-B4FA-9F7931B09CBF}.Ad-Hoc|x86.ActiveCfg = Release|x86
		{28C11D89-8F19-497A-B4FA-9F7931B09CBF}.Ad-Hoc|x86.Build.0 = Release|x86
		{28C11D89-8F19-497A-B4FA-9F7931B09CBF}.Ad-Hoc|x86.Deploy.0 = Release|x86
		{28C11D89-8F19-497A-B4FA-9F7931B09CBF}.AppStore|Any CPU.ActiveCfg = Release|x86
		{28C11D89-8F19-497A-B4FA-9F7931B09CBF}.AppStore|Any CPU.Build.0 = Release|x86
		{28C11D89-8F19-497A-B4FA-9F7931B09CBF}.AppStore|Any CPU.Deploy.0 = Release|x86
		{28C11D89-8F19-497A-B4FA-9F7931B09CBF}.AppStore|ARM.ActiveCfg = Release|ARM
		{28C11D89-8F19-497A-B4FA-9F7931B09CBF}.AppStore|ARM.Build.0 = Release|ARM
		{28C11D89-8F19-497A-B4FA-9F7931B09CBF}.AppStore|ARM.Deploy.0 = Release|ARM
		{28C11D89-8F19-497A-B4FA-9F7931B09CBF}.AppStore|iPhone.ActiveCfg = Release|x86
		{28C11D89-8F19-497A-B4FA-9F7931B09CBF}.AppStore|iPhone.Build.0 = Release|x86
		{28C11D89-8F19-497A-B4FA-9F7931B09CBF}.AppStore|iPhone.Deploy.0 = Release|x86
		{28C11D89-8F19-497A-B4FA-9F7931B09CBF}.AppStore|iPhoneSimulator.ActiveCfg = Release|x86
		{28C11D89-8F19-497A-B4FA-9F7931B09CBF}.AppStore|iPhoneSimulator.Build.0 = Release|x86
		{28C11D89-8F19-497A-B4FA-9F7931B09CBF}.AppStore|iPhoneSimulator.Deploy.0 = Release|x86
		{28C11D89-8F19-497A-B4FA-9F7931B09CBF}.AppStore|x64.ActiveCfg = Release|x64
		{28C11D89-8F19-497A-B4FA-9F7931B09CBF}.AppStore|x64.Build.0 = Release|x64
		{28C11D89-8F19-497A-B4FA-9F7931B09CBF}.AppStore|x64.Deploy.0 = Release|x64
		{28C11D89-8F19-497A-B4FA-9F7931B09CBF}.AppStore|x86.ActiveCfg = Release|x86
		{28C11D89-8F19-497A-B4FA-9F7931B09CBF}.AppStore|x86.Build.0 = Release|x86
		{28C11D89-8F19-497A-B4FA-9F7931B09CBF}.AppStore|x86.Deploy.0 = Release|x86
		{28C11D89-8F19-497A-B4FA-9F7931B09CBF}.Debug|Any CPU.ActiveCfg = Debug|x86
		{28C11D89-8F19-497A-B4FA-9F7931B09CBF}.Debug|Any CPU.Build.0 = Debug|x86
		{28C11D89-8F19-497A-B4FA-9F7931B09CBF}.Debug|Any CPU.Deploy.0 = Debug|x86
		{28C11D89-8F19-497A-B4FA-9F7931B09CBF}.Debug|ARM.ActiveCfg = Debug|ARM
		{28C11D89-8F19-497A-B4FA-9F7931B09CBF}.Debug|ARM.Build.0 = Debug|ARM
		{28C11D89-8F19-497A-B4FA-9F7931B09CBF}.Debug|ARM.Deploy.0 = Debug|ARM
		{28C11D89-8F19-497A-B4FA-9F7931B09CBF}.Debug|iPhone.ActiveCfg = Debug|x86
		{28C11D89-8F19-497A-B4FA-9F7931B09CBF}.Debug|iPhoneSimulator.ActiveCfg = Debug|x86
		{28C11D89-8F19-497A-B4FA-9F7931B09CBF}.Debug|x64.ActiveCfg = Debug|x64
		{28C11D89-8F19-497A-B4FA-9F7931B09CBF}.Debug|x64.Build.0 = Debug|x64
		{28C11D89-8F19-497A-B4FA-9F7931B09CBF}.Debug|x64.Deploy.0 = Debug|x64
		{28C11D89-8F19-497A-B4FA-9F7931B09CBF}.Debug|x86.ActiveCfg = Debug|x86
		{28C11D89-8F19-497A-B4FA-9F7931B09CBF}.Debug|x86.Build.0 = Debug|x86
		{28C11D89-8F19-497A-B4FA-9F7931B09CBF}.Debug|x86.Deploy.0 = Debug|x86
		{28C11D89-8F19-497A-B4FA-9F7931B09CBF}.Release|Any CPU.ActiveCfg = Release|x86
		{28C11D89-8F19-497A-B4FA-9F7931B09CBF}.Release|Any CPU.Deploy.0 = Release|x86
		{28C11D89-8F19-497A-B4FA-9F7931B09CBF}.Release|ARM.ActiveCfg = Release|ARM
		{28C11D89-8F19-497A-B4FA-9F7931B09CBF}.Release|ARM.Build.0 = Release|ARM
		{28C11D89-8F19-497A-B4FA-9F7931B09CBF}.Release|ARM.Deploy.0 = Release|ARM
		{28C11D89-8F19-497A-B4FA-9F7931B09CBF}.Release|iPhone.ActiveCfg = Release|x86
		{28C11D89-8F19-497A-B4FA-9F7931B09CBF}.Release|iPhoneSimulator.ActiveCfg = Release|x86
		{28C11D89-8F19-497A-B4FA-9F7931B09CBF}.Release|x64.ActiveCfg = Release|x64
		{28C11D89-8F19-497A-B4FA-9F7931B09CBF}.Release|x64.Build.0 = Release|x64
		{28C11D89-8F19-497A-B4FA-9F7931B09CBF}.Release|x64.Deploy.0 = Release|x64
		{28C11D89-8F19-497A-B4FA-9F7931B09CBF}.Release|x86.ActiveCfg = Release|x86
		{28C11D89-8F19-497A-B4FA-9F7931B09CBF}.Release|x86.Build.0 = Release|x86
		{28C11D89-8F19-497A-B4FA-9F7931B09CBF}.Release|x86.Deploy.0 = Release|x86
		{30757D16-8A20-4CC2-A4B7-1DEEC7C77C51}.Ad-Hoc|Any CPU.ActiveCfg = Release|Any CPU
		{30757D16-8A20-4CC2-A4B7-1DEEC7C77C51}.Ad-Hoc|Any CPU.Build.0 = Release|Any CPU
		{30757D16-8A20-4CC2-A4B7-1DEEC7C77C51}.Ad-Hoc|ARM.ActiveCfg = Release|Any CPU
		{30757D16-8A20-4CC2-A4B7-1DEEC7C77C51}.Ad-Hoc|ARM.Build.0 = Release|Any CPU
		{30757D16-8A20-4CC2-A4B7-1DEEC7C77C51}.Ad-Hoc|iPhone.ActiveCfg = Release|Any CPU
		{30757D16-8A20-4CC2-A4B7-1DEEC7C77C51}.Ad-Hoc|iPhone.Build.0 = Release|Any CPU
		{30757D16-8A20-4CC2-A4B7-1DEEC7C77C51}.Ad-Hoc|iPhoneSimulator.ActiveCfg = Release|Any CPU
		{30757D16-8A20-4CC2-A4B7-1DEEC7C77C51}.Ad-Hoc|iPhoneSimulator.Build.0 = Release|Any CPU
		{30757D16-8A20-4CC2-A4B7-1DEEC7C77C51}.Ad-Hoc|x64.ActiveCfg = Release|Any CPU
		{30757D16-8A20-4CC2-A4B7-1DEEC7C77C51}.Ad-Hoc|x64.Build.0 = Release|Any CPU
		{30757D16-8A20-4CC2-A4B7-1DEEC7C77C51}.Ad-Hoc|x86.ActiveCfg = Release|Any CPU
		{30757D16-8A20-4CC2-A4B7-1DEEC7C77C51}.Ad-Hoc|x86.Build.0 = Release|Any CPU
		{30757D16-8A20-4CC2-A4B7-1DEEC7C77C51}.AppStore|Any CPU.ActiveCfg = Release|Any CPU
		{30757D16-8A20-4CC2-A4B7-1DEEC7C77C51}.AppStore|Any CPU.Build.0 = Release|Any CPU
		{30757D16-8A20-4CC2-A4B7-1DEEC7C77C51}.AppStore|ARM.ActiveCfg = Release|Any CPU
		{30757D16-8A20-4CC2-A4B7-1DEEC7C77C51}.AppStore|ARM.Build.0 = Release|Any CPU
		{30757D16-8A20-4CC2-A4B7-1DEEC7C77C51}.AppStore|iPhone.ActiveCfg = Release|Any CPU
		{30757D16-8A20-4CC2-A4B7-1DEEC7C77C51}.AppStore|iPhone.Build.0 = Release|Any CPU
		{30757D16-8A20-4CC2-A4B7-1DEEC7C77C51}.AppStore|iPhoneSimulator.ActiveCfg = Release|Any CPU
		{30757D16-8A20-4CC2-A4B7-1DEEC7C77C51}.AppStore|iPhoneSimulator.Build.0 = Release|Any CPU
		{30757D16-8A20-4CC2-A4B7-1DEEC7C77C51}.AppStore|x64.ActiveCfg = Release|Any CPU
		{30757D16-8A20-4CC2-A4B7-1DEEC7C77C51}.AppStore|x64.Build.0 = Release|Any CPU
		{30757D16-8A20-4CC2-A4B7-1DEEC7C77C51}.AppStore|x86.ActiveCfg = Release|Any CPU
		{30757D16-8A20-4CC2-A4B7-1DEEC7C77C51}.AppStore|x86.Build.0 = Release|Any CPU
		{30757D16-8A20-4CC2-A4B7-1DEEC7C77C51}.Debug|Any CPU.ActiveCfg = Debug|Any CPU
		{30757D16-8A20-4CC2-A4B7-1DEEC7C77C51}.Debug|Any CPU.Build.0 = Debug|Any CPU
		{30757D16-8A20-4CC2-A4B7-1DEEC7C77C51}.Debug|ARM.ActiveCfg = Debug|Any CPU
		{30757D16-8A20-4CC2-A4B7-1DEEC7C77C51}.Debug|ARM.Build.0 = Debug|Any CPU
		{30757D16-8A20-4CC2-A4B7-1DEEC7C77C51}.Debug|iPhone.ActiveCfg = Debug|Any CPU
		{30757D16-8A20-4CC2-A4B7-1DEEC7C77C51}.Debug|iPhone.Build.0 = Debug|Any CPU
		{30757D16-8A20-4CC2-A4B7-1DEEC7C77C51}.Debug|iPhoneSimulator.ActiveCfg = Debug|Any CPU
		{30757D16-8A20-4CC2-A4B7-1DEEC7C77C51}.Debug|iPhoneSimulator.Build.0 = Debug|Any CPU
		{30757D16-8A20-4CC2-A4B7-1DEEC7C77C51}.Debug|x64.ActiveCfg = Debug|Any CPU
		{30757D16-8A20-4CC2-A4B7-1DEEC7C77C51}.Debug|x64.Build.0 = Debug|Any CPU
		{30757D16-8A20-4CC2-A4B7-1DEEC7C77C51}.Debug|x86.ActiveCfg = Debug|Any CPU
		{30757D16-8A20-4CC2-A4B7-1DEEC7C77C51}.Debug|x86.Build.0 = Debug|Any CPU
		{30757D16-8A20-4CC2-A4B7-1DEEC7C77C51}.Release|Any CPU.ActiveCfg = Release|Any CPU
		{30757D16-8A20-4CC2-A4B7-1DEEC7C77C51}.Release|Any CPU.Build.0 = Release|Any CPU
		{30757D16-8A20-4CC2-A4B7-1DEEC7C77C51}.Release|ARM.ActiveCfg = Release|Any CPU
		{30757D16-8A20-4CC2-A4B7-1DEEC7C77C51}.Release|ARM.Build.0 = Release|Any CPU
		{30757D16-8A20-4CC2-A4B7-1DEEC7C77C51}.Release|iPhone.ActiveCfg = Release|Any CPU
		{30757D16-8A20-4CC2-A4B7-1DEEC7C77C51}.Release|iPhone.Build.0 = Release|Any CPU
		{30757D16-8A20-4CC2-A4B7-1DEEC7C77C51}.Release|iPhoneSimulator.ActiveCfg = Release|Any CPU
		{30757D16-8A20-4CC2-A4B7-1DEEC7C77C51}.Release|iPhoneSimulator.Build.0 = Release|Any CPU
		{30757D16-8A20-4CC2-A4B7-1DEEC7C77C51}.Release|x64.ActiveCfg = Release|Any CPU
		{30757D16-8A20-4CC2-A4B7-1DEEC7C77C51}.Release|x64.Build.0 = Release|Any CPU
		{30757D16-8A20-4CC2-A4B7-1DEEC7C77C51}.Release|x86.ActiveCfg = Release|Any CPU
		{30757D16-8A20-4CC2-A4B7-1DEEC7C77C51}.Release|x86.Build.0 = Release|Any CPU
		{3B4B81A6-24EE-4CB6-8C4D-CA67CB19FFA2}.Ad-Hoc|Any CPU.ActiveCfg = Release|Any CPU
		{3B4B81A6-24EE-4CB6-8C4D-CA67CB19FFA2}.Ad-Hoc|Any CPU.Build.0 = Release|Any CPU
		{3B4B81A6-24EE-4CB6-8C4D-CA67CB19FFA2}.Ad-Hoc|ARM.ActiveCfg = Release|Any CPU
		{3B4B81A6-24EE-4CB6-8C4D-CA67CB19FFA2}.Ad-Hoc|ARM.Build.0 = Release|Any CPU
		{3B4B81A6-24EE-4CB6-8C4D-CA67CB19FFA2}.Ad-Hoc|iPhone.ActiveCfg = Release|Any CPU
		{3B4B81A6-24EE-4CB6-8C4D-CA67CB19FFA2}.Ad-Hoc|iPhone.Build.0 = Release|Any CPU
		{3B4B81A6-24EE-4CB6-8C4D-CA67CB19FFA2}.Ad-Hoc|iPhoneSimulator.ActiveCfg = Release|Any CPU
		{3B4B81A6-24EE-4CB6-8C4D-CA67CB19FFA2}.Ad-Hoc|iPhoneSimulator.Build.0 = Release|Any CPU
		{3B4B81A6-24EE-4CB6-8C4D-CA67CB19FFA2}.Ad-Hoc|x64.ActiveCfg = Release|Any CPU
		{3B4B81A6-24EE-4CB6-8C4D-CA67CB19FFA2}.Ad-Hoc|x64.Build.0 = Release|Any CPU
		{3B4B81A6-24EE-4CB6-8C4D-CA67CB19FFA2}.Ad-Hoc|x86.ActiveCfg = Release|Any CPU
		{3B4B81A6-24EE-4CB6-8C4D-CA67CB19FFA2}.Ad-Hoc|x86.Build.0 = Release|Any CPU
		{3B4B81A6-24EE-4CB6-8C4D-CA67CB19FFA2}.AppStore|Any CPU.ActiveCfg = Release|Any CPU
		{3B4B81A6-24EE-4CB6-8C4D-CA67CB19FFA2}.AppStore|Any CPU.Build.0 = Release|Any CPU
		{3B4B81A6-24EE-4CB6-8C4D-CA67CB19FFA2}.AppStore|ARM.ActiveCfg = Release|Any CPU
		{3B4B81A6-24EE-4CB6-8C4D-CA67CB19FFA2}.AppStore|ARM.Build.0 = Release|Any CPU
		{3B4B81A6-24EE-4CB6-8C4D-CA67CB19FFA2}.AppStore|iPhone.ActiveCfg = Release|Any CPU
		{3B4B81A6-24EE-4CB6-8C4D-CA67CB19FFA2}.AppStore|iPhone.Build.0 = Release|Any CPU
		{3B4B81A6-24EE-4CB6-8C4D-CA67CB19FFA2}.AppStore|iPhoneSimulator.ActiveCfg = Release|Any CPU
		{3B4B81A6-24EE-4CB6-8C4D-CA67CB19FFA2}.AppStore|iPhoneSimulator.Build.0 = Release|Any CPU
		{3B4B81A6-24EE-4CB6-8C4D-CA67CB19FFA2}.AppStore|x64.ActiveCfg = Release|Any CPU
		{3B4B81A6-24EE-4CB6-8C4D-CA67CB19FFA2}.AppStore|x64.Build.0 = Release|Any CPU
		{3B4B81A6-24EE-4CB6-8C4D-CA67CB19FFA2}.AppStore|x86.ActiveCfg = Release|Any CPU
		{3B4B81A6-24EE-4CB6-8C4D-CA67CB19FFA2}.AppStore|x86.Build.0 = Release|Any CPU
		{3B4B81A6-24EE-4CB6-8C4D-CA67CB19FFA2}.Debug|Any CPU.ActiveCfg = Debug|Any CPU
		{3B4B81A6-24EE-4CB6-8C4D-CA67CB19FFA2}.Debug|Any CPU.Build.0 = Debug|Any CPU
		{3B4B81A6-24EE-4CB6-8C4D-CA67CB19FFA2}.Debug|ARM.ActiveCfg = Debug|Any CPU
		{3B4B81A6-24EE-4CB6-8C4D-CA67CB19FFA2}.Debug|ARM.Build.0 = Debug|Any CPU
		{3B4B81A6-24EE-4CB6-8C4D-CA67CB19FFA2}.Debug|iPhone.ActiveCfg = Debug|Any CPU
		{3B4B81A6-24EE-4CB6-8C4D-CA67CB19FFA2}.Debug|iPhone.Build.0 = Debug|Any CPU
		{3B4B81A6-24EE-4CB6-8C4D-CA67CB19FFA2}.Debug|iPhoneSimulator.ActiveCfg = Debug|Any CPU
		{3B4B81A6-24EE-4CB6-8C4D-CA67CB19FFA2}.Debug|iPhoneSimulator.Build.0 = Debug|Any CPU
		{3B4B81A6-24EE-4CB6-8C4D-CA67CB19FFA2}.Debug|x64.ActiveCfg = Debug|Any CPU
		{3B4B81A6-24EE-4CB6-8C4D-CA67CB19FFA2}.Debug|x64.Build.0 = Debug|Any CPU
		{3B4B81A6-24EE-4CB6-8C4D-CA67CB19FFA2}.Debug|x86.ActiveCfg = Debug|Any CPU
		{3B4B81A6-24EE-4CB6-8C4D-CA67CB19FFA2}.Debug|x86.Build.0 = Debug|Any CPU
		{3B4B81A6-24EE-4CB6-8C4D-CA67CB19FFA2}.Release|Any CPU.ActiveCfg = Release|Any CPU
		{3B4B81A6-24EE-4CB6-8C4D-CA67CB19FFA2}.Release|Any CPU.Build.0 = Release|Any CPU
		{3B4B81A6-24EE-4CB6-8C4D-CA67CB19FFA2}.Release|ARM.ActiveCfg = Release|Any CPU
		{3B4B81A6-24EE-4CB6-8C4D-CA67CB19FFA2}.Release|ARM.Build.0 = Release|Any CPU
		{3B4B81A6-24EE-4CB6-8C4D-CA67CB19FFA2}.Release|iPhone.ActiveCfg = Release|Any CPU
		{3B4B81A6-24EE-4CB6-8C4D-CA67CB19FFA2}.Release|iPhone.Build.0 = Release|Any CPU
		{3B4B81A6-24EE-4CB6-8C4D-CA67CB19FFA2}.Release|iPhoneSimulator.ActiveCfg = Release|Any CPU
		{3B4B81A6-24EE-4CB6-8C4D-CA67CB19FFA2}.Release|iPhoneSimulator.Build.0 = Release|Any CPU
		{3B4B81A6-24EE-4CB6-8C4D-CA67CB19FFA2}.Release|x64.ActiveCfg = Release|Any CPU
		{3B4B81A6-24EE-4CB6-8C4D-CA67CB19FFA2}.Release|x64.Build.0 = Release|Any CPU
		{3B4B81A6-24EE-4CB6-8C4D-CA67CB19FFA2}.Release|x86.ActiveCfg = Release|Any CPU
		{3B4B81A6-24EE-4CB6-8C4D-CA67CB19FFA2}.Release|x86.Build.0 = Release|Any CPU
		{421E033A-C7DF-42CF-971F-5CECDF4995E5}.Ad-Hoc|Any CPU.ActiveCfg = Release|Any CPU
		{421E033A-C7DF-42CF-971F-5CECDF4995E5}.Ad-Hoc|Any CPU.Build.0 = Release|Any CPU
		{421E033A-C7DF-42CF-971F-5CECDF4995E5}.Ad-Hoc|Any CPU.Deploy.0 = Release|Any CPU
		{421E033A-C7DF-42CF-971F-5CECDF4995E5}.Ad-Hoc|ARM.ActiveCfg = Release|ARM
		{421E033A-C7DF-42CF-971F-5CECDF4995E5}.Ad-Hoc|ARM.Build.0 = Release|ARM
		{421E033A-C7DF-42CF-971F-5CECDF4995E5}.Ad-Hoc|ARM.Deploy.0 = Release|ARM
		{421E033A-C7DF-42CF-971F-5CECDF4995E5}.Ad-Hoc|iPhone.ActiveCfg = Release|Any CPU
		{421E033A-C7DF-42CF-971F-5CECDF4995E5}.Ad-Hoc|iPhone.Build.0 = Release|Any CPU
		{421E033A-C7DF-42CF-971F-5CECDF4995E5}.Ad-Hoc|iPhone.Deploy.0 = Release|Any CPU
		{421E033A-C7DF-42CF-971F-5CECDF4995E5}.Ad-Hoc|iPhoneSimulator.ActiveCfg = Release|Any CPU
		{421E033A-C7DF-42CF-971F-5CECDF4995E5}.Ad-Hoc|iPhoneSimulator.Build.0 = Release|Any CPU
		{421E033A-C7DF-42CF-971F-5CECDF4995E5}.Ad-Hoc|iPhoneSimulator.Deploy.0 = Release|Any CPU
		{421E033A-C7DF-42CF-971F-5CECDF4995E5}.Ad-Hoc|x64.ActiveCfg = Release|Any CPU
		{421E033A-C7DF-42CF-971F-5CECDF4995E5}.Ad-Hoc|x64.Build.0 = Release|Any CPU
		{421E033A-C7DF-42CF-971F-5CECDF4995E5}.Ad-Hoc|x64.Deploy.0 = Release|Any CPU
		{421E033A-C7DF-42CF-971F-5CECDF4995E5}.Ad-Hoc|x86.ActiveCfg = Release|x86
		{421E033A-C7DF-42CF-971F-5CECDF4995E5}.Ad-Hoc|x86.Build.0 = Release|x86
		{421E033A-C7DF-42CF-971F-5CECDF4995E5}.Ad-Hoc|x86.Deploy.0 = Release|x86
		{421E033A-C7DF-42CF-971F-5CECDF4995E5}.AppStore|Any CPU.ActiveCfg = Release|Any CPU
		{421E033A-C7DF-42CF-971F-5CECDF4995E5}.AppStore|Any CPU.Build.0 = Release|Any CPU
		{421E033A-C7DF-42CF-971F-5CECDF4995E5}.AppStore|Any CPU.Deploy.0 = Release|Any CPU
		{421E033A-C7DF-42CF-971F-5CECDF4995E5}.AppStore|ARM.ActiveCfg = Release|ARM
		{421E033A-C7DF-42CF-971F-5CECDF4995E5}.AppStore|ARM.Build.0 = Release|ARM
		{421E033A-C7DF-42CF-971F-5CECDF4995E5}.AppStore|ARM.Deploy.0 = Release|ARM
		{421E033A-C7DF-42CF-971F-5CECDF4995E5}.AppStore|iPhone.ActiveCfg = Release|Any CPU
		{421E033A-C7DF-42CF-971F-5CECDF4995E5}.AppStore|iPhone.Build.0 = Release|Any CPU
		{421E033A-C7DF-42CF-971F-5CECDF4995E5}.AppStore|iPhone.Deploy.0 = Release|Any CPU
		{421E033A-C7DF-42CF-971F-5CECDF4995E5}.AppStore|iPhoneSimulator.ActiveCfg = Release|Any CPU
		{421E033A-C7DF-42CF-971F-5CECDF4995E5}.AppStore|iPhoneSimulator.Build.0 = Release|Any CPU
		{421E033A-C7DF-42CF-971F-5CECDF4995E5}.AppStore|iPhoneSimulator.Deploy.0 = Release|Any CPU
		{421E033A-C7DF-42CF-971F-5CECDF4995E5}.AppStore|x64.ActiveCfg = Release|Any CPU
		{421E033A-C7DF-42CF-971F-5CECDF4995E5}.AppStore|x64.Build.0 = Release|Any CPU
		{421E033A-C7DF-42CF-971F-5CECDF4995E5}.AppStore|x64.Deploy.0 = Release|Any CPU
		{421E033A-C7DF-42CF-971F-5CECDF4995E5}.AppStore|x86.ActiveCfg = Release|x86
		{421E033A-C7DF-42CF-971F-5CECDF4995E5}.AppStore|x86.Build.0 = Release|x86
		{421E033A-C7DF-42CF-971F-5CECDF4995E5}.AppStore|x86.Deploy.0 = Release|x86
		{421E033A-C7DF-42CF-971F-5CECDF4995E5}.Debug|Any CPU.ActiveCfg = Debug|Any CPU
		{421E033A-C7DF-42CF-971F-5CECDF4995E5}.Debug|Any CPU.Build.0 = Debug|Any CPU
		{421E033A-C7DF-42CF-971F-5CECDF4995E5}.Debug|Any CPU.Deploy.0 = Debug|Any CPU
		{421E033A-C7DF-42CF-971F-5CECDF4995E5}.Debug|ARM.ActiveCfg = Debug|ARM
		{421E033A-C7DF-42CF-971F-5CECDF4995E5}.Debug|ARM.Build.0 = Debug|ARM
		{421E033A-C7DF-42CF-971F-5CECDF4995E5}.Debug|ARM.Deploy.0 = Debug|ARM
		{421E033A-C7DF-42CF-971F-5CECDF4995E5}.Debug|iPhone.ActiveCfg = Debug|Any CPU
		{421E033A-C7DF-42CF-971F-5CECDF4995E5}.Debug|iPhone.Build.0 = Debug|Any CPU
		{421E033A-C7DF-42CF-971F-5CECDF4995E5}.Debug|iPhone.Deploy.0 = Debug|Any CPU
		{421E033A-C7DF-42CF-971F-5CECDF4995E5}.Debug|iPhoneSimulator.ActiveCfg = Debug|Any CPU
		{421E033A-C7DF-42CF-971F-5CECDF4995E5}.Debug|iPhoneSimulator.Build.0 = Debug|Any CPU
		{421E033A-C7DF-42CF-971F-5CECDF4995E5}.Debug|iPhoneSimulator.Deploy.0 = Debug|Any CPU
		{421E033A-C7DF-42CF-971F-5CECDF4995E5}.Debug|x64.ActiveCfg = Debug|Any CPU
		{421E033A-C7DF-42CF-971F-5CECDF4995E5}.Debug|x64.Build.0 = Debug|Any CPU
		{421E033A-C7DF-42CF-971F-5CECDF4995E5}.Debug|x64.Deploy.0 = Debug|Any CPU
		{421E033A-C7DF-42CF-971F-5CECDF4995E5}.Debug|x86.ActiveCfg = Debug|x86
		{421E033A-C7DF-42CF-971F-5CECDF4995E5}.Debug|x86.Build.0 = Debug|x86
		{421E033A-C7DF-42CF-971F-5CECDF4995E5}.Debug|x86.Deploy.0 = Debug|x86
		{421E033A-C7DF-42CF-971F-5CECDF4995E5}.Release|Any CPU.ActiveCfg = Release|Any CPU
		{421E033A-C7DF-42CF-971F-5CECDF4995E5}.Release|Any CPU.Build.0 = Release|Any CPU
		{421E033A-C7DF-42CF-971F-5CECDF4995E5}.Release|Any CPU.Deploy.0 = Release|Any CPU
		{421E033A-C7DF-42CF-971F-5CECDF4995E5}.Release|ARM.ActiveCfg = Release|ARM
		{421E033A-C7DF-42CF-971F-5CECDF4995E5}.Release|ARM.Build.0 = Release|ARM
		{421E033A-C7DF-42CF-971F-5CECDF4995E5}.Release|ARM.Deploy.0 = Release|ARM
		{421E033A-C7DF-42CF-971F-5CECDF4995E5}.Release|iPhone.ActiveCfg = Release|Any CPU
		{421E033A-C7DF-42CF-971F-5CECDF4995E5}.Release|iPhone.Build.0 = Release|Any CPU
		{421E033A-C7DF-42CF-971F-5CECDF4995E5}.Release|iPhone.Deploy.0 = Release|Any CPU
		{421E033A-C7DF-42CF-971F-5CECDF4995E5}.Release|iPhoneSimulator.ActiveCfg = Release|Any CPU
		{421E033A-C7DF-42CF-971F-5CECDF4995E5}.Release|iPhoneSimulator.Build.0 = Release|Any CPU
		{421E033A-C7DF-42CF-971F-5CECDF4995E5}.Release|iPhoneSimulator.Deploy.0 = Release|Any CPU
		{421E033A-C7DF-42CF-971F-5CECDF4995E5}.Release|x64.ActiveCfg = Release|Any CPU
		{421E033A-C7DF-42CF-971F-5CECDF4995E5}.Release|x64.Build.0 = Release|Any CPU
		{421E033A-C7DF-42CF-971F-5CECDF4995E5}.Release|x64.Deploy.0 = Release|Any CPU
		{421E033A-C7DF-42CF-971F-5CECDF4995E5}.Release|x86.ActiveCfg = Release|x86
		{421E033A-C7DF-42CF-971F-5CECDF4995E5}.Release|x86.Build.0 = Release|x86
		{421E033A-C7DF-42CF-971F-5CECDF4995E5}.Release|x86.Deploy.0 = Release|x86
		{56A85B31-56C1-452E-9DE1-C48C163D07FF}.Ad-Hoc|Any CPU.ActiveCfg = AppStore|Any CPU
		{56A85B31-56C1-452E-9DE1-C48C163D07FF}.Ad-Hoc|Any CPU.Build.0 = AppStore|Any CPU
		{56A85B31-56C1-452E-9DE1-C48C163D07FF}.Ad-Hoc|ARM.ActiveCfg = AppStore|Any CPU
		{56A85B31-56C1-452E-9DE1-C48C163D07FF}.Ad-Hoc|ARM.Build.0 = AppStore|Any CPU
		{56A85B31-56C1-452E-9DE1-C48C163D07FF}.Ad-Hoc|iPhone.ActiveCfg = AppStore|Any CPU
		{56A85B31-56C1-452E-9DE1-C48C163D07FF}.Ad-Hoc|iPhone.Build.0 = AppStore|Any CPU
		{56A85B31-56C1-452E-9DE1-C48C163D07FF}.Ad-Hoc|iPhoneSimulator.ActiveCfg = AppStore|Any CPU
		{56A85B31-56C1-452E-9DE1-C48C163D07FF}.Ad-Hoc|iPhoneSimulator.Build.0 = AppStore|Any CPU
		{56A85B31-56C1-452E-9DE1-C48C163D07FF}.Ad-Hoc|x64.ActiveCfg = AppStore|Any CPU
		{56A85B31-56C1-452E-9DE1-C48C163D07FF}.Ad-Hoc|x64.Build.0 = AppStore|Any CPU
		{56A85B31-56C1-452E-9DE1-C48C163D07FF}.Ad-Hoc|x86.ActiveCfg = AppStore|Any CPU
		{56A85B31-56C1-452E-9DE1-C48C163D07FF}.Ad-Hoc|x86.Build.0 = AppStore|Any CPU
		{56A85B31-56C1-452E-9DE1-C48C163D07FF}.AppStore|Any CPU.ActiveCfg = AppStore|Any CPU
		{56A85B31-56C1-452E-9DE1-C48C163D07FF}.AppStore|Any CPU.Build.0 = AppStore|Any CPU
		{56A85B31-56C1-452E-9DE1-C48C163D07FF}.AppStore|ARM.ActiveCfg = AppStore|Any CPU
		{56A85B31-56C1-452E-9DE1-C48C163D07FF}.AppStore|ARM.Build.0 = AppStore|Any CPU
		{56A85B31-56C1-452E-9DE1-C48C163D07FF}.AppStore|iPhone.ActiveCfg = AppStore|Any CPU
		{56A85B31-56C1-452E-9DE1-C48C163D07FF}.AppStore|iPhone.Build.0 = AppStore|Any CPU
		{56A85B31-56C1-452E-9DE1-C48C163D07FF}.AppStore|iPhoneSimulator.ActiveCfg = AppStore|Any CPU
		{56A85B31-56C1-452E-9DE1-C48C163D07FF}.AppStore|iPhoneSimulator.Build.0 = AppStore|Any CPU
		{56A85B31-56C1-452E-9DE1-C48C163D07FF}.AppStore|x64.ActiveCfg = AppStore|Any CPU
		{56A85B31-56C1-452E-9DE1-C48C163D07FF}.AppStore|x64.Build.0 = AppStore|Any CPU
		{56A85B31-56C1-452E-9DE1-C48C163D07FF}.AppStore|x86.ActiveCfg = AppStore|Any CPU
		{56A85B31-56C1-452E-9DE1-C48C163D07FF}.AppStore|x86.Build.0 = AppStore|Any CPU
		{56A85B31-56C1-452E-9DE1-C48C163D07FF}.Debug|Any CPU.ActiveCfg = Debug|Any CPU
		{56A85B31-56C1-452E-9DE1-C48C163D07FF}.Debug|Any CPU.Build.0 = Debug|Any CPU
		{56A85B31-56C1-452E-9DE1-C48C163D07FF}.Debug|ARM.ActiveCfg = Debug|Any CPU
		{56A85B31-56C1-452E-9DE1-C48C163D07FF}.Debug|ARM.Build.0 = Debug|Any CPU
		{56A85B31-56C1-452E-9DE1-C48C163D07FF}.Debug|iPhone.ActiveCfg = Debug|Any CPU
		{56A85B31-56C1-452E-9DE1-C48C163D07FF}.Debug|iPhone.Build.0 = Debug|Any CPU
		{56A85B31-56C1-452E-9DE1-C48C163D07FF}.Debug|iPhoneSimulator.ActiveCfg = Debug|Any CPU
		{56A85B31-56C1-452E-9DE1-C48C163D07FF}.Debug|iPhoneSimulator.Build.0 = Debug|Any CPU
		{56A85B31-56C1-452E-9DE1-C48C163D07FF}.Debug|x64.ActiveCfg = Debug|Any CPU
		{56A85B31-56C1-452E-9DE1-C48C163D07FF}.Debug|x64.Build.0 = Debug|Any CPU
		{56A85B31-56C1-452E-9DE1-C48C163D07FF}.Debug|x86.ActiveCfg = Debug|Any CPU
		{56A85B31-56C1-452E-9DE1-C48C163D07FF}.Debug|x86.Build.0 = Debug|Any CPU
		{56A85B31-56C1-452E-9DE1-C48C163D07FF}.Release|Any CPU.ActiveCfg = Release|Any CPU
		{56A85B31-56C1-452E-9DE1-C48C163D07FF}.Release|Any CPU.Build.0 = Release|Any CPU
		{56A85B31-56C1-452E-9DE1-C48C163D07FF}.Release|ARM.ActiveCfg = Release|Any CPU
		{56A85B31-56C1-452E-9DE1-C48C163D07FF}.Release|ARM.Build.0 = Release|Any CPU
		{56A85B31-56C1-452E-9DE1-C48C163D07FF}.Release|iPhone.ActiveCfg = Release|Any CPU
		{56A85B31-56C1-452E-9DE1-C48C163D07FF}.Release|iPhone.Build.0 = Release|Any CPU
		{56A85B31-56C1-452E-9DE1-C48C163D07FF}.Release|iPhoneSimulator.ActiveCfg = Release|Any CPU
		{56A85B31-56C1-452E-9DE1-C48C163D07FF}.Release|iPhoneSimulator.Build.0 = Release|Any CPU
		{56A85B31-56C1-452E-9DE1-C48C163D07FF}.Release|x64.ActiveCfg = Release|Any CPU
		{56A85B31-56C1-452E-9DE1-C48C163D07FF}.Release|x64.Build.0 = Release|Any CPU
		{56A85B31-56C1-452E-9DE1-C48C163D07FF}.Release|x86.ActiveCfg = Release|Any CPU
		{56A85B31-56C1-452E-9DE1-C48C163D07FF}.Release|x86.Build.0 = Release|Any CPU
		{59302C85-D429-4494-96E2-E9483F77C15A}.Ad-Hoc|Any CPU.ActiveCfg = Release|Any CPU
		{59302C85-D429-4494-96E2-E9483F77C15A}.Ad-Hoc|ARM.ActiveCfg = Release|Any CPU
		{59302C85-D429-4494-96E2-E9483F77C15A}.Ad-Hoc|iPhone.ActiveCfg = Release|Any CPU
		{59302C85-D429-4494-96E2-E9483F77C15A}.Ad-Hoc|iPhoneSimulator.ActiveCfg = Release|Any CPU
		{59302C85-D429-4494-96E2-E9483F77C15A}.Ad-Hoc|x64.ActiveCfg = Release|Any CPU
		{59302C85-D429-4494-96E2-E9483F77C15A}.Ad-Hoc|x86.ActiveCfg = Release|Any CPU
		{59302C85-D429-4494-96E2-E9483F77C15A}.AppStore|Any CPU.ActiveCfg = Release|Any CPU
		{59302C85-D429-4494-96E2-E9483F77C15A}.AppStore|Any CPU.Build.0 = Release|Any CPU
		{59302C85-D429-4494-96E2-E9483F77C15A}.AppStore|ARM.ActiveCfg = Release|Any CPU
		{59302C85-D429-4494-96E2-E9483F77C15A}.AppStore|ARM.Build.0 = Release|Any CPU
		{59302C85-D429-4494-96E2-E9483F77C15A}.AppStore|iPhone.ActiveCfg = Release|Any CPU
		{59302C85-D429-4494-96E2-E9483F77C15A}.AppStore|iPhoneSimulator.ActiveCfg = Release|Any CPU
		{59302C85-D429-4494-96E2-E9483F77C15A}.AppStore|x64.ActiveCfg = Release|Any CPU
		{59302C85-D429-4494-96E2-E9483F77C15A}.AppStore|x64.Build.0 = Release|Any CPU
		{59302C85-D429-4494-96E2-E9483F77C15A}.AppStore|x86.ActiveCfg = Release|Any CPU
		{59302C85-D429-4494-96E2-E9483F77C15A}.AppStore|x86.Build.0 = Release|Any CPU
		{59302C85-D429-4494-96E2-E9483F77C15A}.Debug|Any CPU.ActiveCfg = Debug|Any CPU
		{59302C85-D429-4494-96E2-E9483F77C15A}.Debug|Any CPU.Build.0 = Debug|Any CPU
		{59302C85-D429-4494-96E2-E9483F77C15A}.Debug|ARM.ActiveCfg = Debug|Any CPU
		{59302C85-D429-4494-96E2-E9483F77C15A}.Debug|ARM.Build.0 = Debug|Any CPU
		{59302C85-D429-4494-96E2-E9483F77C15A}.Debug|iPhone.ActiveCfg = Debug|Any CPU
		{59302C85-D429-4494-96E2-E9483F77C15A}.Debug|iPhoneSimulator.ActiveCfg = Debug|Any CPU
		{59302C85-D429-4494-96E2-E9483F77C15A}.Debug|x64.ActiveCfg = Debug|Any CPU
		{59302C85-D429-4494-96E2-E9483F77C15A}.Debug|x64.Build.0 = Debug|Any CPU
		{59302C85-D429-4494-96E2-E9483F77C15A}.Debug|x86.ActiveCfg = Debug|Any CPU
		{59302C85-D429-4494-96E2-E9483F77C15A}.Debug|x86.Build.0 = Debug|Any CPU
		{59302C85-D429-4494-96E2-E9483F77C15A}.Release|Any CPU.ActiveCfg = Release|Any CPU
		{59302C85-D429-4494-96E2-E9483F77C15A}.Release|Any CPU.Build.0 = Release|Any CPU
		{59302C85-D429-4494-96E2-E9483F77C15A}.Release|ARM.ActiveCfg = Release|Any CPU
		{59302C85-D429-4494-96E2-E9483F77C15A}.Release|ARM.Build.0 = Release|Any CPU
		{59302C85-D429-4494-96E2-E9483F77C15A}.Release|iPhone.ActiveCfg = Release|Any CPU
		{59302C85-D429-4494-96E2-E9483F77C15A}.Release|iPhoneSimulator.ActiveCfg = Release|Any CPU
		{59302C85-D429-4494-96E2-E9483F77C15A}.Release|x64.ActiveCfg = Release|Any CPU
		{59302C85-D429-4494-96E2-E9483F77C15A}.Release|x64.Build.0 = Release|Any CPU
		{59302C85-D429-4494-96E2-E9483F77C15A}.Release|x86.ActiveCfg = Release|Any CPU
		{59302C85-D429-4494-96E2-E9483F77C15A}.Release|x86.Build.0 = Release|Any CPU
		{A776216F-D7D4-44F1-9371-5DEEDD40A592}.Ad-Hoc|Any CPU.ActiveCfg = Release|Any CPU
		{A776216F-D7D4-44F1-9371-5DEEDD40A592}.Ad-Hoc|Any CPU.Build.0 = Release|Any CPU
		{A776216F-D7D4-44F1-9371-5DEEDD40A592}.Ad-Hoc|ARM.ActiveCfg = Release|ARM
		{A776216F-D7D4-44F1-9371-5DEEDD40A592}.Ad-Hoc|ARM.Build.0 = Release|ARM
		{A776216F-D7D4-44F1-9371-5DEEDD40A592}.Ad-Hoc|iPhone.ActiveCfg = Release|Any CPU
		{A776216F-D7D4-44F1-9371-5DEEDD40A592}.Ad-Hoc|iPhone.Build.0 = Release|Any CPU
		{A776216F-D7D4-44F1-9371-5DEEDD40A592}.Ad-Hoc|iPhoneSimulator.ActiveCfg = Release|Any CPU
		{A776216F-D7D4-44F1-9371-5DEEDD40A592}.Ad-Hoc|iPhoneSimulator.Build.0 = Release|Any CPU
		{A776216F-D7D4-44F1-9371-5DEEDD40A592}.Ad-Hoc|x64.ActiveCfg = Release|Any CPU
		{A776216F-D7D4-44F1-9371-5DEEDD40A592}.Ad-Hoc|x64.Build.0 = Release|Any CPU
		{A776216F-D7D4-44F1-9371-5DEEDD40A592}.Ad-Hoc|x86.ActiveCfg = Release|x86
		{A776216F-D7D4-44F1-9371-5DEEDD40A592}.Ad-Hoc|x86.Build.0 = Release|x86
		{A776216F-D7D4-44F1-9371-5DEEDD40A592}.AppStore|Any CPU.ActiveCfg = Release|Any CPU
		{A776216F-D7D4-44F1-9371-5DEEDD40A592}.AppStore|Any CPU.Build.0 = Release|Any CPU
		{A776216F-D7D4-44F1-9371-5DEEDD40A592}.AppStore|ARM.ActiveCfg = Release|ARM
		{A776216F-D7D4-44F1-9371-5DEEDD40A592}.AppStore|ARM.Build.0 = Release|ARM
		{A776216F-D7D4-44F1-9371-5DEEDD40A592}.AppStore|iPhone.ActiveCfg = Release|Any CPU
		{A776216F-D7D4-44F1-9371-5DEEDD40A592}.AppStore|iPhone.Build.0 = Release|Any CPU
		{A776216F-D7D4-44F1-9371-5DEEDD40A592}.AppStore|iPhoneSimulator.ActiveCfg = Release|Any CPU
		{A776216F-D7D4-44F1-9371-5DEEDD40A592}.AppStore|iPhoneSimulator.Build.0 = Release|Any CPU
		{A776216F-D7D4-44F1-9371-5DEEDD40A592}.AppStore|x64.ActiveCfg = Release|Any CPU
		{A776216F-D7D4-44F1-9371-5DEEDD40A592}.AppStore|x64.Build.0 = Release|Any CPU
		{A776216F-D7D4-44F1-9371-5DEEDD40A592}.AppStore|x86.ActiveCfg = Release|x86
		{A776216F-D7D4-44F1-9371-5DEEDD40A592}.AppStore|x86.Build.0 = Release|x86
		{A776216F-D7D4-44F1-9371-5DEEDD40A592}.Debug|Any CPU.ActiveCfg = Debug|Any CPU
		{A776216F-D7D4-44F1-9371-5DEEDD40A592}.Debug|Any CPU.Build.0 = Debug|Any CPU
		{A776216F-D7D4-44F1-9371-5DEEDD40A592}.Debug|ARM.ActiveCfg = Debug|ARM
		{A776216F-D7D4-44F1-9371-5DEEDD40A592}.Debug|ARM.Build.0 = Debug|ARM
		{A776216F-D7D4-44F1-9371-5DEEDD40A592}.Debug|iPhone.ActiveCfg = Debug|Any CPU
		{A776216F-D7D4-44F1-9371-5DEEDD40A592}.Debug|iPhone.Build.0 = Debug|Any CPU
		{A776216F-D7D4-44F1-9371-5DEEDD40A592}.Debug|iPhoneSimulator.ActiveCfg = Debug|Any CPU
		{A776216F-D7D4-44F1-9371-5DEEDD40A592}.Debug|iPhoneSimulator.Build.0 = Debug|Any CPU
		{A776216F-D7D4-44F1-9371-5DEEDD40A592}.Debug|x64.ActiveCfg = Debug|Any CPU
		{A776216F-D7D4-44F1-9371-5DEEDD40A592}.Debug|x64.Build.0 = Debug|Any CPU
		{A776216F-D7D4-44F1-9371-5DEEDD40A592}.Debug|x86.ActiveCfg = Debug|x86
		{A776216F-D7D4-44F1-9371-5DEEDD40A592}.Debug|x86.Build.0 = Debug|x86
		{A776216F-D7D4-44F1-9371-5DEEDD40A592}.Release|Any CPU.ActiveCfg = Release|Any CPU
		{A776216F-D7D4-44F1-9371-5DEEDD40A592}.Release|Any CPU.Build.0 = Release|Any CPU
		{A776216F-D7D4-44F1-9371-5DEEDD40A592}.Release|ARM.ActiveCfg = Release|ARM
		{A776216F-D7D4-44F1-9371-5DEEDD40A592}.Release|ARM.Build.0 = Release|ARM
		{A776216F-D7D4-44F1-9371-5DEEDD40A592}.Release|iPhone.ActiveCfg = Release|Any CPU
		{A776216F-D7D4-44F1-9371-5DEEDD40A592}.Release|iPhone.Build.0 = Release|Any CPU
		{A776216F-D7D4-44F1-9371-5DEEDD40A592}.Release|iPhoneSimulator.ActiveCfg = Release|Any CPU
		{A776216F-D7D4-44F1-9371-5DEEDD40A592}.Release|iPhoneSimulator.Build.0 = Release|Any CPU
		{A776216F-D7D4-44F1-9371-5DEEDD40A592}.Release|x64.ActiveCfg = Release|Any CPU
		{A776216F-D7D4-44F1-9371-5DEEDD40A592}.Release|x64.Build.0 = Release|Any CPU
		{A776216F-D7D4-44F1-9371-5DEEDD40A592}.Release|x86.ActiveCfg = Release|x86
		{A776216F-D7D4-44F1-9371-5DEEDD40A592}.Release|x86.Build.0 = Release|x86
		{AC8FFED8-3131-40D5-B020-8F7F41762AE8}.Ad-Hoc|Any CPU.ActiveCfg = Ad-Hoc|iPhone
		{AC8FFED8-3131-40D5-B020-8F7F41762AE8}.Ad-Hoc|ARM.ActiveCfg = Ad-Hoc|iPhone
		{AC8FFED8-3131-40D5-B020-8F7F41762AE8}.Ad-Hoc|iPhone.ActiveCfg = Ad-Hoc|iPhone
		{AC8FFED8-3131-40D5-B020-8F7F41762AE8}.Ad-Hoc|iPhone.Build.0 = Ad-Hoc|iPhone
		{AC8FFED8-3131-40D5-B020-8F7F41762AE8}.Ad-Hoc|iPhoneSimulator.ActiveCfg = Ad-Hoc|iPhoneSimulator
		{AC8FFED8-3131-40D5-B020-8F7F41762AE8}.Ad-Hoc|iPhoneSimulator.Build.0 = Ad-Hoc|iPhoneSimulator
		{AC8FFED8-3131-40D5-B020-8F7F41762AE8}.Ad-Hoc|x64.ActiveCfg = Ad-Hoc|iPhone
		{AC8FFED8-3131-40D5-B020-8F7F41762AE8}.Ad-Hoc|x86.ActiveCfg = Ad-Hoc|iPhone
		{AC8FFED8-3131-40D5-B020-8F7F41762AE8}.AppStore|Any CPU.ActiveCfg = AppStore|iPhone
		{AC8FFED8-3131-40D5-B020-8F7F41762AE8}.AppStore|ARM.ActiveCfg = AppStore|iPhone
		{AC8FFED8-3131-40D5-B020-8F7F41762AE8}.AppStore|iPhone.ActiveCfg = AppStore|iPhone
		{AC8FFED8-3131-40D5-B020-8F7F41762AE8}.AppStore|iPhone.Build.0 = AppStore|iPhone
		{AC8FFED8-3131-40D5-B020-8F7F41762AE8}.AppStore|iPhoneSimulator.ActiveCfg = AppStore|iPhoneSimulator
		{AC8FFED8-3131-40D5-B020-8F7F41762AE8}.AppStore|iPhoneSimulator.Build.0 = AppStore|iPhoneSimulator
		{AC8FFED8-3131-40D5-B020-8F7F41762AE8}.AppStore|x64.ActiveCfg = AppStore|iPhone
		{AC8FFED8-3131-40D5-B020-8F7F41762AE8}.AppStore|x86.ActiveCfg = AppStore|iPhone
		{AC8FFED8-3131-40D5-B020-8F7F41762AE8}.Debug|Any CPU.ActiveCfg = Debug|iPhone
		{AC8FFED8-3131-40D5-B020-8F7F41762AE8}.Debug|ARM.ActiveCfg = Debug|iPhone
		{AC8FFED8-3131-40D5-B020-8F7F41762AE8}.Debug|iPhone.ActiveCfg = Debug|iPhone
		{AC8FFED8-3131-40D5-B020-8F7F41762AE8}.Debug|iPhone.Build.0 = Debug|iPhone
		{AC8FFED8-3131-40D5-B020-8F7F41762AE8}.Debug|iPhoneSimulator.ActiveCfg = Debug|iPhoneSimulator
		{AC8FFED8-3131-40D5-B020-8F7F41762AE8}.Debug|iPhoneSimulator.Build.0 = Debug|iPhoneSimulator
		{AC8FFED8-3131-40D5-B020-8F7F41762AE8}.Debug|x64.ActiveCfg = Debug|iPhone
		{AC8FFED8-3131-40D5-B020-8F7F41762AE8}.Debug|x86.ActiveCfg = Debug|iPhone
		{AC8FFED8-3131-40D5-B020-8F7F41762AE8}.Release|Any CPU.ActiveCfg = Release|iPhone
		{AC8FFED8-3131-40D5-B020-8F7F41762AE8}.Release|ARM.ActiveCfg = Release|iPhone
		{AC8FFED8-3131-40D5-B020-8F7F41762AE8}.Release|iPhone.ActiveCfg = Release|iPhone
		{AC8FFED8-3131-40D5-B020-8F7F41762AE8}.Release|iPhone.Build.0 = Release|iPhone
		{AC8FFED8-3131-40D5-B020-8F7F41762AE8}.Release|iPhoneSimulator.ActiveCfg = Release|iPhoneSimulator
		{AC8FFED8-3131-40D5-B020-8F7F41762AE8}.Release|iPhoneSimulator.Build.0 = Release|iPhoneSimulator
		{AC8FFED8-3131-40D5-B020-8F7F41762AE8}.Release|x64.ActiveCfg = Release|iPhone
		{AC8FFED8-3131-40D5-B020-8F7F41762AE8}.Release|x86.ActiveCfg = Release|iPhone
		{B73734D6-C699-432C-9537-C84E0FFBB39D}.Ad-Hoc|Any CPU.ActiveCfg = Release|Any CPU
		{B73734D6-C699-432C-9537-C84E0FFBB39D}.Ad-Hoc|Any CPU.Build.0 = Release|Any CPU
		{B73734D6-C699-432C-9537-C84E0FFBB39D}.Ad-Hoc|Any CPU.Deploy.0 = Release|Any CPU
		{B73734D6-C699-432C-9537-C84E0FFBB39D}.Ad-Hoc|ARM.ActiveCfg = Release|Any CPU
		{B73734D6-C699-432C-9537-C84E0FFBB39D}.Ad-Hoc|ARM.Build.0 = Release|Any CPU
		{B73734D6-C699-432C-9537-C84E0FFBB39D}.Ad-Hoc|ARM.Deploy.0 = Release|Any CPU
		{B73734D6-C699-432C-9537-C84E0FFBB39D}.Ad-Hoc|iPhone.ActiveCfg = Release|Any CPU
		{B73734D6-C699-432C-9537-C84E0FFBB39D}.Ad-Hoc|iPhone.Build.0 = Release|Any CPU
		{B73734D6-C699-432C-9537-C84E0FFBB39D}.Ad-Hoc|iPhone.Deploy.0 = Release|Any CPU
		{B73734D6-C699-432C-9537-C84E0FFBB39D}.Ad-Hoc|iPhoneSimulator.ActiveCfg = Release|Any CPU
		{B73734D6-C699-432C-9537-C84E0FFBB39D}.Ad-Hoc|iPhoneSimulator.Build.0 = Release|Any CPU
		{B73734D6-C699-432C-9537-C84E0FFBB39D}.Ad-Hoc|iPhoneSimulator.Deploy.0 = Release|Any CPU
		{B73734D6-C699-432C-9537-C84E0FFBB39D}.Ad-Hoc|x64.ActiveCfg = Release|Any CPU
		{B73734D6-C699-432C-9537-C84E0FFBB39D}.Ad-Hoc|x64.Build.0 = Release|Any CPU
		{B73734D6-C699-432C-9537-C84E0FFBB39D}.Ad-Hoc|x64.Deploy.0 = Release|Any CPU
		{B73734D6-C699-432C-9537-C84E0FFBB39D}.Ad-Hoc|x86.ActiveCfg = Release|Any CPU
		{B73734D6-C699-432C-9537-C84E0FFBB39D}.Ad-Hoc|x86.Build.0 = Release|Any CPU
		{B73734D6-C699-432C-9537-C84E0FFBB39D}.Ad-Hoc|x86.Deploy.0 = Release|Any CPU
		{B73734D6-C699-432C-9537-C84E0FFBB39D}.AppStore|Any CPU.ActiveCfg = Release|Any CPU
		{B73734D6-C699-432C-9537-C84E0FFBB39D}.AppStore|Any CPU.Build.0 = Release|Any CPU
		{B73734D6-C699-432C-9537-C84E0FFBB39D}.AppStore|Any CPU.Deploy.0 = Release|Any CPU
		{B73734D6-C699-432C-9537-C84E0FFBB39D}.AppStore|ARM.ActiveCfg = Release|Any CPU
		{B73734D6-C699-432C-9537-C84E0FFBB39D}.AppStore|ARM.Build.0 = Release|Any CPU
		{B73734D6-C699-432C-9537-C84E0FFBB39D}.AppStore|ARM.Deploy.0 = Release|Any CPU
		{B73734D6-C699-432C-9537-C84E0FFBB39D}.AppStore|iPhone.ActiveCfg = Release|Any CPU
		{B73734D6-C699-432C-9537-C84E0FFBB39D}.AppStore|iPhone.Build.0 = Release|Any CPU
		{B73734D6-C699-432C-9537-C84E0FFBB39D}.AppStore|iPhone.Deploy.0 = Release|Any CPU
		{B73734D6-C699-432C-9537-C84E0FFBB39D}.AppStore|iPhoneSimulator.ActiveCfg = Release|Any CPU
		{B73734D6-C699-432C-9537-C84E0FFBB39D}.AppStore|iPhoneSimulator.Build.0 = Release|Any CPU
		{B73734D6-C699-432C-9537-C84E0FFBB39D}.AppStore|iPhoneSimulator.Deploy.0 = Release|Any CPU
		{B73734D6-C699-432C-9537-C84E0FFBB39D}.AppStore|x64.ActiveCfg = Release|Any CPU
		{B73734D6-C699-432C-9537-C84E0FFBB39D}.AppStore|x64.Build.0 = Release|Any CPU
		{B73734D6-C699-432C-9537-C84E0FFBB39D}.AppStore|x64.Deploy.0 = Release|Any CPU
		{B73734D6-C699-432C-9537-C84E0FFBB39D}.AppStore|x86.ActiveCfg = Release|Any CPU
		{B73734D6-C699-432C-9537-C84E0FFBB39D}.AppStore|x86.Build.0 = Release|Any CPU
		{B73734D6-C699-432C-9537-C84E0FFBB39D}.AppStore|x86.Deploy.0 = Release|Any CPU
		{B73734D6-C699-432C-9537-C84E0FFBB39D}.Debug|Any CPU.ActiveCfg = Debug|Any CPU
		{B73734D6-C699-432C-9537-C84E0FFBB39D}.Debug|Any CPU.Build.0 = Debug|Any CPU
		{B73734D6-C699-432C-9537-C84E0FFBB39D}.Debug|Any CPU.Deploy.0 = Debug|Any CPU
		{B73734D6-C699-432C-9537-C84E0FFBB39D}.Debug|ARM.ActiveCfg = Debug|Any CPU
		{B73734D6-C699-432C-9537-C84E0FFBB39D}.Debug|ARM.Build.0 = Debug|Any CPU
		{B73734D6-C699-432C-9537-C84E0FFBB39D}.Debug|ARM.Deploy.0 = Debug|Any CPU
		{B73734D6-C699-432C-9537-C84E0FFBB39D}.Debug|iPhone.ActiveCfg = Debug|Any CPU
		{B73734D6-C699-432C-9537-C84E0FFBB39D}.Debug|iPhone.Build.0 = Debug|Any CPU
		{B73734D6-C699-432C-9537-C84E0FFBB39D}.Debug|iPhone.Deploy.0 = Debug|Any CPU
		{B73734D6-C699-432C-9537-C84E0FFBB39D}.Debug|iPhoneSimulator.ActiveCfg = Debug|Any CPU
		{B73734D6-C699-432C-9537-C84E0FFBB39D}.Debug|iPhoneSimulator.Build.0 = Debug|Any CPU
		{B73734D6-C699-432C-9537-C84E0FFBB39D}.Debug|iPhoneSimulator.Deploy.0 = Debug|Any CPU
		{B73734D6-C699-432C-9537-C84E0FFBB39D}.Debug|x64.ActiveCfg = Debug|Any CPU
		{B73734D6-C699-432C-9537-C84E0FFBB39D}.Debug|x64.Build.0 = Debug|Any CPU
		{B73734D6-C699-432C-9537-C84E0FFBB39D}.Debug|x64.Deploy.0 = Debug|Any CPU
		{B73734D6-C699-432C-9537-C84E0FFBB39D}.Debug|x86.ActiveCfg = Debug|Any CPU
		{B73734D6-C699-432C-9537-C84E0FFBB39D}.Debug|x86.Build.0 = Debug|Any CPU
		{B73734D6-C699-432C-9537-C84E0FFBB39D}.Debug|x86.Deploy.0 = Debug|Any CPU
		{B73734D6-C699-432C-9537-C84E0FFBB39D}.Release|Any CPU.ActiveCfg = Release|Any CPU
		{B73734D6-C699-432C-9537-C84E0FFBB39D}.Release|Any CPU.Build.0 = Release|Any CPU
		{B73734D6-C699-432C-9537-C84E0FFBB39D}.Release|Any CPU.Deploy.0 = Release|Any CPU
		{B73734D6-C699-432C-9537-C84E0FFBB39D}.Release|ARM.ActiveCfg = Release|Any CPU
		{B73734D6-C699-432C-9537-C84E0FFBB39D}.Release|ARM.Build.0 = Release|Any CPU
		{B73734D6-C699-432C-9537-C84E0FFBB39D}.Release|ARM.Deploy.0 = Release|Any CPU
		{B73734D6-C699-432C-9537-C84E0FFBB39D}.Release|iPhone.ActiveCfg = Release|Any CPU
		{B73734D6-C699-432C-9537-C84E0FFBB39D}.Release|iPhone.Build.0 = Release|Any CPU
		{B73734D6-C699-432C-9537-C84E0FFBB39D}.Release|iPhone.Deploy.0 = Release|Any CPU
		{B73734D6-C699-432C-9537-C84E0FFBB39D}.Release|iPhoneSimulator.ActiveCfg = Release|Any CPU
		{B73734D6-C699-432C-9537-C84E0FFBB39D}.Release|iPhoneSimulator.Build.0 = Release|Any CPU
		{B73734D6-C699-432C-9537-C84E0FFBB39D}.Release|iPhoneSimulator.Deploy.0 = Release|Any CPU
		{B73734D6-C699-432C-9537-C84E0FFBB39D}.Release|x64.ActiveCfg = Release|Any CPU
		{B73734D6-C699-432C-9537-C84E0FFBB39D}.Release|x64.Build.0 = Release|Any CPU
		{B73734D6-C699-432C-9537-C84E0FFBB39D}.Release|x64.Deploy.0 = Release|Any CPU
		{B73734D6-C699-432C-9537-C84E0FFBB39D}.Release|x86.ActiveCfg = Release|Any CPU
		{B73734D6-C699-432C-9537-C84E0FFBB39D}.Release|x86.Build.0 = Release|Any CPU
		{B73734D6-C699-432C-9537-C84E0FFBB39D}.Release|x86.Deploy.0 = Release|Any CPU
		{B94E9821-859A-4961-B80E-5DC1178440B5}.Ad-Hoc|Any CPU.ActiveCfg = Release|Any CPU
		{B94E9821-859A-4961-B80E-5DC1178440B5}.Ad-Hoc|Any CPU.Build.0 = Release|Any CPU
		{B94E9821-859A-4961-B80E-5DC1178440B5}.Ad-Hoc|Any CPU.Deploy.0 = Release|Any CPU
		{B94E9821-859A-4961-B80E-5DC1178440B5}.Ad-Hoc|ARM.ActiveCfg = Release|ARM
		{B94E9821-859A-4961-B80E-5DC1178440B5}.Ad-Hoc|ARM.Build.0 = Release|ARM
		{B94E9821-859A-4961-B80E-5DC1178440B5}.Ad-Hoc|ARM.Deploy.0 = Release|ARM
		{B94E9821-859A-4961-B80E-5DC1178440B5}.Ad-Hoc|iPhone.ActiveCfg = Release|Any CPU
		{B94E9821-859A-4961-B80E-5DC1178440B5}.Ad-Hoc|iPhone.Build.0 = Release|Any CPU
		{B94E9821-859A-4961-B80E-5DC1178440B5}.Ad-Hoc|iPhone.Deploy.0 = Release|Any CPU
		{B94E9821-859A-4961-B80E-5DC1178440B5}.Ad-Hoc|iPhoneSimulator.ActiveCfg = Release|Any CPU
		{B94E9821-859A-4961-B80E-5DC1178440B5}.Ad-Hoc|iPhoneSimulator.Build.0 = Release|Any CPU
		{B94E9821-859A-4961-B80E-5DC1178440B5}.Ad-Hoc|iPhoneSimulator.Deploy.0 = Release|Any CPU
		{B94E9821-859A-4961-B80E-5DC1178440B5}.Ad-Hoc|x64.ActiveCfg = Release|x64
		{B94E9821-859A-4961-B80E-5DC1178440B5}.Ad-Hoc|x64.Build.0 = Release|x64
		{B94E9821-859A-4961-B80E-5DC1178440B5}.Ad-Hoc|x64.Deploy.0 = Release|x64
		{B94E9821-859A-4961-B80E-5DC1178440B5}.Ad-Hoc|x86.ActiveCfg = Release|x86
		{B94E9821-859A-4961-B80E-5DC1178440B5}.Ad-Hoc|x86.Build.0 = Release|x86
		{B94E9821-859A-4961-B80E-5DC1178440B5}.Ad-Hoc|x86.Deploy.0 = Release|x86
		{B94E9821-859A-4961-B80E-5DC1178440B5}.AppStore|Any CPU.ActiveCfg = Release|Any CPU
		{B94E9821-859A-4961-B80E-5DC1178440B5}.AppStore|Any CPU.Build.0 = Release|Any CPU
		{B94E9821-859A-4961-B80E-5DC1178440B5}.AppStore|Any CPU.Deploy.0 = Release|Any CPU
		{B94E9821-859A-4961-B80E-5DC1178440B5}.AppStore|ARM.ActiveCfg = Release|ARM
		{B94E9821-859A-4961-B80E-5DC1178440B5}.AppStore|ARM.Build.0 = Release|ARM
		{B94E9821-859A-4961-B80E-5DC1178440B5}.AppStore|ARM.Deploy.0 = Release|ARM
		{B94E9821-859A-4961-B80E-5DC1178440B5}.AppStore|iPhone.ActiveCfg = Release|Any CPU
		{B94E9821-859A-4961-B80E-5DC1178440B5}.AppStore|iPhone.Build.0 = Release|Any CPU
		{B94E9821-859A-4961-B80E-5DC1178440B5}.AppStore|iPhone.Deploy.0 = Release|Any CPU
		{B94E9821-859A-4961-B80E-5DC1178440B5}.AppStore|iPhoneSimulator.ActiveCfg = Release|Any CPU
		{B94E9821-859A-4961-B80E-5DC1178440B5}.AppStore|iPhoneSimulator.Build.0 = Release|Any CPU
		{B94E9821-859A-4961-B80E-5DC1178440B5}.AppStore|iPhoneSimulator.Deploy.0 = Release|Any CPU
		{B94E9821-859A-4961-B80E-5DC1178440B5}.AppStore|x64.ActiveCfg = Release|x64
		{B94E9821-859A-4961-B80E-5DC1178440B5}.AppStore|x64.Build.0 = Release|x64
		{B94E9821-859A-4961-B80E-5DC1178440B5}.AppStore|x64.Deploy.0 = Release|x64
		{B94E9821-859A-4961-B80E-5DC1178440B5}.AppStore|x86.ActiveCfg = Release|x86
		{B94E9821-859A-4961-B80E-5DC1178440B5}.AppStore|x86.Build.0 = Release|x86
		{B94E9821-859A-4961-B80E-5DC1178440B5}.AppStore|x86.Deploy.0 = Release|x86
		{B94E9821-859A-4961-B80E-5DC1178440B5}.Debug|Any CPU.ActiveCfg = Debug|Any CPU
		{B94E9821-859A-4961-B80E-5DC1178440B5}.Debug|Any CPU.Build.0 = Debug|Any CPU
		{B94E9821-859A-4961-B80E-5DC1178440B5}.Debug|Any CPU.Deploy.0 = Debug|Any CPU
		{B94E9821-859A-4961-B80E-5DC1178440B5}.Debug|ARM.ActiveCfg = Debug|ARM
		{B94E9821-859A-4961-B80E-5DC1178440B5}.Debug|ARM.Build.0 = Debug|ARM
		{B94E9821-859A-4961-B80E-5DC1178440B5}.Debug|ARM.Deploy.0 = Debug|ARM
		{B94E9821-859A-4961-B80E-5DC1178440B5}.Debug|iPhone.ActiveCfg = Debug|Any CPU
		{B94E9821-859A-4961-B80E-5DC1178440B5}.Debug|iPhone.Build.0 = Debug|Any CPU
		{B94E9821-859A-4961-B80E-5DC1178440B5}.Debug|iPhone.Deploy.0 = Debug|Any CPU
		{B94E9821-859A-4961-B80E-5DC1178440B5}.Debug|iPhoneSimulator.ActiveCfg = Debug|Any CPU
		{B94E9821-859A-4961-B80E-5DC1178440B5}.Debug|iPhoneSimulator.Build.0 = Debug|Any CPU
		{B94E9821-859A-4961-B80E-5DC1178440B5}.Debug|iPhoneSimulator.Deploy.0 = Debug|Any CPU
		{B94E9821-859A-4961-B80E-5DC1178440B5}.Debug|x64.ActiveCfg = Debug|x64
		{B94E9821-859A-4961-B80E-5DC1178440B5}.Debug|x64.Build.0 = Debug|x64
		{B94E9821-859A-4961-B80E-5DC1178440B5}.Debug|x64.Deploy.0 = Debug|x64
		{B94E9821-859A-4961-B80E-5DC1178440B5}.Debug|x86.ActiveCfg = Debug|x86
		{B94E9821-859A-4961-B80E-5DC1178440B5}.Debug|x86.Build.0 = Debug|x86
		{B94E9821-859A-4961-B80E-5DC1178440B5}.Debug|x86.Deploy.0 = Debug|x86
		{B94E9821-859A-4961-B80E-5DC1178440B5}.Release|Any CPU.ActiveCfg = Release|Any CPU
		{B94E9821-859A-4961-B80E-5DC1178440B5}.Release|Any CPU.Build.0 = Release|Any CPU
		{B94E9821-859A-4961-B80E-5DC1178440B5}.Release|Any CPU.Deploy.0 = Release|Any CPU
		{B94E9821-859A-4961-B80E-5DC1178440B5}.Release|ARM.ActiveCfg = Release|ARM
		{B94E9821-859A-4961-B80E-5DC1178440B5}.Release|ARM.Build.0 = Release|ARM
		{B94E9821-859A-4961-B80E-5DC1178440B5}.Release|ARM.Deploy.0 = Release|ARM
		{B94E9821-859A-4961-B80E-5DC1178440B5}.Release|iPhone.ActiveCfg = Release|Any CPU
		{B94E9821-859A-4961-B80E-5DC1178440B5}.Release|iPhone.Build.0 = Release|Any CPU
		{B94E9821-859A-4961-B80E-5DC1178440B5}.Release|iPhone.Deploy.0 = Release|Any CPU
		{B94E9821-859A-4961-B80E-5DC1178440B5}.Release|iPhoneSimulator.ActiveCfg = Release|Any CPU
		{B94E9821-859A-4961-B80E-5DC1178440B5}.Release|iPhoneSimulator.Build.0 = Release|Any CPU
		{B94E9821-859A-4961-B80E-5DC1178440B5}.Release|iPhoneSimulator.Deploy.0 = Release|Any CPU
		{B94E9821-859A-4961-B80E-5DC1178440B5}.Release|x64.ActiveCfg = Release|x64
		{B94E9821-859A-4961-B80E-5DC1178440B5}.Release|x64.Build.0 = Release|x64
		{B94E9821-859A-4961-B80E-5DC1178440B5}.Release|x64.Deploy.0 = Release|x64
		{B94E9821-859A-4961-B80E-5DC1178440B5}.Release|x86.ActiveCfg = Release|x86
		{B94E9821-859A-4961-B80E-5DC1178440B5}.Release|x86.Build.0 = Release|x86
		{B94E9821-859A-4961-B80E-5DC1178440B5}.Release|x86.Deploy.0 = Release|x86
		{C3DF5ACE-7DA0-4EFA-B9F6-4E035286C7E2}.Ad-Hoc|Any CPU.ActiveCfg = Release|Any CPU
		{C3DF5ACE-7DA0-4EFA-B9F6-4E035286C7E2}.Ad-Hoc|Any CPU.Build.0 = Release|Any CPU
		{C3DF5ACE-7DA0-4EFA-B9F6-4E035286C7E2}.Ad-Hoc|ARM.ActiveCfg = Release|Any CPU
		{C3DF5ACE-7DA0-4EFA-B9F6-4E035286C7E2}.Ad-Hoc|ARM.Build.0 = Release|Any CPU
		{C3DF5ACE-7DA0-4EFA-B9F6-4E035286C7E2}.Ad-Hoc|iPhone.ActiveCfg = Release|Any CPU
		{C3DF5ACE-7DA0-4EFA-B9F6-4E035286C7E2}.Ad-Hoc|iPhone.Build.0 = Release|Any CPU
		{C3DF5ACE-7DA0-4EFA-B9F6-4E035286C7E2}.Ad-Hoc|iPhoneSimulator.ActiveCfg = Release|Any CPU
		{C3DF5ACE-7DA0-4EFA-B9F6-4E035286C7E2}.Ad-Hoc|iPhoneSimulator.Build.0 = Release|Any CPU
		{C3DF5ACE-7DA0-4EFA-B9F6-4E035286C7E2}.Ad-Hoc|x64.ActiveCfg = Release|Any CPU
		{C3DF5ACE-7DA0-4EFA-B9F6-4E035286C7E2}.Ad-Hoc|x64.Build.0 = Release|Any CPU
		{C3DF5ACE-7DA0-4EFA-B9F6-4E035286C7E2}.Ad-Hoc|x86.ActiveCfg = Release|Any CPU
		{C3DF5ACE-7DA0-4EFA-B9F6-4E035286C7E2}.Ad-Hoc|x86.Build.0 = Release|Any CPU
		{C3DF5ACE-7DA0-4EFA-B9F6-4E035286C7E2}.AppStore|Any CPU.ActiveCfg = Release|Any CPU
		{C3DF5ACE-7DA0-4EFA-B9F6-4E035286C7E2}.AppStore|Any CPU.Build.0 = Release|Any CPU
		{C3DF5ACE-7DA0-4EFA-B9F6-4E035286C7E2}.AppStore|ARM.ActiveCfg = Release|Any CPU
		{C3DF5ACE-7DA0-4EFA-B9F6-4E035286C7E2}.AppStore|ARM.Build.0 = Release|Any CPU
		{C3DF5ACE-7DA0-4EFA-B9F6-4E035286C7E2}.AppStore|iPhone.ActiveCfg = Release|Any CPU
		{C3DF5ACE-7DA0-4EFA-B9F6-4E035286C7E2}.AppStore|iPhone.Build.0 = Release|Any CPU
		{C3DF5ACE-7DA0-4EFA-B9F6-4E035286C7E2}.AppStore|iPhoneSimulator.ActiveCfg = Release|Any CPU
		{C3DF5ACE-7DA0-4EFA-B9F6-4E035286C7E2}.AppStore|iPhoneSimulator.Build.0 = Release|Any CPU
		{C3DF5ACE-7DA0-4EFA-B9F6-4E035286C7E2}.AppStore|x64.ActiveCfg = Release|Any CPU
		{C3DF5ACE-7DA0-4EFA-B9F6-4E035286C7E2}.AppStore|x64.Build.0 = Release|Any CPU
		{C3DF5ACE-7DA0-4EFA-B9F6-4E035286C7E2}.AppStore|x86.ActiveCfg = Release|Any CPU
		{C3DF5ACE-7DA0-4EFA-B9F6-4E035286C7E2}.AppStore|x86.Build.0 = Release|Any CPU
		{C3DF5ACE-7DA0-4EFA-B9F6-4E035286C7E2}.Debug|Any CPU.ActiveCfg = Debug|Any CPU
		{C3DF5ACE-7DA0-4EFA-B9F6-4E035286C7E2}.Debug|Any CPU.Build.0 = Debug|Any CPU
		{C3DF5ACE-7DA0-4EFA-B9F6-4E035286C7E2}.Debug|ARM.ActiveCfg = Debug|Any CPU
		{C3DF5ACE-7DA0-4EFA-B9F6-4E035286C7E2}.Debug|ARM.Build.0 = Debug|Any CPU
		{C3DF5ACE-7DA0-4EFA-B9F6-4E035286C7E2}.Debug|iPhone.ActiveCfg = Debug|Any CPU
		{C3DF5ACE-7DA0-4EFA-B9F6-4E035286C7E2}.Debug|iPhone.Build.0 = Debug|Any CPU
		{C3DF5ACE-7DA0-4EFA-B9F6-4E035286C7E2}.Debug|iPhoneSimulator.ActiveCfg = Debug|Any CPU
		{C3DF5ACE-7DA0-4EFA-B9F6-4E035286C7E2}.Debug|iPhoneSimulator.Build.0 = Debug|Any CPU
		{C3DF5ACE-7DA0-4EFA-B9F6-4E035286C7E2}.Debug|x64.ActiveCfg = Debug|Any CPU
		{C3DF5ACE-7DA0-4EFA-B9F6-4E035286C7E2}.Debug|x64.Build.0 = Debug|Any CPU
		{C3DF5ACE-7DA0-4EFA-B9F6-4E035286C7E2}.Debug|x86.ActiveCfg = Debug|Any CPU
		{C3DF5ACE-7DA0-4EFA-B9F6-4E035286C7E2}.Debug|x86.Build.0 = Debug|Any CPU
		{C3DF5ACE-7DA0-4EFA-B9F6-4E035286C7E2}.Release|Any CPU.ActiveCfg = Release|Any CPU
		{C3DF5ACE-7DA0-4EFA-B9F6-4E035286C7E2}.Release|Any CPU.Build.0 = Release|Any CPU
		{C3DF5ACE-7DA0-4EFA-B9F6-4E035286C7E2}.Release|ARM.ActiveCfg = Release|Any CPU
		{C3DF5ACE-7DA0-4EFA-B9F6-4E035286C7E2}.Release|ARM.Build.0 = Release|Any CPU
		{C3DF5ACE-7DA0-4EFA-B9F6-4E035286C7E2}.Release|iPhone.ActiveCfg = Release|Any CPU
		{C3DF5ACE-7DA0-4EFA-B9F6-4E035286C7E2}.Release|iPhone.Build.0 = Release|Any CPU
		{C3DF5ACE-7DA0-4EFA-B9F6-4E035286C7E2}.Release|iPhoneSimulator.ActiveCfg = Release|Any CPU
		{C3DF5ACE-7DA0-4EFA-B9F6-4E035286C7E2}.Release|iPhoneSimulator.Build.0 = Release|Any CPU
		{C3DF5ACE-7DA0-4EFA-B9F6-4E035286C7E2}.Release|x64.ActiveCfg = Release|Any CPU
		{C3DF5ACE-7DA0-4EFA-B9F6-4E035286C7E2}.Release|x64.Build.0 = Release|Any CPU
		{C3DF5ACE-7DA0-4EFA-B9F6-4E035286C7E2}.Release|x86.ActiveCfg = Release|Any CPU
		{C3DF5ACE-7DA0-4EFA-B9F6-4E035286C7E2}.Release|x86.Build.0 = Release|Any CPU
		{CF5330A2-6A81-4AFB-9504-BBAE3EDFEC14}.Ad-Hoc|Any CPU.ActiveCfg = Release|Any CPU
		{CF5330A2-6A81-4AFB-9504-BBAE3EDFEC14}.Ad-Hoc|Any CPU.Build.0 = Release|Any CPU
		{CF5330A2-6A81-4AFB-9504-BBAE3EDFEC14}.Ad-Hoc|ARM.ActiveCfg = Release|ARM
		{CF5330A2-6A81-4AFB-9504-BBAE3EDFEC14}.Ad-Hoc|ARM.Build.0 = Release|ARM
		{CF5330A2-6A81-4AFB-9504-BBAE3EDFEC14}.Ad-Hoc|iPhone.ActiveCfg = Release|Any CPU
		{CF5330A2-6A81-4AFB-9504-BBAE3EDFEC14}.Ad-Hoc|iPhone.Build.0 = Release|Any CPU
		{CF5330A2-6A81-4AFB-9504-BBAE3EDFEC14}.Ad-Hoc|iPhoneSimulator.ActiveCfg = Release|Any CPU
		{CF5330A2-6A81-4AFB-9504-BBAE3EDFEC14}.Ad-Hoc|iPhoneSimulator.Build.0 = Release|Any CPU
		{CF5330A2-6A81-4AFB-9504-BBAE3EDFEC14}.Ad-Hoc|x64.ActiveCfg = Release|x64
		{CF5330A2-6A81-4AFB-9504-BBAE3EDFEC14}.Ad-Hoc|x64.Build.0 = Release|x64
		{CF5330A2-6A81-4AFB-9504-BBAE3EDFEC14}.Ad-Hoc|x86.ActiveCfg = Release|x86
		{CF5330A2-6A81-4AFB-9504-BBAE3EDFEC14}.Ad-Hoc|x86.Build.0 = Release|x86
		{CF5330A2-6A81-4AFB-9504-BBAE3EDFEC14}.AppStore|Any CPU.ActiveCfg = Release|Any CPU
		{CF5330A2-6A81-4AFB-9504-BBAE3EDFEC14}.AppStore|Any CPU.Build.0 = Release|Any CPU
		{CF5330A2-6A81-4AFB-9504-BBAE3EDFEC14}.AppStore|ARM.ActiveCfg = Release|ARM
		{CF5330A2-6A81-4AFB-9504-BBAE3EDFEC14}.AppStore|ARM.Build.0 = Release|ARM
		{CF5330A2-6A81-4AFB-9504-BBAE3EDFEC14}.AppStore|iPhone.ActiveCfg = Release|Any CPU
		{CF5330A2-6A81-4AFB-9504-BBAE3EDFEC14}.AppStore|iPhone.Build.0 = Release|Any CPU
		{CF5330A2-6A81-4AFB-9504-BBAE3EDFEC14}.AppStore|iPhoneSimulator.ActiveCfg = Release|Any CPU
		{CF5330A2-6A81-4AFB-9504-BBAE3EDFEC14}.AppStore|iPhoneSimulator.Build.0 = Release|Any CPU
		{CF5330A2-6A81-4AFB-9504-BBAE3EDFEC14}.AppStore|x64.ActiveCfg = Release|x64
		{CF5330A2-6A81-4AFB-9504-BBAE3EDFEC14}.AppStore|x64.Build.0 = Release|x64
		{CF5330A2-6A81-4AFB-9504-BBAE3EDFEC14}.AppStore|x86.ActiveCfg = Release|x86
		{CF5330A2-6A81-4AFB-9504-BBAE3EDFEC14}.AppStore|x86.Build.0 = Release|x86
		{CF5330A2-6A81-4AFB-9504-BBAE3EDFEC14}.Debug|Any CPU.ActiveCfg = Debug|Any CPU
		{CF5330A2-6A81-4AFB-9504-BBAE3EDFEC14}.Debug|Any CPU.Build.0 = Debug|Any CPU
		{CF5330A2-6A81-4AFB-9504-BBAE3EDFEC14}.Debug|ARM.ActiveCfg = Debug|ARM
		{CF5330A2-6A81-4AFB-9504-BBAE3EDFEC14}.Debug|ARM.Build.0 = Debug|ARM
		{CF5330A2-6A81-4AFB-9504-BBAE3EDFEC14}.Debug|iPhone.ActiveCfg = Debug|Any CPU
		{CF5330A2-6A81-4AFB-9504-BBAE3EDFEC14}.Debug|iPhone.Build.0 = Debug|Any CPU
		{CF5330A2-6A81-4AFB-9504-BBAE3EDFEC14}.Debug|iPhoneSimulator.ActiveCfg = Debug|Any CPU
		{CF5330A2-6A81-4AFB-9504-BBAE3EDFEC14}.Debug|iPhoneSimulator.Build.0 = Debug|Any CPU
		{CF5330A2-6A81-4AFB-9504-BBAE3EDFEC14}.Debug|x64.ActiveCfg = Debug|x64
		{CF5330A2-6A81-4AFB-9504-BBAE3EDFEC14}.Debug|x64.Build.0 = Debug|x64
		{CF5330A2-6A81-4AFB-9504-BBAE3EDFEC14}.Debug|x86.ActiveCfg = Debug|x86
		{CF5330A2-6A81-4AFB-9504-BBAE3EDFEC14}.Debug|x86.Build.0 = Debug|x86
		{CF5330A2-6A81-4AFB-9504-BBAE3EDFEC14}.Release|Any CPU.ActiveCfg = Release|Any CPU
		{CF5330A2-6A81-4AFB-9504-BBAE3EDFEC14}.Release|Any CPU.Build.0 = Release|Any CPU
		{CF5330A2-6A81-4AFB-9504-BBAE3EDFEC14}.Release|ARM.ActiveCfg = Release|ARM
		{CF5330A2-6A81-4AFB-9504-BBAE3EDFEC14}.Release|ARM.Build.0 = Release|ARM
		{CF5330A2-6A81-4AFB-9504-BBAE3EDFEC14}.Release|iPhone.ActiveCfg = Release|Any CPU
		{CF5330A2-6A81-4AFB-9504-BBAE3EDFEC14}.Release|iPhone.Build.0 = Release|Any CPU
		{CF5330A2-6A81-4AFB-9504-BBAE3EDFEC14}.Release|iPhoneSimulator.ActiveCfg = Release|Any CPU
		{CF5330A2-6A81-4AFB-9504-BBAE3EDFEC14}.Release|iPhoneSimulator.Build.0 = Release|Any CPU
		{CF5330A2-6A81-4AFB-9504-BBAE3EDFEC14}.Release|x64.ActiveCfg = Release|x64
		{CF5330A2-6A81-4AFB-9504-BBAE3EDFEC14}.Release|x64.Build.0 = Release|x64
		{CF5330A2-6A81-4AFB-9504-BBAE3EDFEC14}.Release|x86.ActiveCfg = Release|x86
		{CF5330A2-6A81-4AFB-9504-BBAE3EDFEC14}.Release|x86.Build.0 = Release|x86
		{DF46EFA6-1ECD-47E6-844B-32948C09119C}.Ad-Hoc|Any CPU.ActiveCfg = Release|Any CPU
		{DF46EFA6-1ECD-47E6-844B-32948C09119C}.Ad-Hoc|Any CPU.Build.0 = Release|Any CPU
		{DF46EFA6-1ECD-47E6-844B-32948C09119C}.Ad-Hoc|ARM.ActiveCfg = Release|Any CPU
		{DF46EFA6-1ECD-47E6-844B-32948C09119C}.Ad-Hoc|ARM.Build.0 = Release|Any CPU
		{DF46EFA6-1ECD-47E6-844B-32948C09119C}.Ad-Hoc|iPhone.ActiveCfg = Release|Any CPU
		{DF46EFA6-1ECD-47E6-844B-32948C09119C}.Ad-Hoc|iPhone.Build.0 = Release|Any CPU
		{DF46EFA6-1ECD-47E6-844B-32948C09119C}.Ad-Hoc|iPhoneSimulator.ActiveCfg = Release|Any CPU
		{DF46EFA6-1ECD-47E6-844B-32948C09119C}.Ad-Hoc|iPhoneSimulator.Build.0 = Release|Any CPU
		{DF46EFA6-1ECD-47E6-844B-32948C09119C}.Ad-Hoc|x64.ActiveCfg = Release|Any CPU
		{DF46EFA6-1ECD-47E6-844B-32948C09119C}.Ad-Hoc|x64.Build.0 = Release|Any CPU
		{DF46EFA6-1ECD-47E6-844B-32948C09119C}.Ad-Hoc|x86.ActiveCfg = Release|Any CPU
		{DF46EFA6-1ECD-47E6-844B-32948C09119C}.Ad-Hoc|x86.Build.0 = Release|Any CPU
		{DF46EFA6-1ECD-47E6-844B-32948C09119C}.AppStore|Any CPU.ActiveCfg = Release|Any CPU
		{DF46EFA6-1ECD-47E6-844B-32948C09119C}.AppStore|Any CPU.Build.0 = Release|Any CPU
		{DF46EFA6-1ECD-47E6-844B-32948C09119C}.AppStore|ARM.ActiveCfg = Release|Any CPU
		{DF46EFA6-1ECD-47E6-844B-32948C09119C}.AppStore|ARM.Build.0 = Release|Any CPU
		{DF46EFA6-1ECD-47E6-844B-32948C09119C}.AppStore|iPhone.ActiveCfg = Release|Any CPU
		{DF46EFA6-1ECD-47E6-844B-32948C09119C}.AppStore|iPhone.Build.0 = Release|Any CPU
		{DF46EFA6-1ECD-47E6-844B-32948C09119C}.AppStore|iPhoneSimulator.ActiveCfg = Release|Any CPU
		{DF46EFA6-1ECD-47E6-844B-32948C09119C}.AppStore|iPhoneSimulator.Build.0 = Release|Any CPU
		{DF46EFA6-1ECD-47E6-844B-32948C09119C}.AppStore|x64.ActiveCfg = Release|Any CPU
		{DF46EFA6-1ECD-47E6-844B-32948C09119C}.AppStore|x64.Build.0 = Release|Any CPU
		{DF46EFA6-1ECD-47E6-844B-32948C09119C}.AppStore|x86.ActiveCfg = Release|Any CPU
		{DF46EFA6-1ECD-47E6-844B-32948C09119C}.AppStore|x86.Build.0 = Release|Any CPU
		{DF46EFA6-1ECD-47E6-844B-32948C09119C}.Debug|Any CPU.ActiveCfg = Debug|Any CPU
		{DF46EFA6-1ECD-47E6-844B-32948C09119C}.Debug|Any CPU.Build.0 = Debug|Any CPU
		{DF46EFA6-1ECD-47E6-844B-32948C09119C}.Debug|ARM.ActiveCfg = Debug|Any CPU
		{DF46EFA6-1ECD-47E6-844B-32948C09119C}.Debug|ARM.Build.0 = Debug|Any CPU
		{DF46EFA6-1ECD-47E6-844B-32948C09119C}.Debug|iPhone.ActiveCfg = Debug|Any CPU
		{DF46EFA6-1ECD-47E6-844B-32948C09119C}.Debug|iPhone.Build.0 = Debug|Any CPU
		{DF46EFA6-1ECD-47E6-844B-32948C09119C}.Debug|iPhoneSimulator.ActiveCfg = Debug|Any CPU
		{DF46EFA6-1ECD-47E6-844B-32948C09119C}.Debug|iPhoneSimulator.Build.0 = Debug|Any CPU
		{DF46EFA6-1ECD-47E6-844B-32948C09119C}.Debug|x64.ActiveCfg = Debug|Any CPU
		{DF46EFA6-1ECD-47E6-844B-32948C09119C}.Debug|x64.Build.0 = Debug|Any CPU
		{DF46EFA6-1ECD-47E6-844B-32948C09119C}.Debug|x86.ActiveCfg = Debug|Any CPU
		{DF46EFA6-1ECD-47E6-844B-32948C09119C}.Debug|x86.Build.0 = Debug|Any CPU
		{DF46EFA6-1ECD-47E6-844B-32948C09119C}.Release|Any CPU.ActiveCfg = Release|Any CPU
		{DF46EFA6-1ECD-47E6-844B-32948C09119C}.Release|Any CPU.Build.0 = Release|Any CPU
		{DF46EFA6-1ECD-47E6-844B-32948C09119C}.Release|ARM.ActiveCfg = Release|Any CPU
		{DF46EFA6-1ECD-47E6-844B-32948C09119C}.Release|ARM.Build.0 = Release|Any CPU
		{DF46EFA6-1ECD-47E6-844B-32948C09119C}.Release|iPhone.ActiveCfg = Release|Any CPU
		{DF46EFA6-1ECD-47E6-844B-32948C09119C}.Release|iPhone.Build.0 = Release|Any CPU
		{DF46EFA6-1ECD-47E6-844B-32948C09119C}.Release|iPhoneSimulator.ActiveCfg = Release|Any CPU
		{DF46EFA6-1ECD-47E6-844B-32948C09119C}.Release|iPhoneSimulator.Build.0 = Release|Any CPU
		{DF46EFA6-1ECD-47E6-844B-32948C09119C}.Release|x64.ActiveCfg = Release|Any CPU
		{DF46EFA6-1ECD-47E6-844B-32948C09119C}.Release|x64.Build.0 = Release|Any CPU
		{DF46EFA6-1ECD-47E6-844B-32948C09119C}.Release|x86.ActiveCfg = Release|Any CPU
		{DF46EFA6-1ECD-47E6-844B-32948C09119C}.Release|x86.Build.0 = Release|Any CPU
	EndGlobalSection
	GlobalSection(NestedProjects) = preSolution
		{B73734D6-C699-432C-9537-C84E0FFBB39D} = {534CBEFA-7DA2-4C48-B481-D6266060E73F}
		{AC8FFED8-3131-40D5-B020-8F7F41762AE8} = {534CBEFA-7DA2-4C48-B481-D6266060E73F}
		{421E033A-C7DF-42CF-971F-5CECDF4995E5} = {534CBEFA-7DA2-4C48-B481-D6266060E73F}
		{28C11D89-8F19-497A-B4FA-9F7931B09CBF} = {534CBEFA-7DA2-4C48-B481-D6266060E73F}
		{B94E9821-859A-4961-B80E-5DC1178440B5} = {534CBEFA-7DA2-4C48-B481-D6266060E73F}
		{DF46EFA6-1ECD-47E6-844B-32948C09119C} = {534CBEFA-7DA2-4C48-B481-D6266060E73F}
		{30757D16-8A20-4CC2-A4B7-1DEEC7C77C51} = {E57929A3-D497-40FB-81A2-4FA304B9EE1F}
		{56A85B31-56C1-452E-9DE1-C48C163D07FF} = {E57929A3-D497-40FB-81A2-4FA304B9EE1F}
		{59302C85-D429-4494-96E2-E9483F77C15A} = {E57929A3-D497-40FB-81A2-4FA304B9EE1F}
		{0F1E83B1-7A91-4965-A927-3CECAB1DBAA1} = {E57929A3-D497-40FB-81A2-4FA304B9EE1F}
		{A776216F-D7D4-44F1-9371-5DEEDD40A592} = {E57929A3-D497-40FB-81A2-4FA304B9EE1F}
		{CF5330A2-6A81-4AFB-9504-BBAE3EDFEC14} = {E57929A3-D497-40FB-81A2-4FA304B9EE1F}
		{3B4B81A6-24EE-4CB6-8C4D-CA67CB19FFA2} = {E57929A3-D497-40FB-81A2-4FA304B9EE1F}
	EndGlobalSection
	GlobalSection(SolutionProperties) = preSolution
		HideSolutionNode = FALSE
	EndGlobalSection
EndGlobal
