
Microsoft Visual Studio Solution File, Format Version 12.00
# Visual Studio 14
VisualStudioVersion = 14.0.24720.0
MinimumVisualStudioVersion = 10.0.40219.1
Project("{FAE04EC0-301F-11D3-BF4B-00C04F79EFBC}") = "Anuracode.Forms.Controls", "Anuracode.Forms.Controls\Anuracode.Forms.Controls.csproj", "{30757D16-8A20-4CC2-A4B7-1DEEC7C77C51}"
EndProject
Project("{FAE04EC0-301F-11D3-BF4B-00C04F79EFBC}") = "Anuracode.Forms.Controls.iOS", "Anuracode.Forms.Controls.iOS\Anuracode.Forms.Controls.iOS.csproj", "{56A85B31-56C1-452E-9DE1-C48C163D07FF}"
EndProject
Project("{FAE04EC0-301F-11D3-BF4B-00C04F79EFBC}") = "Anuracode.Forms.Controls.Droid", "Anuracode.Forms.Controls.Droid\Anuracode.Forms.Controls.Droid.csproj", "{59302C85-D429-4494-96E2-E9483F77C15A}"
EndProject
Project("{FAE04EC0-301F-11D3-BF4B-00C04F79EFBC}") = "Anuracode.Forms.Controls.WindowsUWP", "Anuracode.Forms.Controls.WindowsUWP\Anuracode.Forms.Controls.WindowsUWP.csproj", "{0F1E83B1-7A91-4965-A927-3CECAB1DBAA1}"
EndProject
Project("{FAE04EC0-301F-11D3-BF4B-00C04F79EFBC}") = "Anuracode.Forms.Controls.WinPhone8", "Anuracode.Forms.Controls.WinPhone8\Anuracode.Forms.Controls.WinPhone8.csproj", "{A776216F-D7D4-44F1-9371-5DEEDD40A592}"
EndProject
Project("{FAE04EC0-301F-11D3-BF4B-00C04F79EFBC}") = "Anuracode.Forms.Controls.WinStore", "Anuracode.Forms.Controls.WinStore\Anuracode.Forms.Controls.WinStore.csproj", "{CF5330A2-6A81-4AFB-9504-BBAE3EDFEC14}"
EndProject
Project("{2150E333-8FDC-42A3-9474-1A3956D46DE8}") = "Readme", "Readme", "{A0B251CA-98DF-4DDD-AF76-74237272DACB}"
	ProjectSection(SolutionItems) = preProject
		README.md = README.md
	EndProjectSection
EndProject
Global
	GlobalSection(SolutionConfigurationPlatforms) = preSolution
		AppStore|Any CPU = AppStore|Any CPU
		AppStore|ARM = AppStore|ARM
		AppStore|x64 = AppStore|x64
		AppStore|x86 = AppStore|x86
		Debug|Any CPU = Debug|Any CPU
		Debug|ARM = Debug|ARM
		Debug|x64 = Debug|x64
		Debug|x86 = Debug|x86
		Release|Any CPU = Release|Any CPU
		Release|ARM = Release|ARM
		Release|x64 = Release|x64
		Release|x86 = Release|x86
	EndGlobalSection
	GlobalSection(ProjectConfigurationPlatforms) = postSolution
		{30757D16-8A20-4CC2-A4B7-1DEEC7C77C51}.AppStore|Any CPU.ActiveCfg = Release|Any CPU
		{30757D16-8A20-4CC2-A4B7-1DEEC7C77C51}.AppStore|Any CPU.Build.0 = Release|Any CPU
		{30757D16-8A20-4CC2-A4B7-1DEEC7C77C51}.AppStore|ARM.ActiveCfg = Release|Any CPU
		{30757D16-8A20-4CC2-A4B7-1DEEC7C77C51}.AppStore|ARM.Build.0 = Release|Any CPU
		{30757D16-8A20-4CC2-A4B7-1DEEC7C77C51}.AppStore|x64.ActiveCfg = Release|Any CPU
		{30757D16-8A20-4CC2-A4B7-1DEEC7C77C51}.AppStore|x64.Build.0 = Release|Any CPU
		{30757D16-8A20-4CC2-A4B7-1DEEC7C77C51}.AppStore|x86.ActiveCfg = Release|Any CPU
		{30757D16-8A20-4CC2-A4B7-1DEEC7C77C51}.AppStore|x86.Build.0 = Release|Any CPU
		{30757D16-8A20-4CC2-A4B7-1DEEC7C77C51}.Debug|Any CPU.ActiveCfg = Debug|Any CPU
		{30757D16-8A20-4CC2-A4B7-1DEEC7C77C51}.Debug|Any CPU.Build.0 = Debug|Any CPU
		{30757D16-8A20-4CC2-A4B7-1DEEC7C77C51}.Debug|ARM.ActiveCfg = Debug|Any CPU
		{30757D16-8A20-4CC2-A4B7-1DEEC7C77C51}.Debug|ARM.Build.0 = Debug|Any CPU
		{30757D16-8A20-4CC2-A4B7-1DEEC7C77C51}.Debug|x64.ActiveCfg = Debug|Any CPU
		{30757D16-8A20-4CC2-A4B7-1DEEC7C77C51}.Debug|x64.Build.0 = Debug|Any CPU
		{30757D16-8A20-4CC2-A4B7-1DEEC7C77C51}.Debug|x86.ActiveCfg = Debug|Any CPU
		{30757D16-8A20-4CC2-A4B7-1DEEC7C77C51}.Debug|x86.Build.0 = Debug|Any CPU
		{30757D16-8A20-4CC2-A4B7-1DEEC7C77C51}.Release|Any CPU.ActiveCfg = Release|Any CPU
		{30757D16-8A20-4CC2-A4B7-1DEEC7C77C51}.Release|Any CPU.Build.0 = Release|Any CPU
		{30757D16-8A20-4CC2-A4B7-1DEEC7C77C51}.Release|ARM.ActiveCfg = Release|Any CPU
		{30757D16-8A20-4CC2-A4B7-1DEEC7C77C51}.Release|ARM.Build.0 = Release|Any CPU
		{30757D16-8A20-4CC2-A4B7-1DEEC7C77C51}.Release|x64.ActiveCfg = Release|Any CPU
		{30757D16-8A20-4CC2-A4B7-1DEEC7C77C51}.Release|x64.Build.0 = Release|Any CPU
		{30757D16-8A20-4CC2-A4B7-1DEEC7C77C51}.Release|x86.ActiveCfg = Release|Any CPU
		{30757D16-8A20-4CC2-A4B7-1DEEC7C77C51}.Release|x86.Build.0 = Release|Any CPU
		{56A85B31-56C1-452E-9DE1-C48C163D07FF}.AppStore|Any CPU.ActiveCfg = AppStore|Any CPU
		{56A85B31-56C1-452E-9DE1-C48C163D07FF}.AppStore|Any CPU.Build.0 = AppStore|Any CPU
		{56A85B31-56C1-452E-9DE1-C48C163D07FF}.AppStore|ARM.ActiveCfg = AppStore|Any CPU
		{56A85B31-56C1-452E-9DE1-C48C163D07FF}.AppStore|ARM.Build.0 = AppStore|Any CPU
		{56A85B31-56C1-452E-9DE1-C48C163D07FF}.AppStore|x64.ActiveCfg = AppStore|Any CPU
		{56A85B31-56C1-452E-9DE1-C48C163D07FF}.AppStore|x64.Build.0 = AppStore|Any CPU
		{56A85B31-56C1-452E-9DE1-C48C163D07FF}.AppStore|x86.ActiveCfg = AppStore|Any CPU
		{56A85B31-56C1-452E-9DE1-C48C163D07FF}.AppStore|x86.Build.0 = AppStore|Any CPU
		{56A85B31-56C1-452E-9DE1-C48C163D07FF}.Debug|Any CPU.ActiveCfg = Debug|Any CPU
		{56A85B31-56C1-452E-9DE1-C48C163D07FF}.Debug|Any CPU.Build.0 = Debug|Any CPU
		{56A85B31-56C1-452E-9DE1-C48C163D07FF}.Debug|ARM.ActiveCfg = Debug|Any CPU
		{56A85B31-56C1-452E-9DE1-C48C163D07FF}.Debug|ARM.Build.0 = Debug|Any CPU
		{56A85B31-56C1-452E-9DE1-C48C163D07FF}.Debug|x64.ActiveCfg = Debug|Any CPU
		{56A85B31-56C1-452E-9DE1-C48C163D07FF}.Debug|x64.Build.0 = Debug|Any CPU
		{56A85B31-56C1-452E-9DE1-C48C163D07FF}.Debug|x86.ActiveCfg = Debug|Any CPU
		{56A85B31-56C1-452E-9DE1-C48C163D07FF}.Debug|x86.Build.0 = Debug|Any CPU
		{56A85B31-56C1-452E-9DE1-C48C163D07FF}.Release|Any CPU.ActiveCfg = Release|Any CPU
		{56A85B31-56C1-452E-9DE1-C48C163D07FF}.Release|Any CPU.Build.0 = Release|Any CPU
		{56A85B31-56C1-452E-9DE1-C48C163D07FF}.Release|ARM.ActiveCfg = Release|Any CPU
		{56A85B31-56C1-452E-9DE1-C48C163D07FF}.Release|ARM.Build.0 = Release|Any CPU
		{56A85B31-56C1-452E-9DE1-C48C163D07FF}.Release|x64.ActiveCfg = Release|Any CPU
		{56A85B31-56C1-452E-9DE1-C48C163D07FF}.Release|x64.Build.0 = Release|Any CPU
		{56A85B31-56C1-452E-9DE1-C48C163D07FF}.Release|x86.ActiveCfg = Release|Any CPU
		{56A85B31-56C1-452E-9DE1-C48C163D07FF}.Release|x86.Build.0 = Release|Any CPU
		{59302C85-D429-4494-96E2-E9483F77C15A}.AppStore|Any CPU.ActiveCfg = Release|Any CPU
		{59302C85-D429-4494-96E2-E9483F77C15A}.AppStore|Any CPU.Build.0 = Release|Any CPU
		{59302C85-D429-4494-96E2-E9483F77C15A}.AppStore|ARM.ActiveCfg = Release|Any CPU
		{59302C85-D429-4494-96E2-E9483F77C15A}.AppStore|ARM.Build.0 = Release|Any CPU
		{59302C85-D429-4494-96E2-E9483F77C15A}.AppStore|x64.ActiveCfg = Release|Any CPU
		{59302C85-D429-4494-96E2-E9483F77C15A}.AppStore|x64.Build.0 = Release|Any CPU
		{59302C85-D429-4494-96E2-E9483F77C15A}.AppStore|x86.ActiveCfg = Release|Any CPU
		{59302C85-D429-4494-96E2-E9483F77C15A}.AppStore|x86.Build.0 = Release|Any CPU
		{59302C85-D429-4494-96E2-E9483F77C15A}.Debug|Any CPU.ActiveCfg = Debug|Any CPU
		{59302C85-D429-4494-96E2-E9483F77C15A}.Debug|Any CPU.Build.0 = Debug|Any CPU
		{59302C85-D429-4494-96E2-E9483F77C15A}.Debug|ARM.ActiveCfg = Debug|Any CPU
		{59302C85-D429-4494-96E2-E9483F77C15A}.Debug|ARM.Build.0 = Debug|Any CPU
		{59302C85-D429-4494-96E2-E9483F77C15A}.Debug|x64.ActiveCfg = Debug|Any CPU
		{59302C85-D429-4494-96E2-E9483F77C15A}.Debug|x64.Build.0 = Debug|Any CPU
		{59302C85-D429-4494-96E2-E9483F77C15A}.Debug|x86.ActiveCfg = Debug|Any CPU
		{59302C85-D429-4494-96E2-E9483F77C15A}.Debug|x86.Build.0 = Debug|Any CPU
		{59302C85-D429-4494-96E2-E9483F77C15A}.Release|Any CPU.ActiveCfg = Release|Any CPU
		{59302C85-D429-4494-96E2-E9483F77C15A}.Release|Any CPU.Build.0 = Release|Any CPU
		{59302C85-D429-4494-96E2-E9483F77C15A}.Release|ARM.ActiveCfg = Release|Any CPU
		{59302C85-D429-4494-96E2-E9483F77C15A}.Release|ARM.Build.0 = Release|Any CPU
		{59302C85-D429-4494-96E2-E9483F77C15A}.Release|x64.ActiveCfg = Release|Any CPU
		{59302C85-D429-4494-96E2-E9483F77C15A}.Release|x64.Build.0 = Release|Any CPU
		{59302C85-D429-4494-96E2-E9483F77C15A}.Release|x86.ActiveCfg = Release|Any CPU
		{59302C85-D429-4494-96E2-E9483F77C15A}.Release|x86.Build.0 = Release|Any CPU
		{0F1E83B1-7A91-4965-A927-3CECAB1DBAA1}.AppStore|Any CPU.ActiveCfg = Release|Any CPU
		{0F1E83B1-7A91-4965-A927-3CECAB1DBAA1}.AppStore|Any CPU.Build.0 = Release|Any CPU
		{0F1E83B1-7A91-4965-A927-3CECAB1DBAA1}.AppStore|ARM.ActiveCfg = Release|ARM
		{0F1E83B1-7A91-4965-A927-3CECAB1DBAA1}.AppStore|ARM.Build.0 = Release|ARM
		{0F1E83B1-7A91-4965-A927-3CECAB1DBAA1}.AppStore|x64.ActiveCfg = Release|x64
		{0F1E83B1-7A91-4965-A927-3CECAB1DBAA1}.AppStore|x64.Build.0 = Release|x64
		{0F1E83B1-7A91-4965-A927-3CECAB1DBAA1}.AppStore|x86.ActiveCfg = Release|x86
		{0F1E83B1-7A91-4965-A927-3CECAB1DBAA1}.AppStore|x86.Build.0 = Release|x86
		{0F1E83B1-7A91-4965-A927-3CECAB1DBAA1}.Debug|Any CPU.ActiveCfg = Debug|Any CPU
		{0F1E83B1-7A91-4965-A927-3CECAB1DBAA1}.Debug|Any CPU.Build.0 = Debug|Any CPU
		{0F1E83B1-7A91-4965-A927-3CECAB1DBAA1}.Debug|ARM.ActiveCfg = Debug|ARM
		{0F1E83B1-7A91-4965-A927-3CECAB1DBAA1}.Debug|ARM.Build.0 = Debug|ARM
		{0F1E83B1-7A91-4965-A927-3CECAB1DBAA1}.Debug|x64.ActiveCfg = Debug|x64
		{0F1E83B1-7A91-4965-A927-3CECAB1DBAA1}.Debug|x64.Build.0 = Debug|x64
		{0F1E83B1-7A91-4965-A927-3CECAB1DBAA1}.Debug|x86.ActiveCfg = Debug|x86
		{0F1E83B1-7A91-4965-A927-3CECAB1DBAA1}.Debug|x86.Build.0 = Debug|x86
		{0F1E83B1-7A91-4965-A927-3CECAB1DBAA1}.Release|Any CPU.ActiveCfg = Release|Any CPU
		{0F1E83B1-7A91-4965-A927-3CECAB1DBAA1}.Release|Any CPU.Build.0 = Release|Any CPU
		{0F1E83B1-7A91-4965-A927-3CECAB1DBAA1}.Release|ARM.ActiveCfg = Release|ARM
		{0F1E83B1-7A91-4965-A927-3CECAB1DBAA1}.Release|ARM.Build.0 = Release|ARM
		{0F1E83B1-7A91-4965-A927-3CECAB1DBAA1}.Release|x64.ActiveCfg = Release|x64
		{0F1E83B1-7A91-4965-A927-3CECAB1DBAA1}.Release|x64.Build.0 = Release|x64
		{0F1E83B1-7A91-4965-A927-3CECAB1DBAA1}.Release|x86.ActiveCfg = Release|x86
		{0F1E83B1-7A91-4965-A927-3CECAB1DBAA1}.Release|x86.Build.0 = Release|x86
		{A776216F-D7D4-44F1-9371-5DEEDD40A592}.AppStore|Any CPU.ActiveCfg = Release|Any CPU
		{A776216F-D7D4-44F1-9371-5DEEDD40A592}.AppStore|Any CPU.Build.0 = Release|Any CPU
		{A776216F-D7D4-44F1-9371-5DEEDD40A592}.AppStore|ARM.ActiveCfg = Release|ARM
		{A776216F-D7D4-44F1-9371-5DEEDD40A592}.AppStore|ARM.Build.0 = Release|ARM
		{A776216F-D7D4-44F1-9371-5DEEDD40A592}.AppStore|x64.ActiveCfg = Release|Any CPU
		{A776216F-D7D4-44F1-9371-5DEEDD40A592}.AppStore|x64.Build.0 = Release|Any CPU
		{A776216F-D7D4-44F1-9371-5DEEDD40A592}.AppStore|x86.ActiveCfg = Release|x86
		{A776216F-D7D4-44F1-9371-5DEEDD40A592}.AppStore|x86.Build.0 = Release|x86
		{A776216F-D7D4-44F1-9371-5DEEDD40A592}.Debug|Any CPU.ActiveCfg = Debug|Any CPU
		{A776216F-D7D4-44F1-9371-5DEEDD40A592}.Debug|Any CPU.Build.0 = Debug|Any CPU
		{A776216F-D7D4-44F1-9371-5DEEDD40A592}.Debug|ARM.ActiveCfg = Debug|ARM
		{A776216F-D7D4-44F1-9371-5DEEDD40A592}.Debug|ARM.Build.0 = Debug|ARM
		{A776216F-D7D4-44F1-9371-5DEEDD40A592}.Debug|x64.ActiveCfg = Debug|Any CPU
		{A776216F-D7D4-44F1-9371-5DEEDD40A592}.Debug|x64.Build.0 = Debug|Any CPU
		{A776216F-D7D4-44F1-9371-5DEEDD40A592}.Debug|x86.ActiveCfg = Debug|x86
		{A776216F-D7D4-44F1-9371-5DEEDD40A592}.Debug|x86.Build.0 = Debug|x86
		{A776216F-D7D4-44F1-9371-5DEEDD40A592}.Release|Any CPU.ActiveCfg = Release|Any CPU
		{A776216F-D7D4-44F1-9371-5DEEDD40A592}.Release|Any CPU.Build.0 = Release|Any CPU
		{A776216F-D7D4-44F1-9371-5DEEDD40A592}.Release|ARM.ActiveCfg = Release|ARM
		{A776216F-D7D4-44F1-9371-5DEEDD40A592}.Release|ARM.Build.0 = Release|ARM
		{A776216F-D7D4-44F1-9371-5DEEDD40A592}.Release|x64.ActiveCfg = Release|Any CPU
		{A776216F-D7D4-44F1-9371-5DEEDD40A592}.Release|x64.Build.0 = Release|Any CPU
		{A776216F-D7D4-44F1-9371-5DEEDD40A592}.Release|x86.ActiveCfg = Release|x86
		{A776216F-D7D4-44F1-9371-5DEEDD40A592}.Release|x86.Build.0 = Release|x86
		{CF5330A2-6A81-4AFB-9504-BBAE3EDFEC14}.AppStore|Any CPU.ActiveCfg = Release|Any CPU
		{CF5330A2-6A81-4AFB-9504-BBAE3EDFEC14}.AppStore|Any CPU.Build.0 = Release|Any CPU
		{CF5330A2-6A81-4AFB-9504-BBAE3EDFEC14}.AppStore|ARM.ActiveCfg = Release|ARM
		{CF5330A2-6A81-4AFB-9504-BBAE3EDFEC14}.AppStore|ARM.Build.0 = Release|ARM
		{CF5330A2-6A81-4AFB-9504-BBAE3EDFEC14}.AppStore|x64.ActiveCfg = Release|x64
		{CF5330A2-6A81-4AFB-9504-BBAE3EDFEC14}.AppStore|x64.Build.0 = Release|x64
		{CF5330A2-6A81-4AFB-9504-BBAE3EDFEC14}.AppStore|x86.ActiveCfg = Release|x86
		{CF5330A2-6A81-4AFB-9504-BBAE3EDFEC14}.AppStore|x86.Build.0 = Release|x86
		{CF5330A2-6A81-4AFB-9504-BBAE3EDFEC14}.Debug|Any CPU.ActiveCfg = Debug|Any CPU
		{CF5330A2-6A81-4AFB-9504-BBAE3EDFEC14}.Debug|Any CPU.Build.0 = Debug|Any CPU
		{CF5330A2-6A81-4AFB-9504-BBAE3EDFEC14}.Debug|ARM.ActiveCfg = Debug|ARM
		{CF5330A2-6A81-4AFB-9504-BBAE3EDFEC14}.Debug|ARM.Build.0 = Debug|ARM
		{CF5330A2-6A81-4AFB-9504-BBAE3EDFEC14}.Debug|x64.ActiveCfg = Debug|x64
		{CF5330A2-6A81-4AFB-9504-BBAE3EDFEC14}.Debug|x64.Build.0 = Debug|x64
		{CF5330A2-6A81-4AFB-9504-BBAE3EDFEC14}.Debug|x86.ActiveCfg = Debug|x86
		{CF5330A2-6A81-4AFB-9504-BBAE3EDFEC14}.Debug|x86.Build.0 = Debug|x86
		{CF5330A2-6A81-4AFB-9504-BBAE3EDFEC14}.Release|Any CPU.ActiveCfg = Release|Any CPU
		{CF5330A2-6A81-4AFB-9504-BBAE3EDFEC14}.Release|Any CPU.Build.0 = Release|Any CPU
		{CF5330A2-6A81-4AFB-9504-BBAE3EDFEC14}.Release|ARM.ActiveCfg = Release|ARM
		{CF5330A2-6A81-4AFB-9504-BBAE3EDFEC14}.Release|ARM.Build.0 = Release|ARM
		{CF5330A2-6A81-4AFB-9504-BBAE3EDFEC14}.Release|x64.ActiveCfg = Release|x64
		{CF5330A2-6A81-4AFB-9504-BBAE3EDFEC14}.Release|x64.Build.0 = Release|x64
		{CF5330A2-6A81-4AFB-9504-BBAE3EDFEC14}.Release|x86.ActiveCfg = Release|x86
		{CF5330A2-6A81-4AFB-9504-BBAE3EDFEC14}.Release|x86.Build.0 = Release|x86
	EndGlobalSection
	GlobalSection(SolutionProperties) = preSolution
		HideSolutionNode = FALSE
	EndGlobalSection
EndGlobal
