
Microsoft Visual Studio Solution File, Format Version 12.00
# Visual Studio Version 16
VisualStudioVersion = 16.0.30225.117
MinimumVisualStudioVersion = 10.0.40219.1
Project("{9A19103F-16F7-4668-BE54-9A1E7A4F7556}") = "Anuracode.Forms.Controls", "Anuracode.Forms.Controls\Anuracode.Forms.Controls.csproj", "{30757D16-8A20-4CC2-A4B7-1DEEC7C77C51}"
EndProject
Project("{2150E333-8FDC-42A3-9474-1A3956D46DE8}") = "0-Readme", "0-Readme", "{A0B251CA-98DF-4DDD-AF76-74237272DACB}"
	ProjectSection(SolutionItems) = preProject
		README.md = README.md
	EndProjectSection
EndProject
Project("{9A19103F-16F7-4668-BE54-9A1E7A4F7556}") = "Anuracode.Forms.Controls.Sample", "Anuracode.Forms.Controls.Sample\Anuracode.Forms.Controls.Sample\Anuracode.Forms.Controls.Sample.csproj", "{DF46EFA6-1ECD-47E6-844B-32948C09119C}"
EndProject
Project("{2150E333-8FDC-42A3-9474-1A3956D46DE8}") = "2-Sample", "2-Sample", "{534CBEFA-7DA2-4C48-B481-D6266060E73F}"
EndProject
Project("{2150E333-8FDC-42A3-9474-1A3956D46DE8}") = "1-Source", "1-Source", "{E57929A3-D497-40FB-81A2-4FA304B9EE1F}"
EndProject
Project("{9A19103F-16F7-4668-BE54-9A1E7A4F7556}") = "Anuracode.Signature.Serialization", "Anuracode.Signature.Serialization\Anuracode.Signature.Serialization.csproj", "{3B4B81A6-24EE-4CB6-8C4D-CA67CB19FFA2}"
EndProject
Project("{2150E333-8FDC-42A3-9474-1A3956D46DE8}") = "3-Nuget", "3-Nuget", "{719F7B3E-EBFE-428F-83F2-D3EB2A332FCB}"
	ProjectSection(SolutionItems) = preProject
		Anuracode.Forms.Controls.nuspec = Anuracode.Forms.Controls.nuspec
		Anuracode.Forms.SignaturePadSerialization.nuspec = Anuracode.Forms.SignaturePadSerialization.nuspec
		NugetConfig\generateReferenceAssemblies.bat = NugetConfig\generateReferenceAssemblies.bat
	EndProjectSection
EndProject
Project("{FAE04EC0-301F-11D3-BF4B-00C04F79EFBC}") = "Anuracode.Forms.Controls.Droid", "Anuracode.Forms.Controls.Droid\Anuracode.Forms.Controls.Droid.csproj", "{F12B2816-F479-486B-AE2D-AEEF6FA05518}"
EndProject
Project("{FAE04EC0-301F-11D3-BF4B-00C04F79EFBC}") = "Anuracode.Forms.Controls.WindowsUWP", "Anuracode.Forms.Controls.WindowsUWP\Anuracode.Forms.Controls.WindowsUWP.csproj", "{23D0A272-BB08-4154-BB38-C492761B3CF5}"
EndProject
Project("{FAE04EC0-301F-11D3-BF4B-00C04F79EFBC}") = "Anuracode.Forms.Controls.Sample.Droid", "Anuracode.Forms.Controls.Sample\Anuracode.Forms.Controls.Sample.Droid\Anuracode.Forms.Controls.Sample.Droid.csproj", "{7C01C098-8653-4B92-A61A-AD82FA60C249}"
EndProject
Project("{FAE04EC0-301F-11D3-BF4B-00C04F79EFBC}") = "Anuracode.Forms.Controls.Sample.UWP", "Anuracode.Forms.Controls.Sample\Anuracode.Forms.Controls.Sample.UWP\Anuracode.Forms.Controls.Sample.UWP.csproj", "{CD891A86-606C-46C9-BDEC-0E7D1D939ED4}"
EndProject
Project("{FAE04EC0-301F-11D3-BF4B-00C04F79EFBC}") = "Anuracode.Forms.Controls.iOS", "Anuracode.Forms.Controls.iOS\Anuracode.Forms.Controls.iOS.csproj", "{8F988FD4-06D1-42C0-AE39-9A44BA5D96C3}"
EndProject
Project("{FAE04EC0-301F-11D3-BF4B-00C04F79EFBC}") = "Anuracode.Forms.Controls.Sample.iOS", "Anuracode.Forms.Controls.Sample\Anuracode.Forms.Controls.Sample.iOS\Anuracode.Forms.Controls.Sample.iOS.csproj", "{D65A3B0D-67E1-497D-B664-0B8647644623}"
EndProject
Global
	GlobalSection(SolutionConfigurationPlatforms) = preSolution
		Ad-Hoc|Any CPU = Ad-Hoc|Any CPU
		Ad-Hoc|ARM = Ad-Hoc|ARM
		Ad-Hoc|ARM64 = Ad-Hoc|ARM64
		Ad-Hoc|iPhone = Ad-Hoc|iPhone
		Ad-Hoc|iPhoneSimulator = Ad-Hoc|iPhoneSimulator
		Ad-Hoc|x64 = Ad-Hoc|x64
		Ad-Hoc|x86 = Ad-Hoc|x86
		AppStore|Any CPU = AppStore|Any CPU
		AppStore|ARM = AppStore|ARM
		AppStore|ARM64 = AppStore|ARM64
		AppStore|iPhone = AppStore|iPhone
		AppStore|iPhoneSimulator = AppStore|iPhoneSimulator
		AppStore|x64 = AppStore|x64
		AppStore|x86 = AppStore|x86
		Debug|Any CPU = Debug|Any CPU
		Debug|ARM = Debug|ARM
		Debug|ARM64 = Debug|ARM64
		Debug|iPhone = Debug|iPhone
		Debug|iPhoneSimulator = Debug|iPhoneSimulator
		Debug|x64 = Debug|x64
		Debug|x86 = Debug|x86
		Release|Any CPU = Release|Any CPU
		Release|ARM = Release|ARM
		Release|ARM64 = Release|ARM64
		Release|iPhone = Release|iPhone
		Release|iPhoneSimulator = Release|iPhoneSimulator
		Release|x64 = Release|x64
		Release|x86 = Release|x86
	EndGlobalSection
	GlobalSection(ProjectConfigurationPlatforms) = postSolution
		{30757D16-8A20-4CC2-A4B7-1DEEC7C77C51}.Ad-Hoc|Any CPU.ActiveCfg = Release|Any CPU
		{30757D16-8A20-4CC2-A4B7-1DEEC7C77C51}.Ad-Hoc|Any CPU.Build.0 = Release|Any CPU
		{30757D16-8A20-4CC2-A4B7-1DEEC7C77C51}.Ad-Hoc|ARM.ActiveCfg = Release|Any CPU
		{30757D16-8A20-4CC2-A4B7-1DEEC7C77C51}.Ad-Hoc|ARM.Build.0 = Release|Any CPU
		{30757D16-8A20-4CC2-A4B7-1DEEC7C77C51}.Ad-Hoc|ARM64.ActiveCfg = Debug|Any CPU
		{30757D16-8A20-4CC2-A4B7-1DEEC7C77C51}.Ad-Hoc|ARM64.Build.0 = Debug|Any CPU
		{30757D16-8A20-4CC2-A4B7-1DEEC7C77C51}.Ad-Hoc|iPhone.ActiveCfg = Release|Any CPU
		{30757D16-8A20-4CC2-A4B7-1DEEC7C77C51}.Ad-Hoc|iPhone.Build.0 = Release|Any CPU
		{30757D16-8A20-4CC2-A4B7-1DEEC7C77C51}.Ad-Hoc|iPhoneSimulator.ActiveCfg = Release|Any CPU
		{30757D16-8A20-4CC2-A4B7-1DEEC7C77C51}.Ad-Hoc|iPhoneSimulator.Build.0 = Release|Any CPU
		{30757D16-8A20-4CC2-A4B7-1DEEC7C77C51}.Ad-Hoc|x64.ActiveCfg = Release|Any CPU
		{30757D16-8A20-4CC2-A4B7-1DEEC7C77C51}.Ad-Hoc|x64.Build.0 = Release|Any CPU
		{30757D16-8A20-4CC2-A4B7-1DEEC7C77C51}.Ad-Hoc|x86.ActiveCfg = Release|Any CPU
		{30757D16-8A20-4CC2-A4B7-1DEEC7C77C51}.Ad-Hoc|x86.Build.0 = Release|Any CPU
		{30757D16-8A20-4CC2-A4B7-1DEEC7C77C51}.AppStore|Any CPU.ActiveCfg = Release|Any CPU
		{30757D16-8A20-4CC2-A4B7-1DEEC7C77C51}.AppStore|Any CPU.Build.0 = Release|Any CPU
		{30757D16-8A20-4CC2-A4B7-1DEEC7C77C51}.AppStore|ARM.ActiveCfg = Release|Any CPU
		{30757D16-8A20-4CC2-A4B7-1DEEC7C77C51}.AppStore|ARM.Build.0 = Release|Any CPU
		{30757D16-8A20-4CC2-A4B7-1DEEC7C77C51}.AppStore|ARM64.ActiveCfg = Debug|Any CPU
		{30757D16-8A20-4CC2-A4B7-1DEEC7C77C51}.AppStore|ARM64.Build.0 = Debug|Any CPU
		{30757D16-8A20-4CC2-A4B7-1DEEC7C77C51}.AppStore|iPhone.ActiveCfg = Release|Any CPU
		{30757D16-8A20-4CC2-A4B7-1DEEC7C77C51}.AppStore|iPhone.Build.0 = Release|Any CPU
		{30757D16-8A20-4CC2-A4B7-1DEEC7C77C51}.AppStore|iPhoneSimulator.ActiveCfg = Release|Any CPU
		{30757D16-8A20-4CC2-A4B7-1DEEC7C77C51}.AppStore|iPhoneSimulator.Build.0 = Release|Any CPU
		{30757D16-8A20-4CC2-A4B7-1DEEC7C77C51}.AppStore|x64.ActiveCfg = Release|Any CPU
		{30757D16-8A20-4CC2-A4B7-1DEEC7C77C51}.AppStore|x64.Build.0 = Release|Any CPU
		{30757D16-8A20-4CC2-A4B7-1DEEC7C77C51}.AppStore|x86.ActiveCfg = Release|Any CPU
		{30757D16-8A20-4CC2-A4B7-1DEEC7C77C51}.AppStore|x86.Build.0 = Release|Any CPU
		{30757D16-8A20-4CC2-A4B7-1DEEC7C77C51}.Debug|Any CPU.ActiveCfg = Debug|Any CPU
		{30757D16-8A20-4CC2-A4B7-1DEEC7C77C51}.Debug|Any CPU.Build.0 = Debug|Any CPU
		{30757D16-8A20-4CC2-A4B7-1DEEC7C77C51}.Debug|ARM.ActiveCfg = Debug|Any CPU
		{30757D16-8A20-4CC2-A4B7-1DEEC7C77C51}.Debug|ARM.Build.0 = Debug|Any CPU
		{30757D16-8A20-4CC2-A4B7-1DEEC7C77C51}.Debug|ARM64.ActiveCfg = Debug|Any CPU
		{30757D16-8A20-4CC2-A4B7-1DEEC7C77C51}.Debug|ARM64.Build.0 = Debug|Any CPU
		{30757D16-8A20-4CC2-A4B7-1DEEC7C77C51}.Debug|iPhone.ActiveCfg = Debug|Any CPU
		{30757D16-8A20-4CC2-A4B7-1DEEC7C77C51}.Debug|iPhone.Build.0 = Debug|Any CPU
		{30757D16-8A20-4CC2-A4B7-1DEEC7C77C51}.Debug|iPhoneSimulator.ActiveCfg = Debug|Any CPU
		{30757D16-8A20-4CC2-A4B7-1DEEC7C77C51}.Debug|iPhoneSimulator.Build.0 = Debug|Any CPU
		{30757D16-8A20-4CC2-A4B7-1DEEC7C77C51}.Debug|x64.ActiveCfg = Debug|Any CPU
		{30757D16-8A20-4CC2-A4B7-1DEEC7C77C51}.Debug|x64.Build.0 = Debug|Any CPU
		{30757D16-8A20-4CC2-A4B7-1DEEC7C77C51}.Debug|x86.ActiveCfg = Debug|Any CPU
		{30757D16-8A20-4CC2-A4B7-1DEEC7C77C51}.Debug|x86.Build.0 = Debug|Any CPU
		{30757D16-8A20-4CC2-A4B7-1DEEC7C77C51}.Release|Any CPU.ActiveCfg = Release|Any CPU
		{30757D16-8A20-4CC2-A4B7-1DEEC7C77C51}.Release|Any CPU.Build.0 = Release|Any CPU
		{30757D16-8A20-4CC2-A4B7-1DEEC7C77C51}.Release|ARM.ActiveCfg = Release|Any CPU
		{30757D16-8A20-4CC2-A4B7-1DEEC7C77C51}.Release|ARM.Build.0 = Release|Any CPU
		{30757D16-8A20-4CC2-A4B7-1DEEC7C77C51}.Release|ARM64.ActiveCfg = Release|Any CPU
		{30757D16-8A20-4CC2-A4B7-1DEEC7C77C51}.Release|ARM64.Build.0 = Release|Any CPU
		{30757D16-8A20-4CC2-A4B7-1DEEC7C77C51}.Release|iPhone.ActiveCfg = Release|Any CPU
		{30757D16-8A20-4CC2-A4B7-1DEEC7C77C51}.Release|iPhone.Build.0 = Release|Any CPU
		{30757D16-8A20-4CC2-A4B7-1DEEC7C77C51}.Release|iPhoneSimulator.ActiveCfg = Release|Any CPU
		{30757D16-8A20-4CC2-A4B7-1DEEC7C77C51}.Release|iPhoneSimulator.Build.0 = Release|Any CPU
		{30757D16-8A20-4CC2-A4B7-1DEEC7C77C51}.Release|x64.ActiveCfg = Release|Any CPU
		{30757D16-8A20-4CC2-A4B7-1DEEC7C77C51}.Release|x64.Build.0 = Release|Any CPU
		{30757D16-8A20-4CC2-A4B7-1DEEC7C77C51}.Release|x86.ActiveCfg = Release|Any CPU
		{30757D16-8A20-4CC2-A4B7-1DEEC7C77C51}.Release|x86.Build.0 = Release|Any CPU
		{DF46EFA6-1ECD-47E6-844B-32948C09119C}.Ad-Hoc|Any CPU.ActiveCfg = Release|Any CPU
		{DF46EFA6-1ECD-47E6-844B-32948C09119C}.Ad-Hoc|Any CPU.Build.0 = Release|Any CPU
		{DF46EFA6-1ECD-47E6-844B-32948C09119C}.Ad-Hoc|ARM.ActiveCfg = Release|Any CPU
		{DF46EFA6-1ECD-47E6-844B-32948C09119C}.Ad-Hoc|ARM.Build.0 = Release|Any CPU
		{DF46EFA6-1ECD-47E6-844B-32948C09119C}.Ad-Hoc|ARM64.ActiveCfg = Debug|Any CPU
		{DF46EFA6-1ECD-47E6-844B-32948C09119C}.Ad-Hoc|ARM64.Build.0 = Debug|Any CPU
		{DF46EFA6-1ECD-47E6-844B-32948C09119C}.Ad-Hoc|iPhone.ActiveCfg = Release|Any CPU
		{DF46EFA6-1ECD-47E6-844B-32948C09119C}.Ad-Hoc|iPhone.Build.0 = Release|Any CPU
		{DF46EFA6-1ECD-47E6-844B-32948C09119C}.Ad-Hoc|iPhoneSimulator.ActiveCfg = Release|Any CPU
		{DF46EFA6-1ECD-47E6-844B-32948C09119C}.Ad-Hoc|iPhoneSimulator.Build.0 = Release|Any CPU
		{DF46EFA6-1ECD-47E6-844B-32948C09119C}.Ad-Hoc|x64.ActiveCfg = Release|Any CPU
		{DF46EFA6-1ECD-47E6-844B-32948C09119C}.Ad-Hoc|x64.Build.0 = Release|Any CPU
		{DF46EFA6-1ECD-47E6-844B-32948C09119C}.Ad-Hoc|x86.ActiveCfg = Release|Any CPU
		{DF46EFA6-1ECD-47E6-844B-32948C09119C}.Ad-Hoc|x86.Build.0 = Release|Any CPU
		{DF46EFA6-1ECD-47E6-844B-32948C09119C}.AppStore|Any CPU.ActiveCfg = Release|Any CPU
		{DF46EFA6-1ECD-47E6-844B-32948C09119C}.AppStore|Any CPU.Build.0 = Release|Any CPU
		{DF46EFA6-1ECD-47E6-844B-32948C09119C}.AppStore|ARM.ActiveCfg = Release|Any CPU
		{DF46EFA6-1ECD-47E6-844B-32948C09119C}.AppStore|ARM.Build.0 = Release|Any CPU
		{DF46EFA6-1ECD-47E6-844B-32948C09119C}.AppStore|ARM64.ActiveCfg = Debug|Any CPU
		{DF46EFA6-1ECD-47E6-844B-32948C09119C}.AppStore|ARM64.Build.0 = Debug|Any CPU
		{DF46EFA6-1ECD-47E6-844B-32948C09119C}.AppStore|iPhone.ActiveCfg = Release|Any CPU
		{DF46EFA6-1ECD-47E6-844B-32948C09119C}.AppStore|iPhone.Build.0 = Release|Any CPU
		{DF46EFA6-1ECD-47E6-844B-32948C09119C}.AppStore|iPhoneSimulator.ActiveCfg = Release|Any CPU
		{DF46EFA6-1ECD-47E6-844B-32948C09119C}.AppStore|iPhoneSimulator.Build.0 = Release|Any CPU
		{DF46EFA6-1ECD-47E6-844B-32948C09119C}.AppStore|x64.ActiveCfg = Release|Any CPU
		{DF46EFA6-1ECD-47E6-844B-32948C09119C}.AppStore|x64.Build.0 = Release|Any CPU
		{DF46EFA6-1ECD-47E6-844B-32948C09119C}.AppStore|x86.ActiveCfg = Release|Any CPU
		{DF46EFA6-1ECD-47E6-844B-32948C09119C}.AppStore|x86.Build.0 = Release|Any CPU
		{DF46EFA6-1ECD-47E6-844B-32948C09119C}.Debug|Any CPU.ActiveCfg = Debug|Any CPU
		{DF46EFA6-1ECD-47E6-844B-32948C09119C}.Debug|Any CPU.Build.0 = Debug|Any CPU
		{DF46EFA6-1ECD-47E6-844B-32948C09119C}.Debug|ARM.ActiveCfg = Debug|Any CPU
		{DF46EFA6-1ECD-47E6-844B-32948C09119C}.Debug|ARM.Build.0 = Debug|Any CPU
		{DF46EFA6-1ECD-47E6-844B-32948C09119C}.Debug|ARM64.ActiveCfg = Debug|Any CPU
		{DF46EFA6-1ECD-47E6-844B-32948C09119C}.Debug|ARM64.Build.0 = Debug|Any CPU
		{DF46EFA6-1ECD-47E6-844B-32948C09119C}.Debug|iPhone.ActiveCfg = Debug|Any CPU
		{DF46EFA6-1ECD-47E6-844B-32948C09119C}.Debug|iPhone.Build.0 = Debug|Any CPU
		{DF46EFA6-1ECD-47E6-844B-32948C09119C}.Debug|iPhoneSimulator.ActiveCfg = Debug|Any CPU
		{DF46EFA6-1ECD-47E6-844B-32948C09119C}.Debug|iPhoneSimulator.Build.0 = Debug|Any CPU
		{DF46EFA6-1ECD-47E6-844B-32948C09119C}.Debug|x64.ActiveCfg = Debug|Any CPU
		{DF46EFA6-1ECD-47E6-844B-32948C09119C}.Debug|x64.Build.0 = Debug|Any CPU
		{DF46EFA6-1ECD-47E6-844B-32948C09119C}.Debug|x86.ActiveCfg = Debug|Any CPU
		{DF46EFA6-1ECD-47E6-844B-32948C09119C}.Debug|x86.Build.0 = Debug|Any CPU
		{DF46EFA6-1ECD-47E6-844B-32948C09119C}.Release|Any CPU.ActiveCfg = Release|Any CPU
		{DF46EFA6-1ECD-47E6-844B-32948C09119C}.Release|Any CPU.Build.0 = Release|Any CPU
		{DF46EFA6-1ECD-47E6-844B-32948C09119C}.Release|ARM.ActiveCfg = Release|Any CPU
		{DF46EFA6-1ECD-47E6-844B-32948C09119C}.Release|ARM.Build.0 = Release|Any CPU
		{DF46EFA6-1ECD-47E6-844B-32948C09119C}.Release|ARM64.ActiveCfg = Release|Any CPU
		{DF46EFA6-1ECD-47E6-844B-32948C09119C}.Release|ARM64.Build.0 = Release|Any CPU
		{DF46EFA6-1ECD-47E6-844B-32948C09119C}.Release|iPhone.ActiveCfg = Release|Any CPU
		{DF46EFA6-1ECD-47E6-844B-32948C09119C}.Release|iPhone.Build.0 = Release|Any CPU
		{DF46EFA6-1ECD-47E6-844B-32948C09119C}.Release|iPhoneSimulator.ActiveCfg = Release|Any CPU
		{DF46EFA6-1ECD-47E6-844B-32948C09119C}.Release|iPhoneSimulator.Build.0 = Release|Any CPU
		{DF46EFA6-1ECD-47E6-844B-32948C09119C}.Release|x64.ActiveCfg = Release|Any CPU
		{DF46EFA6-1ECD-47E6-844B-32948C09119C}.Release|x64.Build.0 = Release|Any CPU
		{DF46EFA6-1ECD-47E6-844B-32948C09119C}.Release|x86.ActiveCfg = Release|Any CPU
		{DF46EFA6-1ECD-47E6-844B-32948C09119C}.Release|x86.Build.0 = Release|Any CPU
		{3B4B81A6-24EE-4CB6-8C4D-CA67CB19FFA2}.Ad-Hoc|Any CPU.ActiveCfg = Release|Any CPU
		{3B4B81A6-24EE-4CB6-8C4D-CA67CB19FFA2}.Ad-Hoc|Any CPU.Build.0 = Release|Any CPU
		{3B4B81A6-24EE-4CB6-8C4D-CA67CB19FFA2}.Ad-Hoc|ARM.ActiveCfg = Release|Any CPU
		{3B4B81A6-24EE-4CB6-8C4D-CA67CB19FFA2}.Ad-Hoc|ARM.Build.0 = Release|Any CPU
		{3B4B81A6-24EE-4CB6-8C4D-CA67CB19FFA2}.Ad-Hoc|ARM64.ActiveCfg = Debug|Any CPU
		{3B4B81A6-24EE-4CB6-8C4D-CA67CB19FFA2}.Ad-Hoc|ARM64.Build.0 = Debug|Any CPU
		{3B4B81A6-24EE-4CB6-8C4D-CA67CB19FFA2}.Ad-Hoc|iPhone.ActiveCfg = Release|Any CPU
		{3B4B81A6-24EE-4CB6-8C4D-CA67CB19FFA2}.Ad-Hoc|iPhone.Build.0 = Release|Any CPU
		{3B4B81A6-24EE-4CB6-8C4D-CA67CB19FFA2}.Ad-Hoc|iPhoneSimulator.ActiveCfg = Release|Any CPU
		{3B4B81A6-24EE-4CB6-8C4D-CA67CB19FFA2}.Ad-Hoc|iPhoneSimulator.Build.0 = Release|Any CPU
		{3B4B81A6-24EE-4CB6-8C4D-CA67CB19FFA2}.Ad-Hoc|x64.ActiveCfg = Release|Any CPU
		{3B4B81A6-24EE-4CB6-8C4D-CA67CB19FFA2}.Ad-Hoc|x64.Build.0 = Release|Any CPU
		{3B4B81A6-24EE-4CB6-8C4D-CA67CB19FFA2}.Ad-Hoc|x86.ActiveCfg = Release|Any CPU
		{3B4B81A6-24EE-4CB6-8C4D-CA67CB19FFA2}.Ad-Hoc|x86.Build.0 = Release|Any CPU
		{3B4B81A6-24EE-4CB6-8C4D-CA67CB19FFA2}.AppStore|Any CPU.ActiveCfg = Release|Any CPU
		{3B4B81A6-24EE-4CB6-8C4D-CA67CB19FFA2}.AppStore|Any CPU.Build.0 = Release|Any CPU
		{3B4B81A6-24EE-4CB6-8C4D-CA67CB19FFA2}.AppStore|ARM.ActiveCfg = Release|Any CPU
		{3B4B81A6-24EE-4CB6-8C4D-CA67CB19FFA2}.AppStore|ARM.Build.0 = Release|Any CPU
		{3B4B81A6-24EE-4CB6-8C4D-CA67CB19FFA2}.AppStore|ARM64.ActiveCfg = Debug|Any CPU
		{3B4B81A6-24EE-4CB6-8C4D-CA67CB19FFA2}.AppStore|ARM64.Build.0 = Debug|Any CPU
		{3B4B81A6-24EE-4CB6-8C4D-CA67CB19FFA2}.AppStore|iPhone.ActiveCfg = Release|Any CPU
		{3B4B81A6-24EE-4CB6-8C4D-CA67CB19FFA2}.AppStore|iPhone.Build.0 = Release|Any CPU
		{3B4B81A6-24EE-4CB6-8C4D-CA67CB19FFA2}.AppStore|iPhoneSimulator.ActiveCfg = Release|Any CPU
		{3B4B81A6-24EE-4CB6-8C4D-CA67CB19FFA2}.AppStore|iPhoneSimulator.Build.0 = Release|Any CPU
		{3B4B81A6-24EE-4CB6-8C4D-CA67CB19FFA2}.AppStore|x64.ActiveCfg = Release|Any CPU
		{3B4B81A6-24EE-4CB6-8C4D-CA67CB19FFA2}.AppStore|x64.Build.0 = Release|Any CPU
		{3B4B81A6-24EE-4CB6-8C4D-CA67CB19FFA2}.AppStore|x86.ActiveCfg = Release|Any CPU
		{3B4B81A6-24EE-4CB6-8C4D-CA67CB19FFA2}.AppStore|x86.Build.0 = Release|Any CPU
		{3B4B81A6-24EE-4CB6-8C4D-CA67CB19FFA2}.Debug|Any CPU.ActiveCfg = Debug|Any CPU
		{3B4B81A6-24EE-4CB6-8C4D-CA67CB19FFA2}.Debug|Any CPU.Build.0 = Debug|Any CPU
		{3B4B81A6-24EE-4CB6-8C4D-CA67CB19FFA2}.Debug|ARM.ActiveCfg = Debug|Any CPU
		{3B4B81A6-24EE-4CB6-8C4D-CA67CB19FFA2}.Debug|ARM.Build.0 = Debug|Any CPU
		{3B4B81A6-24EE-4CB6-8C4D-CA67CB19FFA2}.Debug|ARM64.ActiveCfg = Debug|Any CPU
		{3B4B81A6-24EE-4CB6-8C4D-CA67CB19FFA2}.Debug|ARM64.Build.0 = Debug|Any CPU
		{3B4B81A6-24EE-4CB6-8C4D-CA67CB19FFA2}.Debug|iPhone.ActiveCfg = Debug|Any CPU
		{3B4B81A6-24EE-4CB6-8C4D-CA67CB19FFA2}.Debug|iPhone.Build.0 = Debug|Any CPU
		{3B4B81A6-24EE-4CB6-8C4D-CA67CB19FFA2}.Debug|iPhoneSimulator.ActiveCfg = Debug|Any CPU
		{3B4B81A6-24EE-4CB6-8C4D-CA67CB19FFA2}.Debug|iPhoneSimulator.Build.0 = Debug|Any CPU
		{3B4B81A6-24EE-4CB6-8C4D-CA67CB19FFA2}.Debug|x64.ActiveCfg = Debug|Any CPU
		{3B4B81A6-24EE-4CB6-8C4D-CA67CB19FFA2}.Debug|x64.Build.0 = Debug|Any CPU
		{3B4B81A6-24EE-4CB6-8C4D-CA67CB19FFA2}.Debug|x86.ActiveCfg = Debug|Any CPU
		{3B4B81A6-24EE-4CB6-8C4D-CA67CB19FFA2}.Debug|x86.Build.0 = Debug|Any CPU
		{3B4B81A6-24EE-4CB6-8C4D-CA67CB19FFA2}.Release|Any CPU.ActiveCfg = Release|Any CPU
		{3B4B81A6-24EE-4CB6-8C4D-CA67CB19FFA2}.Release|Any CPU.Build.0 = Release|Any CPU
		{3B4B81A6-24EE-4CB6-8C4D-CA67CB19FFA2}.Release|ARM.ActiveCfg = Release|Any CPU
		{3B4B81A6-24EE-4CB6-8C4D-CA67CB19FFA2}.Release|ARM.Build.0 = Release|Any CPU
		{3B4B81A6-24EE-4CB6-8C4D-CA67CB19FFA2}.Release|ARM64.ActiveCfg = Release|Any CPU
		{3B4B81A6-24EE-4CB6-8C4D-CA67CB19FFA2}.Release|ARM64.Build.0 = Release|Any CPU
		{3B4B81A6-24EE-4CB6-8C4D-CA67CB19FFA2}.Release|iPhone.ActiveCfg = Release|Any CPU
		{3B4B81A6-24EE-4CB6-8C4D-CA67CB19FFA2}.Release|iPhone.Build.0 = Release|Any CPU
		{3B4B81A6-24EE-4CB6-8C4D-CA67CB19FFA2}.Release|iPhoneSimulator.ActiveCfg = Release|Any CPU
		{3B4B81A6-24EE-4CB6-8C4D-CA67CB19FFA2}.Release|iPhoneSimulator.Build.0 = Release|Any CPU
		{3B4B81A6-24EE-4CB6-8C4D-CA67CB19FFA2}.Release|x64.ActiveCfg = Release|Any CPU
		{3B4B81A6-24EE-4CB6-8C4D-CA67CB19FFA2}.Release|x64.Build.0 = Release|Any CPU
		{3B4B81A6-24EE-4CB6-8C4D-CA67CB19FFA2}.Release|x86.ActiveCfg = Release|Any CPU
		{3B4B81A6-24EE-4CB6-8C4D-CA67CB19FFA2}.Release|x86.Build.0 = Release|Any CPU
		{F12B2816-F479-486B-AE2D-AEEF6FA05518}.Ad-Hoc|Any CPU.ActiveCfg = Release|Any CPU
		{F12B2816-F479-486B-AE2D-AEEF6FA05518}.Ad-Hoc|Any CPU.Build.0 = Release|Any CPU
		{F12B2816-F479-486B-AE2D-AEEF6FA05518}.Ad-Hoc|ARM.ActiveCfg = Release|Any CPU
		{F12B2816-F479-486B-AE2D-AEEF6FA05518}.Ad-Hoc|ARM.Build.0 = Release|Any CPU
		{F12B2816-F479-486B-AE2D-AEEF6FA05518}.Ad-Hoc|ARM64.ActiveCfg = Release|Any CPU
		{F12B2816-F479-486B-AE2D-AEEF6FA05518}.Ad-Hoc|ARM64.Build.0 = Release|Any CPU
		{F12B2816-F479-486B-AE2D-AEEF6FA05518}.Ad-Hoc|iPhone.ActiveCfg = Release|Any CPU
		{F12B2816-F479-486B-AE2D-AEEF6FA05518}.Ad-Hoc|iPhone.Build.0 = Release|Any CPU
		{F12B2816-F479-486B-AE2D-AEEF6FA05518}.Ad-Hoc|iPhoneSimulator.ActiveCfg = Release|Any CPU
		{F12B2816-F479-486B-AE2D-AEEF6FA05518}.Ad-Hoc|iPhoneSimulator.Build.0 = Release|Any CPU
		{F12B2816-F479-486B-AE2D-AEEF6FA05518}.Ad-Hoc|x64.ActiveCfg = Release|Any CPU
		{F12B2816-F479-486B-AE2D-AEEF6FA05518}.Ad-Hoc|x64.Build.0 = Release|Any CPU
		{F12B2816-F479-486B-AE2D-AEEF6FA05518}.Ad-Hoc|x86.ActiveCfg = Release|Any CPU
		{F12B2816-F479-486B-AE2D-AEEF6FA05518}.Ad-Hoc|x86.Build.0 = Release|Any CPU
		{F12B2816-F479-486B-AE2D-AEEF6FA05518}.AppStore|Any CPU.ActiveCfg = Release|Any CPU
		{F12B2816-F479-486B-AE2D-AEEF6FA05518}.AppStore|Any CPU.Build.0 = Release|Any CPU
		{F12B2816-F479-486B-AE2D-AEEF6FA05518}.AppStore|ARM.ActiveCfg = Release|Any CPU
		{F12B2816-F479-486B-AE2D-AEEF6FA05518}.AppStore|ARM.Build.0 = Release|Any CPU
		{F12B2816-F479-486B-AE2D-AEEF6FA05518}.AppStore|ARM64.ActiveCfg = Release|Any CPU
		{F12B2816-F479-486B-AE2D-AEEF6FA05518}.AppStore|ARM64.Build.0 = Release|Any CPU
		{F12B2816-F479-486B-AE2D-AEEF6FA05518}.AppStore|iPhone.ActiveCfg = Release|Any CPU
		{F12B2816-F479-486B-AE2D-AEEF6FA05518}.AppStore|iPhone.Build.0 = Release|Any CPU
		{F12B2816-F479-486B-AE2D-AEEF6FA05518}.AppStore|iPhoneSimulator.ActiveCfg = Release|Any CPU
		{F12B2816-F479-486B-AE2D-AEEF6FA05518}.AppStore|iPhoneSimulator.Build.0 = Release|Any CPU
		{F12B2816-F479-486B-AE2D-AEEF6FA05518}.AppStore|x64.ActiveCfg = Release|Any CPU
		{F12B2816-F479-486B-AE2D-AEEF6FA05518}.AppStore|x64.Build.0 = Release|Any CPU
		{F12B2816-F479-486B-AE2D-AEEF6FA05518}.AppStore|x86.ActiveCfg = Release|Any CPU
		{F12B2816-F479-486B-AE2D-AEEF6FA05518}.AppStore|x86.Build.0 = Release|Any CPU
		{F12B2816-F479-486B-AE2D-AEEF6FA05518}.Debug|Any CPU.ActiveCfg = Debug|Any CPU
		{F12B2816-F479-486B-AE2D-AEEF6FA05518}.Debug|Any CPU.Build.0 = Debug|Any CPU
		{F12B2816-F479-486B-AE2D-AEEF6FA05518}.Debug|ARM.ActiveCfg = Debug|Any CPU
		{F12B2816-F479-486B-AE2D-AEEF6FA05518}.Debug|ARM.Build.0 = Debug|Any CPU
		{F12B2816-F479-486B-AE2D-AEEF6FA05518}.Debug|ARM64.ActiveCfg = Debug|Any CPU
		{F12B2816-F479-486B-AE2D-AEEF6FA05518}.Debug|ARM64.Build.0 = Debug|Any CPU
		{F12B2816-F479-486B-AE2D-AEEF6FA05518}.Debug|iPhone.ActiveCfg = Debug|Any CPU
		{F12B2816-F479-486B-AE2D-AEEF6FA05518}.Debug|iPhone.Build.0 = Debug|Any CPU
		{F12B2816-F479-486B-AE2D-AEEF6FA05518}.Debug|iPhoneSimulator.ActiveCfg = Debug|Any CPU
		{F12B2816-F479-486B-AE2D-AEEF6FA05518}.Debug|iPhoneSimulator.Build.0 = Debug|Any CPU
		{F12B2816-F479-486B-AE2D-AEEF6FA05518}.Debug|x64.ActiveCfg = Debug|Any CPU
		{F12B2816-F479-486B-AE2D-AEEF6FA05518}.Debug|x64.Build.0 = Debug|Any CPU
		{F12B2816-F479-486B-AE2D-AEEF6FA05518}.Debug|x86.ActiveCfg = Debug|Any CPU
		{F12B2816-F479-486B-AE2D-AEEF6FA05518}.Debug|x86.Build.0 = Debug|Any CPU
		{F12B2816-F479-486B-AE2D-AEEF6FA05518}.Release|Any CPU.ActiveCfg = Release|Any CPU
		{F12B2816-F479-486B-AE2D-AEEF6FA05518}.Release|Any CPU.Build.0 = Release|Any CPU
		{F12B2816-F479-486B-AE2D-AEEF6FA05518}.Release|ARM.ActiveCfg = Release|Any CPU
		{F12B2816-F479-486B-AE2D-AEEF6FA05518}.Release|ARM.Build.0 = Release|Any CPU
		{F12B2816-F479-486B-AE2D-AEEF6FA05518}.Release|ARM64.ActiveCfg = Release|Any CPU
		{F12B2816-F479-486B-AE2D-AEEF6FA05518}.Release|ARM64.Build.0 = Release|Any CPU
		{F12B2816-F479-486B-AE2D-AEEF6FA05518}.Release|iPhone.ActiveCfg = Release|Any CPU
		{F12B2816-F479-486B-AE2D-AEEF6FA05518}.Release|iPhone.Build.0 = Release|Any CPU
		{F12B2816-F479-486B-AE2D-AEEF6FA05518}.Release|iPhoneSimulator.ActiveCfg = Release|Any CPU
		{F12B2816-F479-486B-AE2D-AEEF6FA05518}.Release|iPhoneSimulator.Build.0 = Release|Any CPU
		{F12B2816-F479-486B-AE2D-AEEF6FA05518}.Release|x64.ActiveCfg = Release|Any CPU
		{F12B2816-F479-486B-AE2D-AEEF6FA05518}.Release|x64.Build.0 = Release|Any CPU
		{F12B2816-F479-486B-AE2D-AEEF6FA05518}.Release|x86.ActiveCfg = Release|Any CPU
		{F12B2816-F479-486B-AE2D-AEEF6FA05518}.Release|x86.Build.0 = Release|Any CPU
		{23D0A272-BB08-4154-BB38-C492761B3CF5}.Ad-Hoc|Any CPU.ActiveCfg = Release|Any CPU
		{23D0A272-BB08-4154-BB38-C492761B3CF5}.Ad-Hoc|Any CPU.Build.0 = Release|Any CPU
		{23D0A272-BB08-4154-BB38-C492761B3CF5}.Ad-Hoc|ARM.ActiveCfg = Release|ARM
		{23D0A272-BB08-4154-BB38-C492761B3CF5}.Ad-Hoc|ARM.Build.0 = Release|ARM
		{23D0A272-BB08-4154-BB38-C492761B3CF5}.Ad-Hoc|ARM64.ActiveCfg = Release|ARM64
		{23D0A272-BB08-4154-BB38-C492761B3CF5}.Ad-Hoc|ARM64.Build.0 = Release|ARM64
		{23D0A272-BB08-4154-BB38-C492761B3CF5}.Ad-Hoc|iPhone.ActiveCfg = Release|Any CPU
		{23D0A272-BB08-4154-BB38-C492761B3CF5}.Ad-Hoc|iPhone.Build.0 = Release|Any CPU
		{23D0A272-BB08-4154-BB38-C492761B3CF5}.Ad-Hoc|iPhoneSimulator.ActiveCfg = Release|Any CPU
		{23D0A272-BB08-4154-BB38-C492761B3CF5}.Ad-Hoc|iPhoneSimulator.Build.0 = Release|Any CPU
		{23D0A272-BB08-4154-BB38-C492761B3CF5}.Ad-Hoc|x64.ActiveCfg = Release|x64
		{23D0A272-BB08-4154-BB38-C492761B3CF5}.Ad-Hoc|x64.Build.0 = Release|x64
		{23D0A272-BB08-4154-BB38-C492761B3CF5}.Ad-Hoc|x86.ActiveCfg = Release|x86
		{23D0A272-BB08-4154-BB38-C492761B3CF5}.Ad-Hoc|x86.Build.0 = Release|x86
		{23D0A272-BB08-4154-BB38-C492761B3CF5}.AppStore|Any CPU.ActiveCfg = Release|Any CPU
		{23D0A272-BB08-4154-BB38-C492761B3CF5}.AppStore|Any CPU.Build.0 = Release|Any CPU
		{23D0A272-BB08-4154-BB38-C492761B3CF5}.AppStore|ARM.ActiveCfg = Release|ARM
		{23D0A272-BB08-4154-BB38-C492761B3CF5}.AppStore|ARM.Build.0 = Release|ARM
		{23D0A272-BB08-4154-BB38-C492761B3CF5}.AppStore|ARM64.ActiveCfg = Release|ARM64
		{23D0A272-BB08-4154-BB38-C492761B3CF5}.AppStore|ARM64.Build.0 = Release|ARM64
		{23D0A272-BB08-4154-BB38-C492761B3CF5}.AppStore|iPhone.ActiveCfg = Release|Any CPU
		{23D0A272-BB08-4154-BB38-C492761B3CF5}.AppStore|iPhone.Build.0 = Release|Any CPU
		{23D0A272-BB08-4154-BB38-C492761B3CF5}.AppStore|iPhoneSimulator.ActiveCfg = Release|Any CPU
		{23D0A272-BB08-4154-BB38-C492761B3CF5}.AppStore|iPhoneSimulator.Build.0 = Release|Any CPU
		{23D0A272-BB08-4154-BB38-C492761B3CF5}.AppStore|x64.ActiveCfg = Release|x64
		{23D0A272-BB08-4154-BB38-C492761B3CF5}.AppStore|x64.Build.0 = Release|x64
		{23D0A272-BB08-4154-BB38-C492761B3CF5}.AppStore|x86.ActiveCfg = Release|x86
		{23D0A272-BB08-4154-BB38-C492761B3CF5}.AppStore|x86.Build.0 = Release|x86
		{23D0A272-BB08-4154-BB38-C492761B3CF5}.Debug|Any CPU.ActiveCfg = Debug|Any CPU
		{23D0A272-BB08-4154-BB38-C492761B3CF5}.Debug|Any CPU.Build.0 = Debug|Any CPU
		{23D0A272-BB08-4154-BB38-C492761B3CF5}.Debug|ARM.ActiveCfg = Debug|ARM
		{23D0A272-BB08-4154-BB38-C492761B3CF5}.Debug|ARM.Build.0 = Debug|ARM
		{23D0A272-BB08-4154-BB38-C492761B3CF5}.Debug|ARM64.ActiveCfg = Debug|ARM64
		{23D0A272-BB08-4154-BB38-C492761B3CF5}.Debug|ARM64.Build.0 = Debug|ARM64
		{23D0A272-BB08-4154-BB38-C492761B3CF5}.Debug|iPhone.ActiveCfg = Debug|Any CPU
		{23D0A272-BB08-4154-BB38-C492761B3CF5}.Debug|iPhone.Build.0 = Debug|Any CPU
		{23D0A272-BB08-4154-BB38-C492761B3CF5}.Debug|iPhoneSimulator.ActiveCfg = Debug|Any CPU
		{23D0A272-BB08-4154-BB38-C492761B3CF5}.Debug|iPhoneSimulator.Build.0 = Debug|Any CPU
		{23D0A272-BB08-4154-BB38-C492761B3CF5}.Debug|x64.ActiveCfg = Debug|x64
		{23D0A272-BB08-4154-BB38-C492761B3CF5}.Debug|x64.Build.0 = Debug|x64
		{23D0A272-BB08-4154-BB38-C492761B3CF5}.Debug|x86.ActiveCfg = Debug|x86
		{23D0A272-BB08-4154-BB38-C492761B3CF5}.Debug|x86.Build.0 = Debug|x86
		{23D0A272-BB08-4154-BB38-C492761B3CF5}.Release|Any CPU.ActiveCfg = Release|Any CPU
		{23D0A272-BB08-4154-BB38-C492761B3CF5}.Release|Any CPU.Build.0 = Release|Any CPU
		{23D0A272-BB08-4154-BB38-C492761B3CF5}.Release|ARM.ActiveCfg = Release|ARM
		{23D0A272-BB08-4154-BB38-C492761B3CF5}.Release|ARM.Build.0 = Release|ARM
		{23D0A272-BB08-4154-BB38-C492761B3CF5}.Release|ARM64.ActiveCfg = Release|ARM64
		{23D0A272-BB08-4154-BB38-C492761B3CF5}.Release|ARM64.Build.0 = Release|ARM64
		{23D0A272-BB08-4154-BB38-C492761B3CF5}.Release|iPhone.ActiveCfg = Release|Any CPU
		{23D0A272-BB08-4154-BB38-C492761B3CF5}.Release|iPhone.Build.0 = Release|Any CPU
		{23D0A272-BB08-4154-BB38-C492761B3CF5}.Release|iPhoneSimulator.ActiveCfg = Release|Any CPU
		{23D0A272-BB08-4154-BB38-C492761B3CF5}.Release|iPhoneSimulator.Build.0 = Release|Any CPU
		{23D0A272-BB08-4154-BB38-C492761B3CF5}.Release|x64.ActiveCfg = Release|x64
		{23D0A272-BB08-4154-BB38-C492761B3CF5}.Release|x64.Build.0 = Release|x64
		{23D0A272-BB08-4154-BB38-C492761B3CF5}.Release|x86.ActiveCfg = Release|x86
		{23D0A272-BB08-4154-BB38-C492761B3CF5}.Release|x86.Build.0 = Release|x86
		{7C01C098-8653-4B92-A61A-AD82FA60C249}.Ad-Hoc|Any CPU.ActiveCfg = Release|Any CPU
		{7C01C098-8653-4B92-A61A-AD82FA60C249}.Ad-Hoc|Any CPU.Build.0 = Release|Any CPU
		{7C01C098-8653-4B92-A61A-AD82FA60C249}.Ad-Hoc|Any CPU.Deploy.0 = Release|Any CPU
		{7C01C098-8653-4B92-A61A-AD82FA60C249}.Ad-Hoc|ARM.ActiveCfg = Release|Any CPU
		{7C01C098-8653-4B92-A61A-AD82FA60C249}.Ad-Hoc|ARM.Build.0 = Release|Any CPU
		{7C01C098-8653-4B92-A61A-AD82FA60C249}.Ad-Hoc|ARM.Deploy.0 = Release|Any CPU
		{7C01C098-8653-4B92-A61A-AD82FA60C249}.Ad-Hoc|ARM64.ActiveCfg = Release|Any CPU
		{7C01C098-8653-4B92-A61A-AD82FA60C249}.Ad-Hoc|ARM64.Build.0 = Release|Any CPU
		{7C01C098-8653-4B92-A61A-AD82FA60C249}.Ad-Hoc|ARM64.Deploy.0 = Release|Any CPU
		{7C01C098-8653-4B92-A61A-AD82FA60C249}.Ad-Hoc|iPhone.ActiveCfg = Release|Any CPU
		{7C01C098-8653-4B92-A61A-AD82FA60C249}.Ad-Hoc|iPhone.Build.0 = Release|Any CPU
		{7C01C098-8653-4B92-A61A-AD82FA60C249}.Ad-Hoc|iPhone.Deploy.0 = Release|Any CPU
		{7C01C098-8653-4B92-A61A-AD82FA60C249}.Ad-Hoc|iPhoneSimulator.ActiveCfg = Release|Any CPU
		{7C01C098-8653-4B92-A61A-AD82FA60C249}.Ad-Hoc|iPhoneSimulator.Build.0 = Release|Any CPU
		{7C01C098-8653-4B92-A61A-AD82FA60C249}.Ad-Hoc|iPhoneSimulator.Deploy.0 = Release|Any CPU
		{7C01C098-8653-4B92-A61A-AD82FA60C249}.Ad-Hoc|x64.ActiveCfg = Release|Any CPU
		{7C01C098-8653-4B92-A61A-AD82FA60C249}.Ad-Hoc|x64.Build.0 = Release|Any CPU
		{7C01C098-8653-4B92-A61A-AD82FA60C249}.Ad-Hoc|x64.Deploy.0 = Release|Any CPU
		{7C01C098-8653-4B92-A61A-AD82FA60C249}.Ad-Hoc|x86.ActiveCfg = Release|Any CPU
		{7C01C098-8653-4B92-A61A-AD82FA60C249}.Ad-Hoc|x86.Build.0 = Release|Any CPU
		{7C01C098-8653-4B92-A61A-AD82FA60C249}.Ad-Hoc|x86.Deploy.0 = Release|Any CPU
		{7C01C098-8653-4B92-A61A-AD82FA60C249}.AppStore|Any CPU.ActiveCfg = Release|Any CPU
		{7C01C098-8653-4B92-A61A-AD82FA60C249}.AppStore|Any CPU.Build.0 = Release|Any CPU
		{7C01C098-8653-4B92-A61A-AD82FA60C249}.AppStore|Any CPU.Deploy.0 = Release|Any CPU
		{7C01C098-8653-4B92-A61A-AD82FA60C249}.AppStore|ARM.ActiveCfg = Release|Any CPU
		{7C01C098-8653-4B92-A61A-AD82FA60C249}.AppStore|ARM.Build.0 = Release|Any CPU
		{7C01C098-8653-4B92-A61A-AD82FA60C249}.AppStore|ARM.Deploy.0 = Release|Any CPU
		{7C01C098-8653-4B92-A61A-AD82FA60C249}.AppStore|ARM64.ActiveCfg = Release|Any CPU
		{7C01C098-8653-4B92-A61A-AD82FA60C249}.AppStore|ARM64.Build.0 = Release|Any CPU
		{7C01C098-8653-4B92-A61A-AD82FA60C249}.AppStore|ARM64.Deploy.0 = Release|Any CPU
		{7C01C098-8653-4B92-A61A-AD82FA60C249}.AppStore|iPhone.ActiveCfg = Release|Any CPU
		{7C01C098-8653-4B92-A61A-AD82FA60C249}.AppStore|iPhone.Build.0 = Release|Any CPU
		{7C01C098-8653-4B92-A61A-AD82FA60C249}.AppStore|iPhone.Deploy.0 = Release|Any CPU
		{7C01C098-8653-4B92-A61A-AD82FA60C249}.AppStore|iPhoneSimulator.ActiveCfg = Release|Any CPU
		{7C01C098-8653-4B92-A61A-AD82FA60C249}.AppStore|iPhoneSimulator.Build.0 = Release|Any CPU
		{7C01C098-8653-4B92-A61A-AD82FA60C249}.AppStore|iPhoneSimulator.Deploy.0 = Release|Any CPU
		{7C01C098-8653-4B92-A61A-AD82FA60C249}.AppStore|x64.ActiveCfg = Release|Any CPU
		{7C01C098-8653-4B92-A61A-AD82FA60C249}.AppStore|x64.Build.0 = Release|Any CPU
		{7C01C098-8653-4B92-A61A-AD82FA60C249}.AppStore|x64.Deploy.0 = Release|Any CPU
		{7C01C098-8653-4B92-A61A-AD82FA60C249}.AppStore|x86.ActiveCfg = Release|Any CPU
		{7C01C098-8653-4B92-A61A-AD82FA60C249}.AppStore|x86.Build.0 = Release|Any CPU
		{7C01C098-8653-4B92-A61A-AD82FA60C249}.AppStore|x86.Deploy.0 = Release|Any CPU
		{7C01C098-8653-4B92-A61A-AD82FA60C249}.Debug|Any CPU.ActiveCfg = Debug|Any CPU
		{7C01C098-8653-4B92-A61A-AD82FA60C249}.Debug|Any CPU.Build.0 = Debug|Any CPU
		{7C01C098-8653-4B92-A61A-AD82FA60C249}.Debug|Any CPU.Deploy.0 = Debug|Any CPU
		{7C01C098-8653-4B92-A61A-AD82FA60C249}.Debug|ARM.ActiveCfg = Debug|Any CPU
		{7C01C098-8653-4B92-A61A-AD82FA60C249}.Debug|ARM.Build.0 = Debug|Any CPU
		{7C01C098-8653-4B92-A61A-AD82FA60C249}.Debug|ARM.Deploy.0 = Debug|Any CPU
		{7C01C098-8653-4B92-A61A-AD82FA60C249}.Debug|ARM64.ActiveCfg = Debug|Any CPU
		{7C01C098-8653-4B92-A61A-AD82FA60C249}.Debug|ARM64.Build.0 = Debug|Any CPU
		{7C01C098-8653-4B92-A61A-AD82FA60C249}.Debug|ARM64.Deploy.0 = Debug|Any CPU
		{7C01C098-8653-4B92-A61A-AD82FA60C249}.Debug|iPhone.ActiveCfg = Debug|Any CPU
		{7C01C098-8653-4B92-A61A-AD82FA60C249}.Debug|iPhone.Build.0 = Debug|Any CPU
		{7C01C098-8653-4B92-A61A-AD82FA60C249}.Debug|iPhone.Deploy.0 = Debug|Any CPU
		{7C01C098-8653-4B92-A61A-AD82FA60C249}.Debug|iPhoneSimulator.ActiveCfg = Debug|Any CPU
		{7C01C098-8653-4B92-A61A-AD82FA60C249}.Debug|iPhoneSimulator.Build.0 = Debug|Any CPU
		{7C01C098-8653-4B92-A61A-AD82FA60C249}.Debug|iPhoneSimulator.Deploy.0 = Debug|Any CPU
		{7C01C098-8653-4B92-A61A-AD82FA60C249}.Debug|x64.ActiveCfg = Debug|Any CPU
		{7C01C098-8653-4B92-A61A-AD82FA60C249}.Debug|x64.Build.0 = Debug|Any CPU
		{7C01C098-8653-4B92-A61A-AD82FA60C249}.Debug|x64.Deploy.0 = Debug|Any CPU
		{7C01C098-8653-4B92-A61A-AD82FA60C249}.Debug|x86.ActiveCfg = Debug|Any CPU
		{7C01C098-8653-4B92-A61A-AD82FA60C249}.Debug|x86.Build.0 = Debug|Any CPU
		{7C01C098-8653-4B92-A61A-AD82FA60C249}.Debug|x86.Deploy.0 = Debug|Any CPU
		{7C01C098-8653-4B92-A61A-AD82FA60C249}.Release|Any CPU.ActiveCfg = Release|Any CPU
		{7C01C098-8653-4B92-A61A-AD82FA60C249}.Release|Any CPU.Build.0 = Release|Any CPU
		{7C01C098-8653-4B92-A61A-AD82FA60C249}.Release|Any CPU.Deploy.0 = Release|Any CPU
		{7C01C098-8653-4B92-A61A-AD82FA60C249}.Release|ARM.ActiveCfg = Release|Any CPU
		{7C01C098-8653-4B92-A61A-AD82FA60C249}.Release|ARM.Build.0 = Release|Any CPU
		{7C01C098-8653-4B92-A61A-AD82FA60C249}.Release|ARM.Deploy.0 = Release|Any CPU
		{7C01C098-8653-4B92-A61A-AD82FA60C249}.Release|ARM64.ActiveCfg = Release|Any CPU
		{7C01C098-8653-4B92-A61A-AD82FA60C249}.Release|ARM64.Build.0 = Release|Any CPU
		{7C01C098-8653-4B92-A61A-AD82FA60C249}.Release|ARM64.Deploy.0 = Release|Any CPU
		{7C01C098-8653-4B92-A61A-AD82FA60C249}.Release|iPhone.ActiveCfg = Release|Any CPU
		{7C01C098-8653-4B92-A61A-AD82FA60C249}.Release|iPhone.Build.0 = Release|Any CPU
		{7C01C098-8653-4B92-A61A-AD82FA60C249}.Release|iPhone.Deploy.0 = Release|Any CPU
		{7C01C098-8653-4B92-A61A-AD82FA60C249}.Release|iPhoneSimulator.ActiveCfg = Release|Any CPU
		{7C01C098-8653-4B92-A61A-AD82FA60C249}.Release|iPhoneSimulator.Build.0 = Release|Any CPU
		{7C01C098-8653-4B92-A61A-AD82FA60C249}.Release|iPhoneSimulator.Deploy.0 = Release|Any CPU
		{7C01C098-8653-4B92-A61A-AD82FA60C249}.Release|x64.ActiveCfg = Release|Any CPU
		{7C01C098-8653-4B92-A61A-AD82FA60C249}.Release|x64.Build.0 = Release|Any CPU
		{7C01C098-8653-4B92-A61A-AD82FA60C249}.Release|x64.Deploy.0 = Release|Any CPU
		{7C01C098-8653-4B92-A61A-AD82FA60C249}.Release|x86.ActiveCfg = Release|Any CPU
		{7C01C098-8653-4B92-A61A-AD82FA60C249}.Release|x86.Build.0 = Release|Any CPU
		{7C01C098-8653-4B92-A61A-AD82FA60C249}.Release|x86.Deploy.0 = Release|Any CPU
		{CD891A86-606C-46C9-BDEC-0E7D1D939ED4}.Ad-Hoc|Any CPU.ActiveCfg = Release|x64
		{CD891A86-606C-46C9-BDEC-0E7D1D939ED4}.Ad-Hoc|Any CPU.Build.0 = Release|x64
		{CD891A86-606C-46C9-BDEC-0E7D1D939ED4}.Ad-Hoc|Any CPU.Deploy.0 = Release|x64
		{CD891A86-606C-46C9-BDEC-0E7D1D939ED4}.Ad-Hoc|ARM.ActiveCfg = Release|ARM
		{CD891A86-606C-46C9-BDEC-0E7D1D939ED4}.Ad-Hoc|ARM.Build.0 = Release|ARM
		{CD891A86-606C-46C9-BDEC-0E7D1D939ED4}.Ad-Hoc|ARM.Deploy.0 = Release|ARM
		{CD891A86-606C-46C9-BDEC-0E7D1D939ED4}.Ad-Hoc|ARM64.ActiveCfg = Release|ARM64
		{CD891A86-606C-46C9-BDEC-0E7D1D939ED4}.Ad-Hoc|ARM64.Build.0 = Release|ARM64
		{CD891A86-606C-46C9-BDEC-0E7D1D939ED4}.Ad-Hoc|ARM64.Deploy.0 = Release|ARM64
		{CD891A86-606C-46C9-BDEC-0E7D1D939ED4}.Ad-Hoc|iPhone.ActiveCfg = Release|x64
		{CD891A86-606C-46C9-BDEC-0E7D1D939ED4}.Ad-Hoc|iPhone.Build.0 = Release|x64
		{CD891A86-606C-46C9-BDEC-0E7D1D939ED4}.Ad-Hoc|iPhone.Deploy.0 = Release|x64
		{CD891A86-606C-46C9-BDEC-0E7D1D939ED4}.Ad-Hoc|iPhoneSimulator.ActiveCfg = Release|x64
		{CD891A86-606C-46C9-BDEC-0E7D1D939ED4}.Ad-Hoc|iPhoneSimulator.Build.0 = Release|x64
		{CD891A86-606C-46C9-BDEC-0E7D1D939ED4}.Ad-Hoc|iPhoneSimulator.Deploy.0 = Release|x64
		{CD891A86-606C-46C9-BDEC-0E7D1D939ED4}.Ad-Hoc|x64.ActiveCfg = Release|x64
		{CD891A86-606C-46C9-BDEC-0E7D1D939ED4}.Ad-Hoc|x64.Build.0 = Release|x64
		{CD891A86-606C-46C9-BDEC-0E7D1D939ED4}.Ad-Hoc|x64.Deploy.0 = Release|x64
		{CD891A86-606C-46C9-BDEC-0E7D1D939ED4}.Ad-Hoc|x86.ActiveCfg = Release|x86
		{CD891A86-606C-46C9-BDEC-0E7D1D939ED4}.Ad-Hoc|x86.Build.0 = Release|x86
		{CD891A86-606C-46C9-BDEC-0E7D1D939ED4}.Ad-Hoc|x86.Deploy.0 = Release|x86
		{CD891A86-606C-46C9-BDEC-0E7D1D939ED4}.AppStore|Any CPU.ActiveCfg = Release|x64
		{CD891A86-606C-46C9-BDEC-0E7D1D939ED4}.AppStore|Any CPU.Build.0 = Release|x64
		{CD891A86-606C-46C9-BDEC-0E7D1D939ED4}.AppStore|Any CPU.Deploy.0 = Release|x64
		{CD891A86-606C-46C9-BDEC-0E7D1D939ED4}.AppStore|ARM.ActiveCfg = Release|ARM
		{CD891A86-606C-46C9-BDEC-0E7D1D939ED4}.AppStore|ARM.Build.0 = Release|ARM
		{CD891A86-606C-46C9-BDEC-0E7D1D939ED4}.AppStore|ARM.Deploy.0 = Release|ARM
		{CD891A86-606C-46C9-BDEC-0E7D1D939ED4}.AppStore|ARM64.ActiveCfg = Release|ARM64
		{CD891A86-606C-46C9-BDEC-0E7D1D939ED4}.AppStore|ARM64.Build.0 = Release|ARM64
		{CD891A86-606C-46C9-BDEC-0E7D1D939ED4}.AppStore|ARM64.Deploy.0 = Release|ARM64
		{CD891A86-606C-46C9-BDEC-0E7D1D939ED4}.AppStore|iPhone.ActiveCfg = Release|x64
		{CD891A86-606C-46C9-BDEC-0E7D1D939ED4}.AppStore|iPhone.Build.0 = Release|x64
		{CD891A86-606C-46C9-BDEC-0E7D1D939ED4}.AppStore|iPhone.Deploy.0 = Release|x64
		{CD891A86-606C-46C9-BDEC-0E7D1D939ED4}.AppStore|iPhoneSimulator.ActiveCfg = Release|x64
		{CD891A86-606C-46C9-BDEC-0E7D1D939ED4}.AppStore|iPhoneSimulator.Build.0 = Release|x64
		{CD891A86-606C-46C9-BDEC-0E7D1D939ED4}.AppStore|iPhoneSimulator.Deploy.0 = Release|x64
		{CD891A86-606C-46C9-BDEC-0E7D1D939ED4}.AppStore|x64.ActiveCfg = Release|x64
		{CD891A86-606C-46C9-BDEC-0E7D1D939ED4}.AppStore|x64.Build.0 = Release|x64
		{CD891A86-606C-46C9-BDEC-0E7D1D939ED4}.AppStore|x64.Deploy.0 = Release|x64
		{CD891A86-606C-46C9-BDEC-0E7D1D939ED4}.AppStore|x86.ActiveCfg = Release|x86
		{CD891A86-606C-46C9-BDEC-0E7D1D939ED4}.AppStore|x86.Build.0 = Release|x86
		{CD891A86-606C-46C9-BDEC-0E7D1D939ED4}.AppStore|x86.Deploy.0 = Release|x86
		{CD891A86-606C-46C9-BDEC-0E7D1D939ED4}.Debug|Any CPU.ActiveCfg = Debug|x86
		{CD891A86-606C-46C9-BDEC-0E7D1D939ED4}.Debug|ARM.ActiveCfg = Debug|ARM
		{CD891A86-606C-46C9-BDEC-0E7D1D939ED4}.Debug|ARM.Build.0 = Debug|ARM
		{CD891A86-606C-46C9-BDEC-0E7D1D939ED4}.Debug|ARM.Deploy.0 = Debug|ARM
		{CD891A86-606C-46C9-BDEC-0E7D1D939ED4}.Debug|ARM64.ActiveCfg = Debug|ARM64
		{CD891A86-606C-46C9-BDEC-0E7D1D939ED4}.Debug|ARM64.Build.0 = Debug|ARM64
		{CD891A86-606C-46C9-BDEC-0E7D1D939ED4}.Debug|ARM64.Deploy.0 = Debug|ARM64
		{CD891A86-606C-46C9-BDEC-0E7D1D939ED4}.Debug|iPhone.ActiveCfg = Debug|x86
		{CD891A86-606C-46C9-BDEC-0E7D1D939ED4}.Debug|iPhoneSimulator.ActiveCfg = Debug|x86
		{CD891A86-606C-46C9-BDEC-0E7D1D939ED4}.Debug|x64.ActiveCfg = Debug|x64
		{CD891A86-606C-46C9-BDEC-0E7D1D939ED4}.Debug|x64.Build.0 = Debug|x64
		{CD891A86-606C-46C9-BDEC-0E7D1D939ED4}.Debug|x64.Deploy.0 = Debug|x64
		{CD891A86-606C-46C9-BDEC-0E7D1D939ED4}.Debug|x86.ActiveCfg = Debug|x86
		{CD891A86-606C-46C9-BDEC-0E7D1D939ED4}.Debug|x86.Build.0 = Debug|x86
		{CD891A86-606C-46C9-BDEC-0E7D1D939ED4}.Debug|x86.Deploy.0 = Debug|x86
		{CD891A86-606C-46C9-BDEC-0E7D1D939ED4}.Release|Any CPU.ActiveCfg = Release|x86
		{CD891A86-606C-46C9-BDEC-0E7D1D939ED4}.Release|ARM.ActiveCfg = Release|ARM
		{CD891A86-606C-46C9-BDEC-0E7D1D939ED4}.Release|ARM.Build.0 = Release|ARM
		{CD891A86-606C-46C9-BDEC-0E7D1D939ED4}.Release|ARM.Deploy.0 = Release|ARM
		{CD891A86-606C-46C9-BDEC-0E7D1D939ED4}.Release|ARM64.ActiveCfg = Release|ARM64
		{CD891A86-606C-46C9-BDEC-0E7D1D939ED4}.Release|ARM64.Build.0 = Release|ARM64
		{CD891A86-606C-46C9-BDEC-0E7D1D939ED4}.Release|ARM64.Deploy.0 = Release|ARM64
		{CD891A86-606C-46C9-BDEC-0E7D1D939ED4}.Release|iPhone.ActiveCfg = Release|x86
		{CD891A86-606C-46C9-BDEC-0E7D1D939ED4}.Release|iPhoneSimulator.ActiveCfg = Release|x86
		{CD891A86-606C-46C9-BDEC-0E7D1D939ED4}.Release|x64.ActiveCfg = Release|x64
		{CD891A86-606C-46C9-BDEC-0E7D1D939ED4}.Release|x64.Build.0 = Release|x64
		{CD891A86-606C-46C9-BDEC-0E7D1D939ED4}.Release|x64.Deploy.0 = Release|x64
		{CD891A86-606C-46C9-BDEC-0E7D1D939ED4}.Release|x86.ActiveCfg = Release|x86
		{CD891A86-606C-46C9-BDEC-0E7D1D939ED4}.Release|x86.Build.0 = Release|x86
		{CD891A86-606C-46C9-BDEC-0E7D1D939ED4}.Release|x86.Deploy.0 = Release|x86
		{8F988FD4-06D1-42C0-AE39-9A44BA5D96C3}.Ad-Hoc|Any CPU.ActiveCfg = Release|Any CPU
		{8F988FD4-06D1-42C0-AE39-9A44BA5D96C3}.Ad-Hoc|Any CPU.Build.0 = Release|Any CPU
		{8F988FD4-06D1-42C0-AE39-9A44BA5D96C3}.Ad-Hoc|ARM.ActiveCfg = Release|Any CPU
		{8F988FD4-06D1-42C0-AE39-9A44BA5D96C3}.Ad-Hoc|ARM.Build.0 = Release|Any CPU
		{8F988FD4-06D1-42C0-AE39-9A44BA5D96C3}.Ad-Hoc|ARM64.ActiveCfg = Release|Any CPU
		{8F988FD4-06D1-42C0-AE39-9A44BA5D96C3}.Ad-Hoc|ARM64.Build.0 = Release|Any CPU
		{8F988FD4-06D1-42C0-AE39-9A44BA5D96C3}.Ad-Hoc|iPhone.ActiveCfg = Release|Any CPU
		{8F988FD4-06D1-42C0-AE39-9A44BA5D96C3}.Ad-Hoc|iPhone.Build.0 = Release|Any CPU
		{8F988FD4-06D1-42C0-AE39-9A44BA5D96C3}.Ad-Hoc|iPhoneSimulator.ActiveCfg = Release|Any CPU
		{8F988FD4-06D1-42C0-AE39-9A44BA5D96C3}.Ad-Hoc|iPhoneSimulator.Build.0 = Release|Any CPU
		{8F988FD4-06D1-42C0-AE39-9A44BA5D96C3}.Ad-Hoc|x64.ActiveCfg = Release|Any CPU
		{8F988FD4-06D1-42C0-AE39-9A44BA5D96C3}.Ad-Hoc|x64.Build.0 = Release|Any CPU
		{8F988FD4-06D1-42C0-AE39-9A44BA5D96C3}.Ad-Hoc|x86.ActiveCfg = Release|Any CPU
		{8F988FD4-06D1-42C0-AE39-9A44BA5D96C3}.Ad-Hoc|x86.Build.0 = Release|Any CPU
		{8F988FD4-06D1-42C0-AE39-9A44BA5D96C3}.AppStore|Any CPU.ActiveCfg = Release|Any CPU
		{8F988FD4-06D1-42C0-AE39-9A44BA5D96C3}.AppStore|Any CPU.Build.0 = Release|Any CPU
		{8F988FD4-06D1-42C0-AE39-9A44BA5D96C3}.AppStore|ARM.ActiveCfg = Release|Any CPU
		{8F988FD4-06D1-42C0-AE39-9A44BA5D96C3}.AppStore|ARM.Build.0 = Release|Any CPU
		{8F988FD4-06D1-42C0-AE39-9A44BA5D96C3}.AppStore|ARM64.ActiveCfg = Release|Any CPU
		{8F988FD4-06D1-42C0-AE39-9A44BA5D96C3}.AppStore|ARM64.Build.0 = Release|Any CPU
		{8F988FD4-06D1-42C0-AE39-9A44BA5D96C3}.AppStore|iPhone.ActiveCfg = Release|Any CPU
		{8F988FD4-06D1-42C0-AE39-9A44BA5D96C3}.AppStore|iPhone.Build.0 = Release|Any CPU
		{8F988FD4-06D1-42C0-AE39-9A44BA5D96C3}.AppStore|iPhoneSimulator.ActiveCfg = Release|Any CPU
		{8F988FD4-06D1-42C0-AE39-9A44BA5D96C3}.AppStore|iPhoneSimulator.Build.0 = Release|Any CPU
		{8F988FD4-06D1-42C0-AE39-9A44BA5D96C3}.AppStore|x64.ActiveCfg = Release|Any CPU
		{8F988FD4-06D1-42C0-AE39-9A44BA5D96C3}.AppStore|x64.Build.0 = Release|Any CPU
		{8F988FD4-06D1-42C0-AE39-9A44BA5D96C3}.AppStore|x86.ActiveCfg = Release|Any CPU
		{8F988FD4-06D1-42C0-AE39-9A44BA5D96C3}.AppStore|x86.Build.0 = Release|Any CPU
		{8F988FD4-06D1-42C0-AE39-9A44BA5D96C3}.Debug|Any CPU.ActiveCfg = Debug|Any CPU
		{8F988FD4-06D1-42C0-AE39-9A44BA5D96C3}.Debug|Any CPU.Build.0 = Debug|Any CPU
		{8F988FD4-06D1-42C0-AE39-9A44BA5D96C3}.Debug|ARM.ActiveCfg = Debug|Any CPU
		{8F988FD4-06D1-42C0-AE39-9A44BA5D96C3}.Debug|ARM.Build.0 = Debug|Any CPU
		{8F988FD4-06D1-42C0-AE39-9A44BA5D96C3}.Debug|ARM64.ActiveCfg = Debug|Any CPU
		{8F988FD4-06D1-42C0-AE39-9A44BA5D96C3}.Debug|ARM64.Build.0 = Debug|Any CPU
		{8F988FD4-06D1-42C0-AE39-9A44BA5D96C3}.Debug|iPhone.ActiveCfg = Debug|Any CPU
		{8F988FD4-06D1-42C0-AE39-9A44BA5D96C3}.Debug|iPhone.Build.0 = Debug|Any CPU
		{8F988FD4-06D1-42C0-AE39-9A44BA5D96C3}.Debug|iPhoneSimulator.ActiveCfg = Debug|Any CPU
		{8F988FD4-06D1-42C0-AE39-9A44BA5D96C3}.Debug|iPhoneSimulator.Build.0 = Debug|Any CPU
		{8F988FD4-06D1-42C0-AE39-9A44BA5D96C3}.Debug|x64.ActiveCfg = Debug|Any CPU
		{8F988FD4-06D1-42C0-AE39-9A44BA5D96C3}.Debug|x64.Build.0 = Debug|Any CPU
		{8F988FD4-06D1-42C0-AE39-9A44BA5D96C3}.Debug|x86.ActiveCfg = Debug|Any CPU
		{8F988FD4-06D1-42C0-AE39-9A44BA5D96C3}.Debug|x86.Build.0 = Debug|Any CPU
		{8F988FD4-06D1-42C0-AE39-9A44BA5D96C3}.Release|Any CPU.ActiveCfg = Release|Any CPU
		{8F988FD4-06D1-42C0-AE39-9A44BA5D96C3}.Release|Any CPU.Build.0 = Release|Any CPU
		{8F988FD4-06D1-42C0-AE39-9A44BA5D96C3}.Release|ARM.ActiveCfg = Release|Any CPU
		{8F988FD4-06D1-42C0-AE39-9A44BA5D96C3}.Release|ARM.Build.0 = Release|Any CPU
		{8F988FD4-06D1-42C0-AE39-9A44BA5D96C3}.Release|ARM64.ActiveCfg = Release|Any CPU
		{8F988FD4-06D1-42C0-AE39-9A44BA5D96C3}.Release|ARM64.Build.0 = Release|Any CPU
		{8F988FD4-06D1-42C0-AE39-9A44BA5D96C3}.Release|iPhone.ActiveCfg = Release|Any CPU
		{8F988FD4-06D1-42C0-AE39-9A44BA5D96C3}.Release|iPhone.Build.0 = Release|Any CPU
		{8F988FD4-06D1-42C0-AE39-9A44BA5D96C3}.Release|iPhoneSimulator.ActiveCfg = Release|Any CPU
		{8F988FD4-06D1-42C0-AE39-9A44BA5D96C3}.Release|iPhoneSimulator.Build.0 = Release|Any CPU
		{8F988FD4-06D1-42C0-AE39-9A44BA5D96C3}.Release|x64.ActiveCfg = Release|Any CPU
		{8F988FD4-06D1-42C0-AE39-9A44BA5D96C3}.Release|x64.Build.0 = Release|Any CPU
		{8F988FD4-06D1-42C0-AE39-9A44BA5D96C3}.Release|x86.ActiveCfg = Release|Any CPU
		{8F988FD4-06D1-42C0-AE39-9A44BA5D96C3}.Release|x86.Build.0 = Release|Any CPU
		{D65A3B0D-67E1-497D-B664-0B8647644623}.Ad-Hoc|Any CPU.ActiveCfg = Release|iPhone
		{D65A3B0D-67E1-497D-B664-0B8647644623}.Ad-Hoc|Any CPU.Build.0 = Release|iPhone
		{D65A3B0D-67E1-497D-B664-0B8647644623}.Ad-Hoc|ARM.ActiveCfg = Release|iPhone
		{D65A3B0D-67E1-497D-B664-0B8647644623}.Ad-Hoc|ARM.Build.0 = Release|iPhone
		{D65A3B0D-67E1-497D-B664-0B8647644623}.Ad-Hoc|ARM64.ActiveCfg = Release|iPhone
		{D65A3B0D-67E1-497D-B664-0B8647644623}.Ad-Hoc|ARM64.Build.0 = Release|iPhone
		{D65A3B0D-67E1-497D-B664-0B8647644623}.Ad-Hoc|iPhone.ActiveCfg = Release|iPhone
		{D65A3B0D-67E1-497D-B664-0B8647644623}.Ad-Hoc|iPhone.Build.0 = Release|iPhone
		{D65A3B0D-67E1-497D-B664-0B8647644623}.Ad-Hoc|iPhoneSimulator.ActiveCfg = Release|iPhoneSimulator
		{D65A3B0D-67E1-497D-B664-0B8647644623}.Ad-Hoc|iPhoneSimulator.Build.0 = Release|iPhoneSimulator
		{D65A3B0D-67E1-497D-B664-0B8647644623}.Ad-Hoc|x64.ActiveCfg = Release|iPhone
		{D65A3B0D-67E1-497D-B664-0B8647644623}.Ad-Hoc|x64.Build.0 = Release|iPhone
		{D65A3B0D-67E1-497D-B664-0B8647644623}.Ad-Hoc|x86.ActiveCfg = Release|iPhone
		{D65A3B0D-67E1-497D-B664-0B8647644623}.Ad-Hoc|x86.Build.0 = Release|iPhone
		{D65A3B0D-67E1-497D-B664-0B8647644623}.AppStore|Any CPU.ActiveCfg = Release|iPhone
		{D65A3B0D-67E1-497D-B664-0B8647644623}.AppStore|Any CPU.Build.0 = Release|iPhone
		{D65A3B0D-67E1-497D-B664-0B8647644623}.AppStore|ARM.ActiveCfg = Release|iPhone
		{D65A3B0D-67E1-497D-B664-0B8647644623}.AppStore|ARM.Build.0 = Release|iPhone
		{D65A3B0D-67E1-497D-B664-0B8647644623}.AppStore|ARM64.ActiveCfg = Release|iPhone
		{D65A3B0D-67E1-497D-B664-0B8647644623}.AppStore|ARM64.Build.0 = Release|iPhone
		{D65A3B0D-67E1-497D-B664-0B8647644623}.AppStore|iPhone.ActiveCfg = Release|iPhone
		{D65A3B0D-67E1-497D-B664-0B8647644623}.AppStore|iPhone.Build.0 = Release|iPhone
		{D65A3B0D-67E1-497D-B664-0B8647644623}.AppStore|iPhoneSimulator.ActiveCfg = Release|iPhoneSimulator
		{D65A3B0D-67E1-497D-B664-0B8647644623}.AppStore|iPhoneSimulator.Build.0 = Release|iPhoneSimulator
		{D65A3B0D-67E1-497D-B664-0B8647644623}.AppStore|x64.ActiveCfg = Release|iPhone
		{D65A3B0D-67E1-497D-B664-0B8647644623}.AppStore|x64.Build.0 = Release|iPhone
		{D65A3B0D-67E1-497D-B664-0B8647644623}.AppStore|x86.ActiveCfg = Release|iPhone
		{D65A3B0D-67E1-497D-B664-0B8647644623}.AppStore|x86.Build.0 = Release|iPhone
		{D65A3B0D-67E1-497D-B664-0B8647644623}.Debug|Any CPU.ActiveCfg = Debug|iPhone
		{D65A3B0D-67E1-497D-B664-0B8647644623}.Debug|ARM.ActiveCfg = Debug|iPhone
		{D65A3B0D-67E1-497D-B664-0B8647644623}.Debug|ARM64.ActiveCfg = Debug|iPhone
		{D65A3B0D-67E1-497D-B664-0B8647644623}.Debug|iPhone.ActiveCfg = Debug|iPhone
		{D65A3B0D-67E1-497D-B664-0B8647644623}.Debug|iPhone.Build.0 = Debug|iPhone
		{D65A3B0D-67E1-497D-B664-0B8647644623}.Debug|iPhoneSimulator.ActiveCfg = Debug|iPhoneSimulator
		{D65A3B0D-67E1-497D-B664-0B8647644623}.Debug|iPhoneSimulator.Build.0 = Debug|iPhoneSimulator
		{D65A3B0D-67E1-497D-B664-0B8647644623}.Debug|x64.ActiveCfg = Debug|iPhone
		{D65A3B0D-67E1-497D-B664-0B8647644623}.Debug|x86.ActiveCfg = Debug|iPhone
		{D65A3B0D-67E1-497D-B664-0B8647644623}.Release|Any CPU.ActiveCfg = Release|iPhone
		{D65A3B0D-67E1-497D-B664-0B8647644623}.Release|ARM.ActiveCfg = Release|iPhone
		{D65A3B0D-67E1-497D-B664-0B8647644623}.Release|ARM64.ActiveCfg = Release|iPhone
		{D65A3B0D-67E1-497D-B664-0B8647644623}.Release|iPhone.ActiveCfg = Release|iPhone
		{D65A3B0D-67E1-497D-B664-0B8647644623}.Release|iPhone.Build.0 = Release|iPhone
		{D65A3B0D-67E1-497D-B664-0B8647644623}.Release|iPhoneSimulator.ActiveCfg = Release|iPhoneSimulator
		{D65A3B0D-67E1-497D-B664-0B8647644623}.Release|iPhoneSimulator.Build.0 = Release|iPhoneSimulator
		{D65A3B0D-67E1-497D-B664-0B8647644623}.Release|x64.ActiveCfg = Release|iPhone
		{D65A3B0D-67E1-497D-B664-0B8647644623}.Release|x86.ActiveCfg = Release|iPhone
	EndGlobalSection
	GlobalSection(SolutionProperties) = preSolution
		HideSolutionNode = FALSE
	EndGlobalSection
	GlobalSection(NestedProjects) = preSolution
		{30757D16-8A20-4CC2-A4B7-1DEEC7C77C51} = {E57929A3-D497-40FB-81A2-4FA304B9EE1F}
		{DF46EFA6-1ECD-47E6-844B-32948C09119C} = {534CBEFA-7DA2-4C48-B481-D6266060E73F}
		{3B4B81A6-24EE-4CB6-8C4D-CA67CB19FFA2} = {E57929A3-D497-40FB-81A2-4FA304B9EE1F}
		{F12B2816-F479-486B-AE2D-AEEF6FA05518} = {E57929A3-D497-40FB-81A2-4FA304B9EE1F}
		{23D0A272-BB08-4154-BB38-C492761B3CF5} = {E57929A3-D497-40FB-81A2-4FA304B9EE1F}
		{7C01C098-8653-4B92-A61A-AD82FA60C249} = {534CBEFA-7DA2-4C48-B481-D6266060E73F}
		{CD891A86-606C-46C9-BDEC-0E7D1D939ED4} = {534CBEFA-7DA2-4C48-B481-D6266060E73F}
		{8F988FD4-06D1-42C0-AE39-9A44BA5D96C3} = {E57929A3-D497-40FB-81A2-4FA304B9EE1F}
		{D65A3B0D-67E1-497D-B664-0B8647644623} = {534CBEFA-7DA2-4C48-B481-D6266060E73F}
	EndGlobalSection
	GlobalSection(ExtensibilityGlobals) = postSolution
		SolutionGuid = {6FCDAA72-450F-4983-81C2-20DD43E84905}
	EndGlobalSection
EndGlobal
